{
  "version": 4,
  "terraform_version": "1.11.4",
  "serial": 501,
  "lineage": "b706cb41-0767-ede1-8e2e-74edda223f14",
  "outputs": {
    "backend_alb_dns": {
      "value": "internal-backend-alb-78d3d920-1909583076.us-east-1.elb.amazonaws.com",
      "type": "string"
    },
    "backend_instance_private_ips": {
      "value": [
        "10.0.1.214"
      ],
      "type": [
        "list",
        "string"
      ]
    },
    "backend_instance_public_ips": {
      "value": [
        "18.209.231.131"
      ],
      "type": [
        "list",
        "string"
      ]
    },
    "frontend_alb_dns": {
      "value": "frontend-alb-78d3d920-59234530.us-east-1.elb.amazonaws.com",
      "type": "string"
    },
    "frontend_instance_private_ips": {
      "value": [
        "10.0.1.142"
      ],
      "type": [
        "list",
        "string"
      ]
    },
    "frontend_instance_public_ips": {
      "value": [
        "13.220.29.37"
      ],
      "type": [
        "list",
        "string"
      ]
    },
    "rds_instance_endpoint": {
      "value": "app-db-instance-78d3d920.cyv8uui84774.us-east-1.rds.amazonaws.com:5432",
      "type": "string"
    },
    "rds_instance_port": {
      "value": 5432,
      "type": "number"
    }
  },
  "resources": [
    {
      "mode": "data",
      "type": "aws_instances",
      "name": "backend_instances",
      "provider": "provider[\"registry.terraform.io/hashicorp/aws\"]",
      "instances": [
        {
          "schema_version": 0,
          "attributes": {
            "filter": [
              {
                "name": "instance-state-name",
                "values": [
                  "running"
                ]
              }
            ],
            "id": "us-east-1",
            "ids": [
              "i-072753a89b9a5cfae"
            ],
            "instance_state_names": null,
            "instance_tags": {
              "aws:autoscaling:groupName": "backend-asg-78d3d920"
            },
            "ipv6_addresses": [],
            "private_ips": [
              "10.0.1.214"
            ],
            "public_ips": [
              "18.209.231.131"
            ],
            "timeouts": null
          },
          "sensitive_attributes": []
        }
      ]
    },
    {
      "mode": "data",
      "type": "aws_instances",
      "name": "frontend_instances",
      "provider": "provider[\"registry.terraform.io/hashicorp/aws\"]",
      "instances": [
        {
          "schema_version": 0,
          "attributes": {
            "filter": [
              {
                "name": "instance-state-name",
                "values": [
                  "running"
                ]
              }
            ],
            "id": "us-east-1",
            "ids": [
              "i-09922150042ee60f1"
            ],
            "instance_state_names": null,
            "instance_tags": {
              "aws:autoscaling:groupName": "frontend-asg-78d3d920"
            },
            "ipv6_addresses": [],
            "private_ips": [
              "10.0.1.142"
            ],
            "public_ips": [
              "13.220.29.37"
            ],
            "timeouts": null
          },
          "sensitive_attributes": []
        }
      ]
    },
    {
      "mode": "managed",
      "type": "aws_autoscaling_group",
      "name": "backend_asg",
      "provider": "provider[\"registry.terraform.io/hashicorp/aws\"]",
      "instances": [
        {
          "schema_version": 1,
          "attributes": {
            "arn": "arn:aws:autoscaling:us-east-1:380561000375:autoScalingGroup:8ba98185-f996-4357-85c4-6040bc3a710f:autoScalingGroupName/backend-asg-78d3d920",
            "availability_zone_distribution": [
              {
                "capacity_distribution_strategy": "balanced-best-effort"
              }
            ],
            "availability_zones": [
              "us-east-1a",
              "us-east-1b"
            ],
            "capacity_rebalance": false,
            "context": "",
            "default_cooldown": 300,
            "default_instance_warmup": 0,
            "desired_capacity": 1,
            "desired_capacity_type": "",
            "enabled_metrics": [],
            "force_delete": false,
            "force_delete_warm_pool": false,
            "health_check_grace_period": 300,
            "health_check_type": "ELB",
            "id": "backend-asg-78d3d920",
            "ignore_failed_scaling_activities": false,
            "initial_lifecycle_hook": [],
            "instance_maintenance_policy": [],
            "instance_refresh": [],
            "launch_configuration": "",
            "launch_template": [
              {
                "id": "lt-064870029c95a0283",
                "name": "backend-template-78d3d920-20250510164030780300000004",
                "version": "$Latest"
              }
            ],
            "load_balancers": [],
            "max_instance_lifetime": 0,
            "max_size": 1,
            "metrics_granularity": "1Minute",
            "min_elb_capacity": null,
            "min_size": 1,
            "mixed_instances_policy": [],
            "name": "backend-asg-78d3d920",
            "name_prefix": "",
            "placement_group": "",
            "predicted_capacity": 0,
            "protect_from_scale_in": false,
            "service_linked_role_arn": "arn:aws:iam::380561000375:role/aws-service-role/autoscaling.amazonaws.com/AWSServiceRoleForAutoScaling",
            "suspended_processes": [],
            "tag": [
              {
                "key": "ManagedBy",
                "propagate_at_launch": true,
                "value": "Terraform"
              },
              {
                "key": "Name",
                "propagate_at_launch": true,
                "value": "backend-instance-78d3d920"
              },
              {
                "key": "Project",
                "propagate_at_launch": true,
                "value": "Astrolearn"
              },
              {
                "key": "Role",
                "propagate_at_launch": true,
                "value": "Backend"
              }
            ],
            "target_group_arns": [
              "arn:aws:elasticloadbalancing:us-east-1:380561000375:targetgroup/backend-tg-78d3d920/3f1a7ed6b7cd12da"
            ],
            "termination_policies": [],
            "timeouts": null,
            "traffic_source": [
              {
                "identifier": "arn:aws:elasticloadbalancing:us-east-1:380561000375:targetgroup/backend-tg-78d3d920/3f1a7ed6b7cd12da",
                "type": "elbv2"
              }
            ],
            "vpc_zone_identifier": [
              "subnet-075ed61f291fe3f5b",
              "subnet-079c6ba8e344dfcc2"
            ],
            "wait_for_capacity_timeout": "10m",
            "wait_for_elb_capacity": null,
            "warm_pool": [],
            "warm_pool_size": 0
          },
          "sensitive_attributes": [],
          "private": "eyJlMmJmYjczMC1lY2FhLTExZTYtOGY4OC0zNDM2M2JjN2M0YzAiOnsiZGVsZXRlIjo2MDAwMDAwMDAwMDAsInVwZGF0ZSI6NjAwMDAwMDAwMDAwfSwic2NoZW1hX3ZlcnNpb24iOiIxIn0=",
          "dependencies": [
            "aws_db_instance.app_db",
            "aws_db_subnet_group.app_db_subnet_group",
            "aws_launch_template.backend_template",
            "aws_lb_target_group.backend_tg",
            "aws_security_group.alb_ingress",
            "aws_security_group.backend_alb_sg",
            "aws_security_group.backend_instances_sg",
            "aws_security_group.frontend_instances_sg",
            "aws_security_group.rds_ingress_from_backend",
            "aws_security_group.ssh_allowed",
            "aws_subnet.private",
            "aws_subnet.public",
            "aws_vpc.app_vpc",
            "random_id.suffix"
          ]
        }
      ]
    },
    {
      "mode": "managed",
      "type": "aws_autoscaling_group",
      "name": "frontend_asg",
      "provider": "provider[\"registry.terraform.io/hashicorp/aws\"]",
      "instances": [
        {
          "schema_version": 1,
          "attributes": {
            "arn": "arn:aws:autoscaling:us-east-1:380561000375:autoScalingGroup:6a14c31c-f8ba-4bed-a126-66e6ad10c2f1:autoScalingGroupName/frontend-asg-78d3d920",
            "availability_zone_distribution": [
              {
                "capacity_distribution_strategy": "balanced-best-effort"
              }
            ],
            "availability_zones": [
              "us-east-1a",
              "us-east-1b"
            ],
            "capacity_rebalance": false,
            "context": "",
            "default_cooldown": 300,
            "default_instance_warmup": 0,
            "desired_capacity": 1,
            "desired_capacity_type": "",
            "enabled_metrics": [],
            "force_delete": false,
            "force_delete_warm_pool": false,
            "health_check_grace_period": 300,
            "health_check_type": "ELB",
            "id": "frontend-asg-78d3d920",
            "ignore_failed_scaling_activities": false,
            "initial_lifecycle_hook": [],
            "instance_maintenance_policy": [],
            "instance_refresh": [],
            "launch_configuration": "",
            "launch_template": [
              {
                "id": "lt-05f61c9521d67d59f",
                "name": "frontend-template-78d3d920-20250510163840665000000002",
                "version": "$Latest"
              }
            ],
            "load_balancers": [],
            "max_instance_lifetime": 0,
            "max_size": 1,
            "metrics_granularity": "1Minute",
            "min_elb_capacity": null,
            "min_size": 1,
            "mixed_instances_policy": [],
            "name": "frontend-asg-78d3d920",
            "name_prefix": "",
            "placement_group": "",
            "predicted_capacity": 0,
            "protect_from_scale_in": false,
            "service_linked_role_arn": "arn:aws:iam::380561000375:role/aws-service-role/autoscaling.amazonaws.com/AWSServiceRoleForAutoScaling",
            "suspended_processes": [],
            "tag": [
              {
                "key": "ManagedBy",
                "propagate_at_launch": true,
                "value": "Terraform"
              },
              {
                "key": "Name",
                "propagate_at_launch": true,
                "value": "frontend-instance-78d3d920"
              },
              {
                "key": "Project",
                "propagate_at_launch": true,
                "value": "Astrolearn"
              },
              {
                "key": "Role",
                "propagate_at_launch": true,
                "value": "Frontend"
              }
            ],
            "target_group_arns": [
              "arn:aws:elasticloadbalancing:us-east-1:380561000375:targetgroup/frontend-tg-78d3d920/a58cc9c2407db218"
            ],
            "termination_policies": [],
            "timeouts": null,
            "traffic_source": [
              {
                "identifier": "arn:aws:elasticloadbalancing:us-east-1:380561000375:targetgroup/frontend-tg-78d3d920/a58cc9c2407db218",
                "type": "elbv2"
              }
            ],
            "vpc_zone_identifier": [
              "subnet-075ed61f291fe3f5b",
              "subnet-079c6ba8e344dfcc2"
            ],
            "wait_for_capacity_timeout": "10m",
            "wait_for_elb_capacity": null,
            "warm_pool": [],
            "warm_pool_size": 0
          },
          "sensitive_attributes": [],
          "private": "eyJlMmJmYjczMC1lY2FhLTExZTYtOGY4OC0zNDM2M2JjN2M0YzAiOnsiZGVsZXRlIjo2MDAwMDAwMDAwMDAsInVwZGF0ZSI6NjAwMDAwMDAwMDAwfSwic2NoZW1hX3ZlcnNpb24iOiIxIn0=",
          "dependencies": [
            "aws_launch_template.frontend_template",
            "aws_lb.backend_alb",
            "aws_lb_target_group.frontend_tg",
            "aws_security_group.alb_ingress",
            "aws_security_group.backend_alb_sg",
            "aws_security_group.frontend_instances_sg",
            "aws_security_group.ssh_allowed",
            "aws_subnet.public",
            "aws_vpc.app_vpc",
            "random_id.suffix"
          ]
        }
      ]
    },
    {
      "mode": "managed",
      "type": "aws_db_instance",
      "name": "app_db",
      "provider": "provider[\"registry.terraform.io/hashicorp/aws\"]",
      "instances": [
        {
          "schema_version": 2,
          "attributes": {
            "address": "app-db-instance-78d3d920.cyv8uui84774.us-east-1.rds.amazonaws.com",
            "allocated_storage": 20,
            "allow_major_version_upgrade": null,
            "apply_immediately": true,
            "arn": "arn:aws:rds:us-east-1:380561000375:db:app-db-instance-78d3d920",
            "auto_minor_version_upgrade": true,
            "availability_zone": "us-east-1b",
            "backup_retention_period": 0,
            "backup_target": "region",
            "backup_window": "06:01-06:31",
            "blue_green_update": [],
            "ca_cert_identifier": "rds-ca-rsa2048-g1",
            "character_set_name": "",
            "copy_tags_to_snapshot": false,
            "custom_iam_instance_profile": "",
            "customer_owned_ip_enabled": false,
            "database_insights_mode": "standard",
            "db_name": "db2",
            "db_subnet_group_name": "app-db-subnet-group-78d3d920",
            "dedicated_log_volume": false,
            "delete_automated_backups": true,
            "deletion_protection": false,
            "domain": "",
            "domain_auth_secret_arn": "",
            "domain_dns_ips": [],
            "domain_fqdn": "",
            "domain_iam_role_name": "",
            "domain_ou": "",
            "enabled_cloudwatch_logs_exports": [],
            "endpoint": "app-db-instance-78d3d920.cyv8uui84774.us-east-1.rds.amazonaws.com:5432",
            "engine": "postgres",
            "engine_lifecycle_support": "open-source-rds-extended-support",
            "engine_version": "17.4",
            "engine_version_actual": "17.4",
            "final_snapshot_identifier": null,
            "hosted_zone_id": "Z2R2ITUGPM61AM",
            "iam_database_authentication_enabled": false,
            "id": "db-LCA3TY7A2YUSJHNIX25M3YVFYA",
            "identifier": "app-db-instance-78d3d920",
            "identifier_prefix": "",
            "instance_class": "db.t3.micro",
            "iops": 0,
            "kms_key_id": "",
            "latest_restorable_time": "",
            "license_model": "postgresql-license",
            "listener_endpoint": [],
            "maintenance_window": "wed:08:28-wed:08:58",
            "manage_master_user_password": null,
            "master_user_secret": [],
            "master_user_secret_kms_key_id": null,
            "max_allocated_storage": 0,
            "monitoring_interval": 0,
            "monitoring_role_arn": "",
            "multi_az": false,
            "nchar_character_set_name": "",
            "network_type": "IPV4",
            "option_group_name": "default:postgres-17",
            "parameter_group_name": "default.postgres17",
            "password": "password",
            "password_wo": null,
            "password_wo_version": null,
            "performance_insights_enabled": false,
            "performance_insights_kms_key_id": "",
            "performance_insights_retention_period": 0,
            "port": 5432,
            "publicly_accessible": false,
            "replica_mode": "",
            "replicas": [],
            "replicate_source_db": "",
            "resource_id": "db-LCA3TY7A2YUSJHNIX25M3YVFYA",
            "restore_to_point_in_time": [],
            "s3_import": [],
            "skip_final_snapshot": true,
            "snapshot_identifier": null,
            "status": "available",
            "storage_encrypted": false,
            "storage_throughput": 0,
            "storage_type": "gp2",
            "tags": {
              "ManagedBy": "Terraform",
              "Name": "App Database",
              "Project": "Astrolearn"
            },
            "tags_all": {
              "ManagedBy": "Terraform",
              "Name": "App Database",
              "Project": "Astrolearn"
            },
            "timeouts": null,
            "timezone": "",
            "upgrade_storage_config": null,
            "username": "astrolearner",
            "vpc_security_group_ids": [
              "sg-09abab32ebd19ce07"
            ]
          },
          "sensitive_attributes": [
            [
              {
                "type": "get_attr",
                "value": "password_wo"
              }
            ],
            [
              {
                "type": "get_attr",
                "value": "password"
              }
            ]
          ],
          "private": "eyJlMmJmYjczMC1lY2FhLTExZTYtOGY4OC0zNDM2M2JjN2M0YzAiOnsiY3JlYXRlIjozMDAwMDAwMDAwMDAwLCJkZWxldGUiOjM2MDAwMDAwMDAwMDAsInVwZGF0ZSI6NDgwMDAwMDAwMDAwMH0sInNjaGVtYV92ZXJzaW9uIjoiMiJ9",
          "dependencies": [
            "aws_db_subnet_group.app_db_subnet_group",
            "aws_security_group.alb_ingress",
            "aws_security_group.backend_alb_sg",
            "aws_security_group.backend_instances_sg",
            "aws_security_group.frontend_instances_sg",
            "aws_security_group.rds_ingress_from_backend",
            "aws_subnet.private",
            "aws_vpc.app_vpc",
            "random_id.suffix"
          ]
        }
      ]
    },
    {
      "mode": "managed",
      "type": "aws_db_subnet_group",
      "name": "app_db_subnet_group",
      "provider": "provider[\"registry.terraform.io/hashicorp/aws\"]",
      "instances": [
        {
          "schema_version": 0,
          "attributes": {
            "arn": "arn:aws:rds:us-east-1:380561000375:subgrp:app-db-subnet-group-78d3d920",
            "description": "Subnet group for RDS",
            "id": "app-db-subnet-group-78d3d920",
            "name": "app-db-subnet-group-78d3d920",
            "name_prefix": "",
            "subnet_ids": [
              "subnet-00233b9906b3428a4",
              "subnet-07db4f3a4ddd7d2cc"
            ],
            "supported_network_types": [
              "IPV4"
            ],
            "tags": {
              "ManagedBy": "Terraform",
              "Name": "App DB Subnet Group",
              "Project": "Astrolearn"
            },
            "tags_all": {
              "ManagedBy": "Terraform",
              "Name": "App DB Subnet Group",
              "Project": "Astrolearn"
            },
            "vpc_id": "vpc-0bfbec9b4f7d14721"
          },
          "sensitive_attributes": [],
          "private": "bnVsbA==",
          "dependencies": [
            "aws_subnet.private",
            "aws_vpc.app_vpc",
            "random_id.suffix"
          ]
        }
      ]
    },
    {
      "mode": "managed",
      "type": "aws_internet_gateway",
      "name": "app_igw",
      "provider": "provider[\"registry.terraform.io/hashicorp/aws\"]",
      "instances": [
        {
          "schema_version": 0,
          "attributes": {
            "arn": "arn:aws:ec2:us-east-1:380561000375:internet-gateway/igw-0f923dd2c07f98808",
            "id": "igw-0f923dd2c07f98808",
            "owner_id": "380561000375",
            "tags": {
              "ManagedBy": "Terraform",
              "Name": "app-igw-78d3d920",
              "Project": "Astrolearn"
            },
            "tags_all": {
              "ManagedBy": "Terraform",
              "Name": "app-igw-78d3d920",
              "Project": "Astrolearn"
            },
            "timeouts": null,
            "vpc_id": "vpc-0bfbec9b4f7d14721"
          },
          "sensitive_attributes": [],
          "private": "eyJlMmJmYjczMC1lY2FhLTExZTYtOGY4OC0zNDM2M2JjN2M0YzAiOnsiY3JlYXRlIjoxMjAwMDAwMDAwMDAwLCJkZWxldGUiOjEyMDAwMDAwMDAwMDAsInVwZGF0ZSI6MTIwMDAwMDAwMDAwMH19",
          "dependencies": [
            "aws_vpc.app_vpc",
            "random_id.suffix"
          ]
        }
      ]
    },
    {
      "mode": "managed",
      "type": "aws_launch_template",
      "name": "backend_template",
      "provider": "provider[\"registry.terraform.io/hashicorp/aws\"]",
      "instances": [
        {
          "schema_version": 0,
          "attributes": {
            "arn": "arn:aws:ec2:us-east-1:380561000375:launch-template/lt-064870029c95a0283",
            "block_device_mappings": [],
            "capacity_reservation_specification": [],
            "cpu_options": [],
            "credit_specification": [],
            "default_version": 1,
            "description": "",
            "disable_api_stop": false,
            "disable_api_termination": false,
            "ebs_optimized": "",
            "elastic_gpu_specifications": [],
            "elastic_inference_accelerator": [],
            "enclave_options": [],
            "hibernation_options": [],
            "iam_instance_profile": [],
            "id": "lt-064870029c95a0283",
            "image_id": "ami-0b86aaed8ef90e45f",
            "instance_initiated_shutdown_behavior": "",
            "instance_market_options": [],
            "instance_requirements": [],
            "instance_type": "t2.micro",
            "kernel_id": "",
            "key_name": "Astrolearn-terraform",
            "latest_version": 1,
            "license_specification": [],
            "maintenance_options": [],
            "metadata_options": [],
            "monitoring": [],
            "name": "backend-template-78d3d920-20250510164030780300000004",
            "name_prefix": "backend-template-78d3d920-",
            "network_interfaces": [
              {
                "associate_carrier_ip_address": "",
                "associate_public_ip_address": "true",
                "connection_tracking_specification": [],
                "delete_on_termination": "true",
                "description": "",
                "device_index": 0,
                "ena_srd_specification": [],
                "interface_type": "",
                "ipv4_address_count": 0,
                "ipv4_addresses": [],
                "ipv4_prefix_count": 0,
                "ipv4_prefixes": [],
                "ipv6_address_count": 0,
                "ipv6_addresses": [],
                "ipv6_prefix_count": 0,
                "ipv6_prefixes": [],
                "network_card_index": 0,
                "network_interface_id": "",
                "primary_ipv6": "",
                "private_ip_address": "",
                "security_groups": [
                  "sg-06ada9d869a2ee616",
                  "sg-06b14f8e082b46e47"
                ],
                "subnet_id": ""
              }
            ],
            "placement": [],
            "private_dns_name_options": [],
            "ram_disk_id": "",
            "security_group_names": [],
            "tag_specifications": [
              {
                "resource_type": "instance",
                "tags": {
                  "ManagedBy": "Terraform",
                  "Name": "backend-instance-78d3d920",
                  "Project": "Astrolearn",
                  "Role": "Backend"
                }
              },
              {
                "resource_type": "volume",
                "tags": {
                  "ManagedBy": "Terraform",
                  "Name": "backend-volume-78d3d920",
                  "Project": "Astrolearn"
                }
              }
            ],
            "tags": {
              "ManagedBy": "Terraform",
              "Name": "Backend Launch Template",
              "Project": "Astrolearn"
            },
            "tags_all": {
              "ManagedBy": "Terraform",
              "Name": "Backend Launch Template",
              "Project": "Astrolearn"
            },
            "update_default_version": null,
            "user_data": "IyEvYmluL2Jhc2gNCnl1bSB1cGRhdGUgLXkNCnl1bSBpbnN0YWxsIC15IGRvY2tlcg0Kc2VydmljZSBkb2NrZXIgc3RhcnQNCnVzZXJtb2QgLWEgLUcgZG9ja2VyIGVjMi11c2VyDQoNCiMgRG9ja2VyIGltYWdlIG5hbWUNCkJBQ0tFTkRfSU1BR0U9Im9tYXJiZG9jL2FzdHJvbGVhcm4tYmFjazpsYXRlc3QiDQoNCiMgUHVsbCB0aGUgRG9ja2VyIGltYWdlDQpkb2NrZXIgcHVsbCAkQkFDS0VORF9JTUFHRQ0KDQojIFJ1biB0aGUgRG9ja2VyIGNvbnRhaW5lciB3aXRoIGVudmlyb25tZW50IHZhcmlhYmxlcw0KIyBOb3RlOiBUaGUgdGVtcGxhdGUgdmFyaWFibGVzIHJkc19pbnN0YW5jZV9lbmRwb2ludCwgZGJfbmFtZSwgZGJfdXNlcm5hbWUsIGRiX3Bhc3N3b3JkIGFyZSBwYXNzZWQgYnkgVGVycmFmb3JtDQpkb2NrZXIgcnVuIC1kIC1wIDgwODg6ODA4OCBcDQogIC1lIFNQUklOR19EQVRBU09VUkNFX1VSTD0iamRiYzpwb3N0Z3Jlc3FsOi8vYXBwLWRiLWluc3RhbmNlLTc4ZDNkOTIwLmN5djh1dWk4NDc3NC51cy1lYXN0LTEucmRzLmFtYXpvbmF3cy5jb206NTQzMi9kYjIiIFwNCiAgLWUgU1BSSU5HX0RBVEFTT1VSQ0VfVVNFUk5BTUU9ImFzdHJvbGVhcm5lciIgXA0KICAtZSBTUFJJTkdfREFUQVNPVVJDRV9QQVNTV09SRD0icGFzc3dvcmQiIFwNCiAgLWUgU0VSVkVSX1BPUlQ9IjgwODgiIFwNCiAgJEJBQ0tFTkRfSU1BR0UNCg==",
            "vpc_security_group_ids": []
          },
          "sensitive_attributes": [
            [
              {
                "type": "get_attr",
                "value": "user_data"
              }
            ]
          ],
          "private": "bnVsbA==",
          "dependencies": [
            "aws_db_instance.app_db",
            "aws_db_subnet_group.app_db_subnet_group",
            "aws_security_group.alb_ingress",
            "aws_security_group.backend_alb_sg",
            "aws_security_group.backend_instances_sg",
            "aws_security_group.frontend_instances_sg",
            "aws_security_group.rds_ingress_from_backend",
            "aws_security_group.ssh_allowed",
            "aws_subnet.private",
            "aws_vpc.app_vpc",
            "random_id.suffix"
          ]
        }
      ]
    },
    {
      "mode": "managed",
      "type": "aws_launch_template",
      "name": "frontend_template",
      "provider": "provider[\"registry.terraform.io/hashicorp/aws\"]",
      "instances": [
        {
          "schema_version": 0,
          "attributes": {
            "arn": "arn:aws:ec2:us-east-1:380561000375:launch-template/lt-05f61c9521d67d59f",
            "block_device_mappings": [],
            "capacity_reservation_specification": [],
            "cpu_options": [],
            "credit_specification": [],
            "default_version": 1,
            "description": "",
            "disable_api_stop": false,
            "disable_api_termination": false,
            "ebs_optimized": "",
            "elastic_gpu_specifications": [],
            "elastic_inference_accelerator": [],
            "enclave_options": [],
            "hibernation_options": [],
            "iam_instance_profile": [],
            "id": "lt-05f61c9521d67d59f",
            "image_id": "ami-0b86aaed8ef90e45f",
            "instance_initiated_shutdown_behavior": "",
            "instance_market_options": [],
            "instance_requirements": [],
            "instance_type": "t2.micro",
            "kernel_id": "",
            "key_name": "Astrolearn-terraform",
            "latest_version": 1,
            "license_specification": [],
            "maintenance_options": [],
            "metadata_options": [],
            "monitoring": [],
            "name": "frontend-template-78d3d920-20250510163840665000000002",
            "name_prefix": "frontend-template-78d3d920-",
            "network_interfaces": [
              {
                "associate_carrier_ip_address": "",
                "associate_public_ip_address": "true",
                "connection_tracking_specification": [],
                "delete_on_termination": "true",
                "description": "",
                "device_index": 0,
                "ena_srd_specification": [],
                "interface_type": "",
                "ipv4_address_count": 0,
                "ipv4_addresses": [],
                "ipv4_prefix_count": 0,
                "ipv4_prefixes": [],
                "ipv6_address_count": 0,
                "ipv6_addresses": [],
                "ipv6_prefix_count": 0,
                "ipv6_prefixes": [],
                "network_card_index": 0,
                "network_interface_id": "",
                "primary_ipv6": "",
                "private_ip_address": "",
                "security_groups": [
                  "sg-06b14f8e082b46e47",
                  "sg-07708e6b1e744f742"
                ],
                "subnet_id": ""
              }
            ],
            "placement": [],
            "private_dns_name_options": [],
            "ram_disk_id": "",
            "security_group_names": [],
            "tag_specifications": [
              {
                "resource_type": "instance",
                "tags": {
                  "ManagedBy": "Terraform",
                  "Name": "frontend-instance-78d3d920",
                  "Project": "Astrolearn",
                  "Role": "Frontend"
                }
              },
              {
                "resource_type": "volume",
                "tags": {
                  "ManagedBy": "Terraform",
                  "Name": "frontend-volume-78d3d920",
                  "Project": "Astrolearn",
                  "Role": "Frontend"
                }
              }
            ],
            "tags": {
              "ManagedBy": "Terraform",
              "Name": "Frontend Launch Template",
              "Project": "Astrolearn"
            },
            "tags_all": {
              "ManagedBy": "Terraform",
              "Name": "Frontend Launch Template",
              "Project": "Astrolearn"
            },
            "update_default_version": null,
            "user_data": "IyEvYmluL2Jhc2gNCnl1bSB1cGRhdGUgLXkNCnl1bSBpbnN0YWxsIC15IGRvY2tlcg0Kc2VydmljZSBkb2NrZXIgc3RhcnQNCnVzZXJtb2QgLWEgLUcgZG9ja2VyIGVjMi11c2VyDQoNCiMgSW5zdGFsbCBEb2NrZXIgQ29tcG9zZQ0KY3VybCAtTCAiaHR0cHM6Ly9naXRodWIuY29tL2RvY2tlci9jb21wb3NlL3JlbGVhc2VzL2xhdGVzdC9kb3dubG9hZC9kb2NrZXItY29tcG9zZS0kKHVuYW1lIC1zKS0kKHVuYW1lIC1tKSIgLW8gL3Vzci9sb2NhbC9iaW4vZG9ja2VyLWNvbXBvc2UNCmNobW9kICt4IC91c3IvbG9jYWwvYmluL2RvY2tlci1jb21wb3NlDQoNCiMgUHVsbCBhbmQgcnVuIHRoZSBzcGVjaWZpZWQgRG9ja2VyIGltYWdlDQpkb2NrZXIgcHVsbCBvbWFyYmRvYy9hc3Ryb2xlYXJuLWZyb250OmxhdGVzdA0KIyBFbnN1cmUgdGhlIGhvc3QgcG9ydCBtYXRjaGVzIHRoZSB0YXJnZXQgZ3JvdXAgcG9ydCAodmFyLmZyb250ZW5kX2FwcF9wb3J0LCB3aGljaCBpcyAzMDAwKQ0KIyBUaGUgY29udGFpbmVyIGl0c2VsZiBleHBvc2VzIDMwMDAgKGFzIHBlciBpdHMgRG9ja2VyZmlsZSkNCmRvY2tlciBydW4gLWQgLXAgMzAwMDozMDAwIFwNCiAgLWUgTkVYVF9QVUJMSUNfQVBJX1VSTD0iaHR0cDovL2ludGVybmFsLWJhY2tlbmQtYWxiLTc4ZDNkOTIwLTE5MDk1ODMwNzYudXMtZWFzdC0xLmVsYi5hbWF6b25hd3MuY29tOjgwODgiIFwNCiAgb21hcmJkb2MvYXN0cm9sZWFybi1mcm9udDpsYXRlc3QNCg==",
            "vpc_security_group_ids": []
          },
          "sensitive_attributes": [],
          "private": "bnVsbA==",
          "dependencies": [
            "aws_lb.backend_alb",
            "aws_security_group.alb_ingress",
            "aws_security_group.backend_alb_sg",
            "aws_security_group.frontend_instances_sg",
            "aws_security_group.ssh_allowed",
            "aws_subnet.public",
            "aws_vpc.app_vpc",
            "random_id.suffix"
          ]
        }
      ]
    },
    {
      "mode": "managed",
      "type": "aws_lb",
      "name": "backend_alb",
      "provider": "provider[\"registry.terraform.io/hashicorp/aws\"]",
      "instances": [
        {
          "schema_version": 0,
          "attributes": {
            "access_logs": [
              {
                "bucket": "",
                "enabled": false,
                "prefix": ""
              }
            ],
            "arn": "arn:aws:elasticloadbalancing:us-east-1:380561000375:loadbalancer/app/backend-alb-78d3d920/a6ff21b2ccff2062",
            "arn_suffix": "app/backend-alb-78d3d920/a6ff21b2ccff2062",
            "client_keep_alive": 3600,
            "connection_logs": [
              {
                "bucket": "",
                "enabled": false,
                "prefix": ""
              }
            ],
            "customer_owned_ipv4_pool": "",
            "desync_mitigation_mode": "defensive",
            "dns_name": "internal-backend-alb-78d3d920-1909583076.us-east-1.elb.amazonaws.com",
            "dns_record_client_routing_policy": null,
            "drop_invalid_header_fields": false,
            "enable_cross_zone_load_balancing": true,
            "enable_deletion_protection": false,
            "enable_http2": true,
            "enable_tls_version_and_cipher_suite_headers": false,
            "enable_waf_fail_open": false,
            "enable_xff_client_port": false,
            "enable_zonal_shift": false,
            "enforce_security_group_inbound_rules_on_private_link_traffic": "",
            "id": "arn:aws:elasticloadbalancing:us-east-1:380561000375:loadbalancer/app/backend-alb-78d3d920/a6ff21b2ccff2062",
            "idle_timeout": 60,
            "internal": true,
            "ip_address_type": "ipv4",
            "ipam_pools": [],
            "load_balancer_type": "application",
            "name": "backend-alb-78d3d920",
            "name_prefix": "",
            "preserve_host_header": false,
            "security_groups": [
              "sg-0d865522609f75439"
            ],
            "subnet_mapping": [
              {
                "allocation_id": "",
                "ipv6_address": "",
                "outpost_id": "",
                "private_ipv4_address": "",
                "subnet_id": "subnet-075ed61f291fe3f5b"
              },
              {
                "allocation_id": "",
                "ipv6_address": "",
                "outpost_id": "",
                "private_ipv4_address": "",
                "subnet_id": "subnet-079c6ba8e344dfcc2"
              }
            ],
            "subnets": [
              "subnet-075ed61f291fe3f5b",
              "subnet-079c6ba8e344dfcc2"
            ],
            "tags": {
              "ManagedBy": "Terraform",
              "Name": "Backend ALB",
              "Project": "Astrolearn"
            },
            "tags_all": {
              "ManagedBy": "Terraform",
              "Name": "Backend ALB",
              "Project": "Astrolearn"
            },
            "timeouts": null,
            "vpc_id": "vpc-0bfbec9b4f7d14721",
            "xff_header_processing_mode": "append",
            "zone_id": "Z35SXDOTRQ7X7K"
          },
          "sensitive_attributes": [],
          "private": "eyJlMmJmYjczMC1lY2FhLTExZTYtOGY4OC0zNDM2M2JjN2M0YzAiOnsiY3JlYXRlIjo2MDAwMDAwMDAwMDAsImRlbGV0ZSI6NjAwMDAwMDAwMDAwLCJ1cGRhdGUiOjYwMDAwMDAwMDAwMH19",
          "dependencies": [
            "aws_security_group.alb_ingress",
            "aws_security_group.backend_alb_sg",
            "aws_security_group.frontend_instances_sg",
            "aws_subnet.public",
            "aws_vpc.app_vpc",
            "random_id.suffix"
          ]
        }
      ]
    },
    {
      "mode": "managed",
      "type": "aws_lb",
      "name": "frontend_alb",
      "provider": "provider[\"registry.terraform.io/hashicorp/aws\"]",
      "instances": [
        {
          "schema_version": 0,
          "attributes": {
            "access_logs": [
              {
                "bucket": "",
                "enabled": false,
                "prefix": ""
              }
            ],
            "arn": "arn:aws:elasticloadbalancing:us-east-1:380561000375:loadbalancer/app/frontend-alb-78d3d920/71ec8a8d7b262476",
            "arn_suffix": "app/frontend-alb-78d3d920/71ec8a8d7b262476",
            "client_keep_alive": 3600,
            "connection_logs": [
              {
                "bucket": "",
                "enabled": false,
                "prefix": ""
              }
            ],
            "customer_owned_ipv4_pool": "",
            "desync_mitigation_mode": "defensive",
            "dns_name": "frontend-alb-78d3d920-59234530.us-east-1.elb.amazonaws.com",
            "dns_record_client_routing_policy": null,
            "drop_invalid_header_fields": false,
            "enable_cross_zone_load_balancing": true,
            "enable_deletion_protection": false,
            "enable_http2": true,
            "enable_tls_version_and_cipher_suite_headers": false,
            "enable_waf_fail_open": false,
            "enable_xff_client_port": false,
            "enable_zonal_shift": false,
            "enforce_security_group_inbound_rules_on_private_link_traffic": "",
            "id": "arn:aws:elasticloadbalancing:us-east-1:380561000375:loadbalancer/app/frontend-alb-78d3d920/71ec8a8d7b262476",
            "idle_timeout": 60,
            "internal": false,
            "ip_address_type": "ipv4",
            "ipam_pools": [],
            "load_balancer_type": "application",
            "name": "frontend-alb-78d3d920",
            "name_prefix": "",
            "preserve_host_header": false,
            "security_groups": [
              "sg-0b2bb030e9f84075b"
            ],
            "subnet_mapping": [
              {
                "allocation_id": "",
                "ipv6_address": "",
                "outpost_id": "",
                "private_ipv4_address": "",
                "subnet_id": "subnet-075ed61f291fe3f5b"
              },
              {
                "allocation_id": "",
                "ipv6_address": "",
                "outpost_id": "",
                "private_ipv4_address": "",
                "subnet_id": "subnet-079c6ba8e344dfcc2"
              }
            ],
            "subnets": [
              "subnet-075ed61f291fe3f5b",
              "subnet-079c6ba8e344dfcc2"
            ],
            "tags": {
              "ManagedBy": "Terraform",
              "Name": "Frontend ALB",
              "Project": "Astrolearn"
            },
            "tags_all": {
              "ManagedBy": "Terraform",
              "Name": "Frontend ALB",
              "Project": "Astrolearn"
            },
            "timeouts": null,
            "vpc_id": "vpc-0bfbec9b4f7d14721",
            "xff_header_processing_mode": "append",
            "zone_id": "Z35SXDOTRQ7X7K"
          },
          "sensitive_attributes": [],
          "private": "eyJlMmJmYjczMC1lY2FhLTExZTYtOGY4OC0zNDM2M2JjN2M0YzAiOnsiY3JlYXRlIjo2MDAwMDAwMDAwMDAsImRlbGV0ZSI6NjAwMDAwMDAwMDAwLCJ1cGRhdGUiOjYwMDAwMDAwMDAwMH19",
          "dependencies": [
            "aws_security_group.alb_ingress",
            "aws_subnet.public",
            "aws_vpc.app_vpc",
            "random_id.suffix"
          ]
        }
      ]
    },
    {
      "mode": "managed",
      "type": "aws_lb_listener",
      "name": "backend_http_listener",
      "provider": "provider[\"registry.terraform.io/hashicorp/aws\"]",
      "instances": [
        {
          "schema_version": 0,
          "attributes": {
            "alpn_policy": null,
            "arn": "arn:aws:elasticloadbalancing:us-east-1:380561000375:listener/app/backend-alb-78d3d920/a6ff21b2ccff2062/b771862750984590",
            "certificate_arn": null,
            "default_action": [
              {
                "authenticate_cognito": [],
                "authenticate_oidc": [],
                "fixed_response": [],
                "forward": [],
                "order": 1,
                "redirect": [],
                "target_group_arn": "arn:aws:elasticloadbalancing:us-east-1:380561000375:targetgroup/backend-tg-78d3d920/3f1a7ed6b7cd12da",
                "type": "forward"
              }
            ],
            "id": "arn:aws:elasticloadbalancing:us-east-1:380561000375:listener/app/backend-alb-78d3d920/a6ff21b2ccff2062/b771862750984590",
            "load_balancer_arn": "arn:aws:elasticloadbalancing:us-east-1:380561000375:loadbalancer/app/backend-alb-78d3d920/a6ff21b2ccff2062",
            "mutual_authentication": [],
            "port": 8088,
            "protocol": "HTTP",
            "routing_http_request_x_amzn_mtls_clientcert_header_name": null,
            "routing_http_request_x_amzn_mtls_clientcert_issuer_header_name": null,
            "routing_http_request_x_amzn_mtls_clientcert_leaf_header_name": null,
            "routing_http_request_x_amzn_mtls_clientcert_serial_number_header_name": null,
            "routing_http_request_x_amzn_mtls_clientcert_subject_header_name": null,
            "routing_http_request_x_amzn_mtls_clientcert_validity_header_name": null,
            "routing_http_request_x_amzn_tls_cipher_suite_header_name": null,
            "routing_http_request_x_amzn_tls_version_header_name": null,
            "routing_http_response_access_control_allow_credentials_header_value": "",
            "routing_http_response_access_control_allow_headers_header_value": "",
            "routing_http_response_access_control_allow_methods_header_value": "",
            "routing_http_response_access_control_allow_origin_header_value": "",
            "routing_http_response_access_control_expose_headers_header_value": "",
            "routing_http_response_access_control_max_age_header_value": "",
            "routing_http_response_content_security_policy_header_value": "",
            "routing_http_response_server_enabled": false,
            "routing_http_response_strict_transport_security_header_value": "",
            "routing_http_response_x_content_type_options_header_value": "",
            "routing_http_response_x_frame_options_header_value": "",
            "ssl_policy": "",
            "tags": {},
            "tags_all": {},
            "tcp_idle_timeout_seconds": null,
            "timeouts": null
          },
          "sensitive_attributes": [],
          "private": "eyJlMmJmYjczMC1lY2FhLTExZTYtOGY4OC0zNDM2M2JjN2M0YzAiOnsiY3JlYXRlIjozMDAwMDAwMDAwMDAsInVwZGF0ZSI6MzAwMDAwMDAwMDAwfX0=",
          "dependencies": [
            "aws_lb.backend_alb",
            "aws_lb_target_group.backend_tg",
            "aws_security_group.alb_ingress",
            "aws_security_group.backend_alb_sg",
            "aws_security_group.frontend_instances_sg",
            "aws_subnet.public",
            "aws_vpc.app_vpc",
            "random_id.suffix"
          ]
        }
      ]
    },
    {
      "mode": "managed",
      "type": "aws_lb_listener",
      "name": "frontend_http_listener",
      "provider": "provider[\"registry.terraform.io/hashicorp/aws\"]",
      "instances": [
        {
          "schema_version": 0,
          "attributes": {
            "alpn_policy": null,
            "arn": "arn:aws:elasticloadbalancing:us-east-1:380561000375:listener/app/frontend-alb-78d3d920/71ec8a8d7b262476/15c55be37d66fef6",
            "certificate_arn": null,
            "default_action": [
              {
                "authenticate_cognito": [],
                "authenticate_oidc": [],
                "fixed_response": [],
                "forward": [],
                "order": 1,
                "redirect": [],
                "target_group_arn": "arn:aws:elasticloadbalancing:us-east-1:380561000375:targetgroup/frontend-tg-78d3d920/a58cc9c2407db218",
                "type": "forward"
              }
            ],
            "id": "arn:aws:elasticloadbalancing:us-east-1:380561000375:listener/app/frontend-alb-78d3d920/71ec8a8d7b262476/15c55be37d66fef6",
            "load_balancer_arn": "arn:aws:elasticloadbalancing:us-east-1:380561000375:loadbalancer/app/frontend-alb-78d3d920/71ec8a8d7b262476",
            "mutual_authentication": [],
            "port": 80,
            "protocol": "HTTP",
            "routing_http_request_x_amzn_mtls_clientcert_header_name": null,
            "routing_http_request_x_amzn_mtls_clientcert_issuer_header_name": null,
            "routing_http_request_x_amzn_mtls_clientcert_leaf_header_name": null,
            "routing_http_request_x_amzn_mtls_clientcert_serial_number_header_name": null,
            "routing_http_request_x_amzn_mtls_clientcert_subject_header_name": null,
            "routing_http_request_x_amzn_mtls_clientcert_validity_header_name": null,
            "routing_http_request_x_amzn_tls_cipher_suite_header_name": null,
            "routing_http_request_x_amzn_tls_version_header_name": null,
            "routing_http_response_access_control_allow_credentials_header_value": "",
            "routing_http_response_access_control_allow_headers_header_value": "",
            "routing_http_response_access_control_allow_methods_header_value": "",
            "routing_http_response_access_control_allow_origin_header_value": "",
            "routing_http_response_access_control_expose_headers_header_value": "",
            "routing_http_response_access_control_max_age_header_value": "",
            "routing_http_response_content_security_policy_header_value": "",
            "routing_http_response_server_enabled": false,
            "routing_http_response_strict_transport_security_header_value": "",
            "routing_http_response_x_content_type_options_header_value": "",
            "routing_http_response_x_frame_options_header_value": "",
            "ssl_policy": "",
            "tags": {},
            "tags_all": {},
            "tcp_idle_timeout_seconds": null,
            "timeouts": null
          },
          "sensitive_attributes": [],
          "private": "eyJlMmJmYjczMC1lY2FhLTExZTYtOGY4OC0zNDM2M2JjN2M0YzAiOnsiY3JlYXRlIjozMDAwMDAwMDAwMDAsInVwZGF0ZSI6MzAwMDAwMDAwMDAwfX0=",
          "dependencies": [
            "aws_lb.frontend_alb",
            "aws_lb_target_group.frontend_tg",
            "aws_security_group.alb_ingress",
            "aws_subnet.public",
            "aws_vpc.app_vpc",
            "random_id.suffix"
          ]
        }
      ]
    },
    {
      "mode": "managed",
      "type": "aws_lb_target_group",
      "name": "backend_tg",
      "provider": "provider[\"registry.terraform.io/hashicorp/aws\"]",
      "instances": [
        {
          "schema_version": 0,
          "attributes": {
            "arn": "arn:aws:elasticloadbalancing:us-east-1:380561000375:targetgroup/backend-tg-78d3d920/3f1a7ed6b7cd12da",
            "arn_suffix": "targetgroup/backend-tg-78d3d920/3f1a7ed6b7cd12da",
            "connection_termination": null,
            "deregistration_delay": "300",
            "health_check": [
              {
                "enabled": true,
                "healthy_threshold": 2,
                "interval": 30,
                "matcher": "200",
                "path": "/health",
                "port": "traffic-port",
                "protocol": "HTTP",
                "timeout": 3,
                "unhealthy_threshold": 2
              }
            ],
            "id": "arn:aws:elasticloadbalancing:us-east-1:380561000375:targetgroup/backend-tg-78d3d920/3f1a7ed6b7cd12da",
            "ip_address_type": "ipv4",
            "lambda_multi_value_headers_enabled": false,
            "load_balancer_arns": [
              "arn:aws:elasticloadbalancing:us-east-1:380561000375:loadbalancer/app/backend-alb-78d3d920/a6ff21b2ccff2062"
            ],
            "load_balancing_algorithm_type": "round_robin",
            "load_balancing_anomaly_mitigation": "off",
            "load_balancing_cross_zone_enabled": "use_load_balancer_configuration",
            "name": "backend-tg-78d3d920",
            "name_prefix": "",
            "port": 8088,
            "preserve_client_ip": null,
            "protocol": "HTTP",
            "protocol_version": "HTTP1",
            "proxy_protocol_v2": false,
            "slow_start": 0,
            "stickiness": [
              {
                "cookie_duration": 86400,
                "cookie_name": "",
                "enabled": false,
                "type": "lb_cookie"
              }
            ],
            "tags": {
              "ManagedBy": "Terraform",
              "Name": "Backend Target Group",
              "Project": "Astrolearn"
            },
            "tags_all": {
              "ManagedBy": "Terraform",
              "Name": "Backend Target Group",
              "Project": "Astrolearn"
            },
            "target_failover": [
              {
                "on_deregistration": null,
                "on_unhealthy": null
              }
            ],
            "target_group_health": [
              {
                "dns_failover": [
                  {
                    "minimum_healthy_targets_count": "1",
                    "minimum_healthy_targets_percentage": "off"
                  }
                ],
                "unhealthy_state_routing": [
                  {
                    "minimum_healthy_targets_count": 1,
                    "minimum_healthy_targets_percentage": "off"
                  }
                ]
              }
            ],
            "target_health_state": [
              {
                "enable_unhealthy_connection_termination": null,
                "unhealthy_draining_interval": null
              }
            ],
            "target_type": "instance",
            "vpc_id": "vpc-0bfbec9b4f7d14721"
          },
          "sensitive_attributes": [],
          "private": "bnVsbA==",
          "dependencies": [
            "aws_vpc.app_vpc",
            "random_id.suffix"
          ]
        }
      ]
    },
    {
      "mode": "managed",
      "type": "aws_lb_target_group",
      "name": "frontend_tg",
      "provider": "provider[\"registry.terraform.io/hashicorp/aws\"]",
      "instances": [
        {
          "schema_version": 0,
          "attributes": {
            "arn": "arn:aws:elasticloadbalancing:us-east-1:380561000375:targetgroup/frontend-tg-78d3d920/a58cc9c2407db218",
            "arn_suffix": "targetgroup/frontend-tg-78d3d920/a58cc9c2407db218",
            "connection_termination": null,
            "deregistration_delay": "300",
            "health_check": [
              {
                "enabled": true,
                "healthy_threshold": 2,
                "interval": 30,
                "matcher": "200",
                "path": "/",
                "port": "traffic-port",
                "protocol": "HTTP",
                "timeout": 3,
                "unhealthy_threshold": 2
              }
            ],
            "id": "arn:aws:elasticloadbalancing:us-east-1:380561000375:targetgroup/frontend-tg-78d3d920/a58cc9c2407db218",
            "ip_address_type": "ipv4",
            "lambda_multi_value_headers_enabled": false,
            "load_balancer_arns": [
              "arn:aws:elasticloadbalancing:us-east-1:380561000375:loadbalancer/app/frontend-alb-78d3d920/71ec8a8d7b262476"
            ],
            "load_balancing_algorithm_type": "round_robin",
            "load_balancing_anomaly_mitigation": "off",
            "load_balancing_cross_zone_enabled": "use_load_balancer_configuration",
            "name": "frontend-tg-78d3d920",
            "name_prefix": "",
            "port": 3000,
            "preserve_client_ip": null,
            "protocol": "HTTP",
            "protocol_version": "HTTP1",
            "proxy_protocol_v2": false,
            "slow_start": 0,
            "stickiness": [
              {
                "cookie_duration": 86400,
                "cookie_name": "",
                "enabled": false,
                "type": "lb_cookie"
              }
            ],
            "tags": {
              "ManagedBy": "Terraform",
              "Name": "Frontend Target Group",
              "Project": "Astrolearn"
            },
            "tags_all": {
              "ManagedBy": "Terraform",
              "Name": "Frontend Target Group",
              "Project": "Astrolearn"
            },
            "target_failover": [
              {
                "on_deregistration": null,
                "on_unhealthy": null
              }
            ],
            "target_group_health": [
              {
                "dns_failover": [
                  {
                    "minimum_healthy_targets_count": "1",
                    "minimum_healthy_targets_percentage": "off"
                  }
                ],
                "unhealthy_state_routing": [
                  {
                    "minimum_healthy_targets_count": 1,
                    "minimum_healthy_targets_percentage": "off"
                  }
                ]
              }
            ],
            "target_health_state": [
              {
                "enable_unhealthy_connection_termination": null,
                "unhealthy_draining_interval": null
              }
            ],
            "target_type": "instance",
            "vpc_id": "vpc-0bfbec9b4f7d14721"
          },
          "sensitive_attributes": [],
          "private": "bnVsbA==",
          "dependencies": [
            "aws_vpc.app_vpc",
            "random_id.suffix"
          ]
        }
      ]
    },
    {
      "mode": "managed",
      "type": "aws_route_table",
      "name": "public",
      "provider": "provider[\"registry.terraform.io/hashicorp/aws\"]",
      "instances": [
        {
          "schema_version": 0,
          "attributes": {
            "arn": "arn:aws:ec2:us-east-1:380561000375:route-table/rtb-0e14caed989e6f577",
            "id": "rtb-0e14caed989e6f577",
            "owner_id": "380561000375",
            "propagating_vgws": [],
            "route": [
              {
                "carrier_gateway_id": "",
                "cidr_block": "0.0.0.0/0",
                "core_network_arn": "",
                "destination_prefix_list_id": "",
                "egress_only_gateway_id": "",
                "gateway_id": "igw-0f923dd2c07f98808",
                "ipv6_cidr_block": "",
                "local_gateway_id": "",
                "nat_gateway_id": "",
                "network_interface_id": "",
                "transit_gateway_id": "",
                "vpc_endpoint_id": "",
                "vpc_peering_connection_id": ""
              }
            ],
            "tags": {
              "ManagedBy": "Terraform",
              "Name": "public-route-table-78d3d920",
              "Project": "Astrolearn"
            },
            "tags_all": {
              "ManagedBy": "Terraform",
              "Name": "public-route-table-78d3d920",
              "Project": "Astrolearn"
            },
            "timeouts": null,
            "vpc_id": "vpc-0bfbec9b4f7d14721"
          },
          "sensitive_attributes": [],
          "private": "eyJlMmJmYjczMC1lY2FhLTExZTYtOGY4OC0zNDM2M2JjN2M0YzAiOnsiY3JlYXRlIjozMDAwMDAwMDAwMDAsImRlbGV0ZSI6MzAwMDAwMDAwMDAwLCJ1cGRhdGUiOjEyMDAwMDAwMDAwMH19",
          "dependencies": [
            "aws_internet_gateway.app_igw",
            "aws_vpc.app_vpc",
            "random_id.suffix"
          ]
        }
      ]
    },
    {
      "mode": "managed",
      "type": "aws_route_table_association",
      "name": "public",
      "provider": "provider[\"registry.terraform.io/hashicorp/aws\"]",
      "instances": [
        {
          "index_key": 0,
          "schema_version": 0,
          "attributes": {
            "gateway_id": "",
            "id": "rtbassoc-0fa428feafb6d5dda",
            "route_table_id": "rtb-0e14caed989e6f577",
            "subnet_id": "subnet-079c6ba8e344dfcc2",
            "timeouts": null
          },
          "sensitive_attributes": [],
          "private": "eyJlMmJmYjczMC1lY2FhLTExZTYtOGY4OC0zNDM2M2JjN2M0YzAiOnsiY3JlYXRlIjozMDAwMDAwMDAwMDAsImRlbGV0ZSI6MzAwMDAwMDAwMDAwLCJ1cGRhdGUiOjEyMDAwMDAwMDAwMH19",
          "dependencies": [
            "aws_internet_gateway.app_igw",
            "aws_route_table.public",
            "aws_subnet.public",
            "aws_vpc.app_vpc",
            "random_id.suffix"
          ]
        },
        {
          "index_key": 1,
          "schema_version": 0,
          "attributes": {
            "gateway_id": "",
            "id": "rtbassoc-022aca709ab64a0be",
            "route_table_id": "rtb-0e14caed989e6f577",
            "subnet_id": "subnet-075ed61f291fe3f5b",
            "timeouts": null
          },
          "sensitive_attributes": [],
          "private": "eyJlMmJmYjczMC1lY2FhLTExZTYtOGY4OC0zNDM2M2JjN2M0YzAiOnsiY3JlYXRlIjozMDAwMDAwMDAwMDAsImRlbGV0ZSI6MzAwMDAwMDAwMDAwLCJ1cGRhdGUiOjEyMDAwMDAwMDAwMH19",
          "dependencies": [
            "aws_internet_gateway.app_igw",
            "aws_route_table.public",
            "aws_subnet.public",
            "aws_vpc.app_vpc",
            "random_id.suffix"
          ]
        }
      ]
    },
    {
      "mode": "managed",
      "type": "aws_security_group",
      "name": "alb_ingress",
      "provider": "provider[\"registry.terraform.io/hashicorp/aws\"]",
      "instances": [
        {
          "schema_version": 1,
          "attributes": {
            "arn": "arn:aws:ec2:us-east-1:380561000375:security-group/sg-0b2bb030e9f84075b",
            "description": "Allow HTTP/HTTPS access to ALBs",
            "egress": [
              {
                "cidr_blocks": [
                  "0.0.0.0/0"
                ],
                "description": "",
                "from_port": 0,
                "ipv6_cidr_blocks": [],
                "prefix_list_ids": [],
                "protocol": "-1",
                "security_groups": [],
                "self": false,
                "to_port": 0
              }
            ],
            "id": "sg-0b2bb030e9f84075b",
            "ingress": [
              {
                "cidr_blocks": [
                  "0.0.0.0/0"
                ],
                "description": "",
                "from_port": 80,
                "ipv6_cidr_blocks": [],
                "prefix_list_ids": [],
                "protocol": "tcp",
                "security_groups": [],
                "self": false,
                "to_port": 80
              }
            ],
            "name": "alb-ingress-78d3d920",
            "name_prefix": "",
            "owner_id": "380561000375",
            "revoke_rules_on_delete": false,
            "tags": {
              "ManagedBy": "Terraform",
              "Name": "ALB Ingress",
              "Project": "Astrolearn"
            },
            "tags_all": {
              "ManagedBy": "Terraform",
              "Name": "ALB Ingress",
              "Project": "Astrolearn"
            },
            "timeouts": null,
            "vpc_id": "vpc-0bfbec9b4f7d14721"
          },
          "sensitive_attributes": [],
          "private": "eyJlMmJmYjczMC1lY2FhLTExZTYtOGY4OC0zNDM2M2JjN2M0YzAiOnsiY3JlYXRlIjo2MDAwMDAwMDAwMDAsImRlbGV0ZSI6OTAwMDAwMDAwMDAwfSwic2NoZW1hX3ZlcnNpb24iOiIxIn0=",
          "dependencies": [
            "aws_vpc.app_vpc",
            "random_id.suffix"
          ]
        }
      ]
    },
    {
      "mode": "managed",
      "type": "aws_security_group",
      "name": "app_ingress_from_alb",
      "provider": "provider[\"registry.terraform.io/hashicorp/aws\"]",
      "instances": [
        {
          "schema_version": 1,
          "attributes": {
            "arn": "arn:aws:ec2:us-east-1:380561000375:security-group/sg-0ffd19be575a95205",
            "description": "Allow traffic to app ports from ALBs",
            "egress": [
              {
                "cidr_blocks": [
                  "0.0.0.0/0"
                ],
                "description": "",
                "from_port": 0,
                "ipv6_cidr_blocks": [],
                "prefix_list_ids": [],
                "protocol": "-1",
                "security_groups": [],
                "self": false,
                "to_port": 0
              }
            ],
            "id": "sg-0ffd19be575a95205",
            "ingress": [],
            "name": "app-ingress-from-alb-78d3d920",
            "name_prefix": "",
            "owner_id": "380561000375",
            "revoke_rules_on_delete": false,
            "tags": {
              "ManagedBy": "Terraform",
              "Name": "App Ingress from ALB",
              "Project": "Astrolearn"
            },
            "tags_all": {
              "ManagedBy": "Terraform",
              "Name": "App Ingress from ALB",
              "Project": "Astrolearn"
            },
            "timeouts": null,
            "vpc_id": "vpc-0bfbec9b4f7d14721"
          },
          "sensitive_attributes": [],
          "private": "eyJlMmJmYjczMC1lY2FhLTExZTYtOGY4OC0zNDM2M2JjN2M0YzAiOnsiY3JlYXRlIjo2MDAwMDAwMDAwMDAsImRlbGV0ZSI6OTAwMDAwMDAwMDAwfSwic2NoZW1hX3ZlcnNpb24iOiIxIn0=",
          "dependencies": [
            "aws_vpc.app_vpc",
            "random_id.suffix"
          ]
        }
      ]
    },
    {
      "mode": "managed",
      "type": "aws_security_group",
      "name": "backend_alb_sg",
      "provider": "provider[\"registry.terraform.io/hashicorp/aws\"]",
      "instances": [
        {
          "schema_version": 1,
          "attributes": {
            "arn": "arn:aws:ec2:us-east-1:380561000375:security-group/sg-0d865522609f75439",
            "description": "Allow traffic to Backend ALB from Frontend Instances",
            "egress": [
              {
                "cidr_blocks": [
                  "0.0.0.0/0"
                ],
                "description": "Allow all outbound traffic if necessary (e.g. health checks to instances)",
                "from_port": 0,
                "ipv6_cidr_blocks": [],
                "prefix_list_ids": [],
                "protocol": "-1",
                "security_groups": [],
                "self": false,
                "to_port": 0
              }
            ],
            "id": "sg-0d865522609f75439",
            "ingress": [
              {
                "cidr_blocks": [],
                "description": "Backend App Port from Frontend Instances",
                "from_port": 8088,
                "ipv6_cidr_blocks": [],
                "prefix_list_ids": [],
                "protocol": "tcp",
                "security_groups": [
                  "sg-07708e6b1e744f742"
                ],
                "self": false,
                "to_port": 8088
              }
            ],
            "name": "backend-alb-sg-78d3d920",
            "name_prefix": "",
            "owner_id": "380561000375",
            "revoke_rules_on_delete": false,
            "tags": {
              "ManagedBy": "Terraform",
              "Name": "Backend ALB SG",
              "Project": "Astrolearn"
            },
            "tags_all": {
              "ManagedBy": "Terraform",
              "Name": "Backend ALB SG",
              "Project": "Astrolearn"
            },
            "timeouts": null,
            "vpc_id": "vpc-0bfbec9b4f7d14721"
          },
          "sensitive_attributes": [],
          "private": "eyJlMmJmYjczMC1lY2FhLTExZTYtOGY4OC0zNDM2M2JjN2M0YzAiOnsiY3JlYXRlIjo2MDAwMDAwMDAwMDAsImRlbGV0ZSI6OTAwMDAwMDAwMDAwfSwic2NoZW1hX3ZlcnNpb24iOiIxIn0=",
          "dependencies": [
            "aws_security_group.alb_ingress",
            "aws_security_group.frontend_instances_sg",
            "aws_vpc.app_vpc",
            "random_id.suffix"
          ]
        }
      ]
    },
    {
      "mode": "managed",
      "type": "aws_security_group",
      "name": "backend_instances_sg",
      "provider": "provider[\"registry.terraform.io/hashicorp/aws\"]",
      "instances": [
        {
          "schema_version": 1,
          "attributes": {
            "arn": "arn:aws:ec2:us-east-1:380561000375:security-group/sg-06ada9d869a2ee616",
            "description": "Allow traffic to Backend instances from Backend ALB and allow outbound to RDS",
            "egress": [
              {
                "cidr_blocks": [
                  "0.0.0.0/0"
                ],
                "description": "Allow all outbound traffic for OS updates etc.",
                "from_port": 0,
                "ipv6_cidr_blocks": [],
                "prefix_list_ids": [],
                "protocol": "-1",
                "security_groups": [],
                "self": false,
                "to_port": 0
              }
            ],
            "id": "sg-06ada9d869a2ee616",
            "ingress": [
              {
                "cidr_blocks": [],
                "description": "Backend App Port from Backend ALB",
                "from_port": 8088,
                "ipv6_cidr_blocks": [],
                "prefix_list_ids": [],
                "protocol": "tcp",
                "security_groups": [
                  "sg-0d865522609f75439"
                ],
                "self": false,
                "to_port": 8088
              }
            ],
            "name": "backend-instances-sg-78d3d920",
            "name_prefix": "",
            "owner_id": "380561000375",
            "revoke_rules_on_delete": false,
            "tags": {
              "ManagedBy": "Terraform",
              "Name": "Backend Instances SG",
              "Project": "Astrolearn"
            },
            "tags_all": {
              "ManagedBy": "Terraform",
              "Name": "Backend Instances SG",
              "Project": "Astrolearn"
            },
            "timeouts": null,
            "vpc_id": "vpc-0bfbec9b4f7d14721"
          },
          "sensitive_attributes": [],
          "private": "eyJlMmJmYjczMC1lY2FhLTExZTYtOGY4OC0zNDM2M2JjN2M0YzAiOnsiY3JlYXRlIjo2MDAwMDAwMDAwMDAsImRlbGV0ZSI6OTAwMDAwMDAwMDAwfSwic2NoZW1hX3ZlcnNpb24iOiIxIn0=",
          "dependencies": [
            "aws_security_group.alb_ingress",
            "aws_security_group.backend_alb_sg",
            "aws_security_group.frontend_instances_sg",
            "aws_vpc.app_vpc",
            "random_id.suffix"
          ]
        }
      ]
    },
    {
      "mode": "managed",
      "type": "aws_security_group",
      "name": "frontend_instances_sg",
      "provider": "provider[\"registry.terraform.io/hashicorp/aws\"]",
      "instances": [
        {
          "schema_version": 1,
          "attributes": {
            "arn": "arn:aws:ec2:us-east-1:380561000375:security-group/sg-07708e6b1e744f742",
            "description": "Allow traffic to Frontend instances from Frontend ALB and allow outbound to Backend ALB",
            "egress": [
              {
                "cidr_blocks": [
                  "0.0.0.0/0"
                ],
                "description": "Allow all outbound traffic for OS updates etc.",
                "from_port": 0,
                "ipv6_cidr_blocks": [],
                "prefix_list_ids": [],
                "protocol": "-1",
                "security_groups": [],
                "self": false,
                "to_port": 0
              }
            ],
            "id": "sg-07708e6b1e744f742",
            "ingress": [
              {
                "cidr_blocks": [],
                "description": "Frontend App Port from Frontend ALB",
                "from_port": 3000,
                "ipv6_cidr_blocks": [],
                "prefix_list_ids": [],
                "protocol": "tcp",
                "security_groups": [
                  "sg-0b2bb030e9f84075b"
                ],
                "self": false,
                "to_port": 3000
              }
            ],
            "name": "frontend-instances-sg-78d3d920",
            "name_prefix": "",
            "owner_id": "380561000375",
            "revoke_rules_on_delete": false,
            "tags": {
              "ManagedBy": "Terraform",
              "Name": "Frontend Instances SG",
              "Project": "Astrolearn"
            },
            "tags_all": {
              "ManagedBy": "Terraform",
              "Name": "Frontend Instances SG",
              "Project": "Astrolearn"
            },
            "timeouts": null,
            "vpc_id": "vpc-0bfbec9b4f7d14721"
          },
          "sensitive_attributes": [],
          "private": "eyJlMmJmYjczMC1lY2FhLTExZTYtOGY4OC0zNDM2M2JjN2M0YzAiOnsiY3JlYXRlIjo2MDAwMDAwMDAwMDAsImRlbGV0ZSI6OTAwMDAwMDAwMDAwfSwic2NoZW1hX3ZlcnNpb24iOiIxIn0=",
          "dependencies": [
            "aws_security_group.alb_ingress",
            "aws_vpc.app_vpc",
            "random_id.suffix"
          ]
        }
      ]
    },
    {
      "mode": "managed",
      "type": "aws_security_group",
      "name": "rds_ingress_from_backend",
      "provider": "provider[\"registry.terraform.io/hashicorp/aws\"]",
      "instances": [
        {
          "schema_version": 1,
          "attributes": {
            "arn": "arn:aws:ec2:us-east-1:380561000375:security-group/sg-09abab32ebd19ce07",
            "description": "Allow DB traffic from Backend EC2s",
            "egress": [
              {
                "cidr_blocks": [
                  "0.0.0.0/0"
                ],
                "description": "",
                "from_port": 0,
                "ipv6_cidr_blocks": [],
                "prefix_list_ids": [],
                "protocol": "-1",
                "security_groups": [],
                "self": false,
                "to_port": 0
              }
            ],
            "id": "sg-09abab32ebd19ce07",
            "ingress": [
              {
                "cidr_blocks": [],
                "description": "",
                "from_port": 5432,
                "ipv6_cidr_blocks": [],
                "prefix_list_ids": [],
                "protocol": "tcp",
                "security_groups": [
                  "sg-06ada9d869a2ee616"
                ],
                "self": false,
                "to_port": 5432
              }
            ],
            "name": "rds-ingress-from-backend-78d3d920",
            "name_prefix": "",
            "owner_id": "380561000375",
            "revoke_rules_on_delete": false,
            "tags": {
              "ManagedBy": "Terraform",
              "Name": "RDS Ingress from Backend",
              "Project": "Astrolearn"
            },
            "tags_all": {
              "ManagedBy": "Terraform",
              "Name": "RDS Ingress from Backend",
              "Project": "Astrolearn"
            },
            "timeouts": null,
            "vpc_id": "vpc-0bfbec9b4f7d14721"
          },
          "sensitive_attributes": [],
          "private": "eyJlMmJmYjczMC1lY2FhLTExZTYtOGY4OC0zNDM2M2JjN2M0YzAiOnsiY3JlYXRlIjo2MDAwMDAwMDAwMDAsImRlbGV0ZSI6OTAwMDAwMDAwMDAwfSwic2NoZW1hX3ZlcnNpb24iOiIxIn0=",
          "dependencies": [
            "aws_security_group.alb_ingress",
            "aws_security_group.backend_alb_sg",
            "aws_security_group.backend_instances_sg",
            "aws_security_group.frontend_instances_sg",
            "aws_vpc.app_vpc",
            "random_id.suffix"
          ]
        }
      ]
    },
    {
      "mode": "managed",
      "type": "aws_security_group",
      "name": "ssh_allowed",
      "provider": "provider[\"registry.terraform.io/hashicorp/aws\"]",
      "instances": [
        {
          "schema_version": 1,
          "attributes": {
            "arn": "arn:aws:ec2:us-east-1:380561000375:security-group/sg-06b14f8e082b46e47",
            "description": "Allow SSH access",
            "egress": [
              {
                "cidr_blocks": [
                  "0.0.0.0/0"
                ],
                "description": "",
                "from_port": 0,
                "ipv6_cidr_blocks": [],
                "prefix_list_ids": [],
                "protocol": "-1",
                "security_groups": [],
                "self": false,
                "to_port": 0
              }
            ],
            "id": "sg-06b14f8e082b46e47",
            "ingress": [
              {
                "cidr_blocks": [
                  "0.0.0.0/0"
                ],
                "description": "",
                "from_port": 22,
                "ipv6_cidr_blocks": [],
                "prefix_list_ids": [],
                "protocol": "tcp",
                "security_groups": [],
                "self": false,
                "to_port": 22
              }
            ],
            "name": "ssh-access-78d3d920",
            "name_prefix": "",
            "owner_id": "380561000375",
            "revoke_rules_on_delete": false,
            "tags": {
              "ManagedBy": "Terraform",
              "Name": "Allow SSH Access",
              "Project": "Astrolearn"
            },
            "tags_all": {
              "ManagedBy": "Terraform",
              "Name": "Allow SSH Access",
              "Project": "Astrolearn"
            },
            "timeouts": null,
            "vpc_id": "vpc-0bfbec9b4f7d14721"
          },
          "sensitive_attributes": [],
          "private": "eyJlMmJmYjczMC1lY2FhLTExZTYtOGY4OC0zNDM2M2JjN2M0YzAiOnsiY3JlYXRlIjo2MDAwMDAwMDAwMDAsImRlbGV0ZSI6OTAwMDAwMDAwMDAwfSwic2NoZW1hX3ZlcnNpb24iOiIxIn0=",
          "dependencies": [
            "aws_vpc.app_vpc",
            "random_id.suffix"
          ]
        }
      ]
    },
    {
      "mode": "managed",
      "type": "aws_security_group_rule",
      "name": "backend_alb_to_backend_instances_egress",
      "provider": "provider[\"registry.terraform.io/hashicorp/aws\"]",
      "instances": [
        {
          "schema_version": 2,
          "attributes": {
            "cidr_blocks": null,
            "description": "Egress from Backend ALB to Backend instances",
            "from_port": 8088,
            "id": "sgrule-459995216",
            "ipv6_cidr_blocks": null,
            "prefix_list_ids": null,
            "protocol": "tcp",
            "security_group_id": "sg-0d865522609f75439",
            "security_group_rule_id": "sgr-0bf7ad7b3ce3143c3",
            "self": false,
            "source_security_group_id": "sg-06ada9d869a2ee616",
            "timeouts": null,
            "to_port": 8088,
            "type": "egress"
          },
          "sensitive_attributes": [],
          "private": "eyJlMmJmYjczMC1lY2FhLTExZTYtOGY4OC0zNDM2M2JjN2M0YzAiOnsiY3JlYXRlIjozMDAwMDAwMDAwMDB9LCJzY2hlbWFfdmVyc2lvbiI6IjIifQ==",
          "dependencies": [
            "aws_security_group.alb_ingress",
            "aws_security_group.backend_alb_sg",
            "aws_security_group.backend_instances_sg",
            "aws_security_group.frontend_instances_sg",
            "aws_vpc.app_vpc",
            "random_id.suffix"
          ]
        }
      ]
    },
    {
      "mode": "managed",
      "type": "aws_security_group_rule",
      "name": "backend_instances_to_rds_egress",
      "provider": "provider[\"registry.terraform.io/hashicorp/aws\"]",
      "instances": [
        {
          "schema_version": 2,
          "attributes": {
            "cidr_blocks": null,
            "description": "Egress from Backend instances to RDS",
            "from_port": 5432,
            "id": "sgrule-2515747096",
            "ipv6_cidr_blocks": null,
            "prefix_list_ids": null,
            "protocol": "tcp",
            "security_group_id": "sg-06ada9d869a2ee616",
            "security_group_rule_id": "sgr-049bbbaa8301a93d2",
            "self": false,
            "source_security_group_id": "sg-09abab32ebd19ce07",
            "timeouts": null,
            "to_port": 5432,
            "type": "egress"
          },
          "sensitive_attributes": [],
          "private": "eyJlMmJmYjczMC1lY2FhLTExZTYtOGY4OC0zNDM2M2JjN2M0YzAiOnsiY3JlYXRlIjozMDAwMDAwMDAwMDB9LCJzY2hlbWFfdmVyc2lvbiI6IjIifQ==",
          "dependencies": [
            "aws_security_group.alb_ingress",
            "aws_security_group.backend_alb_sg",
            "aws_security_group.backend_instances_sg",
            "aws_security_group.frontend_instances_sg",
            "aws_security_group.rds_ingress_from_backend",
            "aws_vpc.app_vpc",
            "random_id.suffix"
          ]
        }
      ]
    },
    {
      "mode": "managed",
      "type": "aws_security_group_rule",
      "name": "frontend_to_backend_alb_egress",
      "provider": "provider[\"registry.terraform.io/hashicorp/aws\"]",
      "instances": [
        {
          "schema_version": 2,
          "attributes": {
            "cidr_blocks": null,
            "description": "Egress from Frontend instances to Backend ALB",
            "from_port": 8088,
            "id": "sgrule-2459434144",
            "ipv6_cidr_blocks": null,
            "prefix_list_ids": null,
            "protocol": "tcp",
            "security_group_id": "sg-07708e6b1e744f742",
            "security_group_rule_id": "sgr-08fb1e53ce6f220cd",
            "self": false,
            "source_security_group_id": "sg-0d865522609f75439",
            "timeouts": null,
            "to_port": 8088,
            "type": "egress"
          },
          "sensitive_attributes": [],
          "private": "eyJlMmJmYjczMC1lY2FhLTExZTYtOGY4OC0zNDM2M2JjN2M0YzAiOnsiY3JlYXRlIjozMDAwMDAwMDAwMDB9LCJzY2hlbWFfdmVyc2lvbiI6IjIifQ==",
          "dependencies": [
            "aws_security_group.alb_ingress",
            "aws_security_group.backend_alb_sg",
            "aws_security_group.frontend_instances_sg",
            "aws_vpc.app_vpc",
            "random_id.suffix"
          ]
        }
      ]
    },
    {
      "mode": "managed",
      "type": "aws_subnet",
      "name": "private",
      "provider": "provider[\"registry.terraform.io/hashicorp/aws\"]",
      "instances": [
        {
          "index_key": 0,
          "schema_version": 1,
          "attributes": {
            "arn": "arn:aws:ec2:us-east-1:380561000375:subnet/subnet-07db4f3a4ddd7d2cc",
            "assign_ipv6_address_on_creation": false,
            "availability_zone": "us-east-1a",
            "availability_zone_id": "use1-az6",
            "cidr_block": "10.0.2.0/24",
            "customer_owned_ipv4_pool": "",
            "enable_dns64": false,
            "enable_lni_at_device_index": 0,
            "enable_resource_name_dns_a_record_on_launch": false,
            "enable_resource_name_dns_aaaa_record_on_launch": false,
            "id": "subnet-07db4f3a4ddd7d2cc",
            "ipv6_cidr_block": "",
            "ipv6_cidr_block_association_id": "",
            "ipv6_native": false,
            "map_customer_owned_ip_on_launch": false,
            "map_public_ip_on_launch": false,
            "outpost_arn": "",
            "owner_id": "380561000375",
            "private_dns_hostname_type_on_launch": "ip-name",
            "tags": {
              "ManagedBy": "Terraform",
              "Name": "private-subnet-us-east-1a-78d3d920",
              "Project": "Astrolearn"
            },
            "tags_all": {
              "ManagedBy": "Terraform",
              "Name": "private-subnet-us-east-1a-78d3d920",
              "Project": "Astrolearn"
            },
            "timeouts": null,
            "vpc_id": "vpc-0bfbec9b4f7d14721"
          },
          "sensitive_attributes": [],
          "private": "eyJlMmJmYjczMC1lY2FhLTExZTYtOGY4OC0zNDM2M2JjN2M0YzAiOnsiY3JlYXRlIjo2MDAwMDAwMDAwMDAsImRlbGV0ZSI6MTIwMDAwMDAwMDAwMH0sInNjaGVtYV92ZXJzaW9uIjoiMSJ9",
          "dependencies": [
            "aws_vpc.app_vpc",
            "random_id.suffix"
          ]
        },
        {
          "index_key": 1,
          "schema_version": 1,
          "attributes": {
            "arn": "arn:aws:ec2:us-east-1:380561000375:subnet/subnet-00233b9906b3428a4",
            "assign_ipv6_address_on_creation": false,
            "availability_zone": "us-east-1b",
            "availability_zone_id": "use1-az1",
            "cidr_block": "10.0.3.0/24",
            "customer_owned_ipv4_pool": "",
            "enable_dns64": false,
            "enable_lni_at_device_index": 0,
            "enable_resource_name_dns_a_record_on_launch": false,
            "enable_resource_name_dns_aaaa_record_on_launch": false,
            "id": "subnet-00233b9906b3428a4",
            "ipv6_cidr_block": "",
            "ipv6_cidr_block_association_id": "",
            "ipv6_native": false,
            "map_customer_owned_ip_on_launch": false,
            "map_public_ip_on_launch": false,
            "outpost_arn": "",
            "owner_id": "380561000375",
            "private_dns_hostname_type_on_launch": "ip-name",
            "tags": {
              "ManagedBy": "Terraform",
              "Name": "private-subnet-us-east-1b-78d3d920",
              "Project": "Astrolearn"
            },
            "tags_all": {
              "ManagedBy": "Terraform",
              "Name": "private-subnet-us-east-1b-78d3d920",
              "Project": "Astrolearn"
            },
            "timeouts": null,
            "vpc_id": "vpc-0bfbec9b4f7d14721"
          },
          "sensitive_attributes": [],
          "private": "eyJlMmJmYjczMC1lY2FhLTExZTYtOGY4OC0zNDM2M2JjN2M0YzAiOnsiY3JlYXRlIjo2MDAwMDAwMDAwMDAsImRlbGV0ZSI6MTIwMDAwMDAwMDAwMH0sInNjaGVtYV92ZXJzaW9uIjoiMSJ9",
          "dependencies": [
            "aws_vpc.app_vpc",
            "random_id.suffix"
          ]
        }
      ]
    },
    {
      "mode": "managed",
      "type": "aws_subnet",
      "name": "public",
      "provider": "provider[\"registry.terraform.io/hashicorp/aws\"]",
      "instances": [
        {
          "index_key": 0,
          "schema_version": 1,
          "attributes": {
            "arn": "arn:aws:ec2:us-east-1:380561000375:subnet/subnet-079c6ba8e344dfcc2",
            "assign_ipv6_address_on_creation": false,
            "availability_zone": "us-east-1a",
            "availability_zone_id": "use1-az6",
            "cidr_block": "10.0.0.0/24",
            "customer_owned_ipv4_pool": "",
            "enable_dns64": false,
            "enable_lni_at_device_index": 0,
            "enable_resource_name_dns_a_record_on_launch": false,
            "enable_resource_name_dns_aaaa_record_on_launch": false,
            "id": "subnet-079c6ba8e344dfcc2",
            "ipv6_cidr_block": "",
            "ipv6_cidr_block_association_id": "",
            "ipv6_native": false,
            "map_customer_owned_ip_on_launch": false,
            "map_public_ip_on_launch": true,
            "outpost_arn": "",
            "owner_id": "380561000375",
            "private_dns_hostname_type_on_launch": "ip-name",
            "tags": {
              "ManagedBy": "Terraform",
              "Name": "public-subnet-us-east-1a-78d3d920",
              "Project": "Astrolearn"
            },
            "tags_all": {
              "ManagedBy": "Terraform",
              "Name": "public-subnet-us-east-1a-78d3d920",
              "Project": "Astrolearn"
            },
            "timeouts": null,
            "vpc_id": "vpc-0bfbec9b4f7d14721"
          },
          "sensitive_attributes": [],
          "private": "eyJlMmJmYjczMC1lY2FhLTExZTYtOGY4OC0zNDM2M2JjN2M0YzAiOnsiY3JlYXRlIjo2MDAwMDAwMDAwMDAsImRlbGV0ZSI6MTIwMDAwMDAwMDAwMH0sInNjaGVtYV92ZXJzaW9uIjoiMSJ9",
          "dependencies": [
            "aws_vpc.app_vpc",
            "random_id.suffix"
          ]
        },
        {
          "index_key": 1,
          "schema_version": 1,
          "attributes": {
            "arn": "arn:aws:ec2:us-east-1:380561000375:subnet/subnet-075ed61f291fe3f5b",
            "assign_ipv6_address_on_creation": false,
            "availability_zone": "us-east-1b",
            "availability_zone_id": "use1-az1",
            "cidr_block": "10.0.1.0/24",
            "customer_owned_ipv4_pool": "",
            "enable_dns64": false,
            "enable_lni_at_device_index": 0,
            "enable_resource_name_dns_a_record_on_launch": false,
            "enable_resource_name_dns_aaaa_record_on_launch": false,
            "id": "subnet-075ed61f291fe3f5b",
            "ipv6_cidr_block": "",
            "ipv6_cidr_block_association_id": "",
            "ipv6_native": false,
            "map_customer_owned_ip_on_launch": false,
            "map_public_ip_on_launch": true,
            "outpost_arn": "",
            "owner_id": "380561000375",
            "private_dns_hostname_type_on_launch": "ip-name",
            "tags": {
              "ManagedBy": "Terraform",
              "Name": "public-subnet-us-east-1b-78d3d920",
              "Project": "Astrolearn"
            },
            "tags_all": {
              "ManagedBy": "Terraform",
              "Name": "public-subnet-us-east-1b-78d3d920",
              "Project": "Astrolearn"
            },
            "timeouts": null,
            "vpc_id": "vpc-0bfbec9b4f7d14721"
          },
          "sensitive_attributes": [],
          "private": "eyJlMmJmYjczMC1lY2FhLTExZTYtOGY4OC0zNDM2M2JjN2M0YzAiOnsiY3JlYXRlIjo2MDAwMDAwMDAwMDAsImRlbGV0ZSI6MTIwMDAwMDAwMDAwMH0sInNjaGVtYV92ZXJzaW9uIjoiMSJ9",
          "dependencies": [
            "aws_vpc.app_vpc",
            "random_id.suffix"
          ]
        }
      ]
    },
    {
      "mode": "managed",
      "type": "aws_vpc",
      "name": "app_vpc",
      "provider": "provider[\"registry.terraform.io/hashicorp/aws\"]",
      "instances": [
        {
          "schema_version": 1,
          "attributes": {
            "arn": "arn:aws:ec2:us-east-1:380561000375:vpc/vpc-0bfbec9b4f7d14721",
            "assign_generated_ipv6_cidr_block": false,
            "cidr_block": "10.0.0.0/16",
            "default_network_acl_id": "acl-052ef367b828ee0c5",
            "default_route_table_id": "rtb-03589417cf33f918d",
            "default_security_group_id": "sg-0437c36b673d770a9",
            "dhcp_options_id": "dopt-0d48b1e2f8d89a91b",
            "enable_dns_hostnames": true,
            "enable_dns_support": true,
            "enable_network_address_usage_metrics": false,
            "id": "vpc-0bfbec9b4f7d14721",
            "instance_tenancy": "default",
            "ipv4_ipam_pool_id": null,
            "ipv4_netmask_length": null,
            "ipv6_association_id": "",
            "ipv6_cidr_block": "",
            "ipv6_cidr_block_network_border_group": "",
            "ipv6_ipam_pool_id": "",
            "ipv6_netmask_length": 0,
            "main_route_table_id": "rtb-03589417cf33f918d",
            "owner_id": "380561000375",
            "tags": {
              "ManagedBy": "Terraform",
              "Name": "app-vpc-78d3d920",
              "Project": "Astrolearn"
            },
            "tags_all": {
              "ManagedBy": "Terraform",
              "Name": "app-vpc-78d3d920",
              "Project": "Astrolearn"
            }
          },
          "sensitive_attributes": [],
          "private": "eyJzY2hlbWFfdmVyc2lvbiI6IjEifQ==",
          "dependencies": [
            "random_id.suffix"
          ]
        }
      ]
    },
    {
      "mode": "managed",
      "type": "local_file",
      "name": "ansible_inventory",
      "provider": "provider[\"registry.terraform.io/hashicorp/local\"]",
      "instances": [
        {
          "schema_version": 0,
          "attributes": {
            "content": "[frontend]\r\n10.0.1.142 ansible_host=13.220.29.37 ansible_user=ec2-user\r\n\r\n[backend]\r\n10.0.1.214 ansible_host=18.209.231.131 ansible_user=ec2-user\r\n\r\n[all:vars]\r\nansible_ssh_private_key_file=./ansible/ssh_key.pem\r\nansible_ssh_common_args='-o StrictHostKeyChecking=no'\r\n",
            "content_base64": null,
            "content_base64sha256": "CcD7W16KxfQqDEMbf3uH2zvLDGqp1TVG+OyPHuYQGZw=",
            "content_base64sha512": "gmmOBu0wHWfOMbGaV5c4aD4/8FEyALgqhjYEl7Z79W6pfgSJxsdE+pTbKj01+xkIWLcgJUsjofrOtpgpM1D6OQ==",
            "content_md5": "2c9a604c46de038f403ce71bbef35150",
            "content_sha1": "381ece2ca1ab00c236e3bf06ad2611c5054d46b6",
            "content_sha256": "09c0fb5b5e8ac5f42a0c431b7f7b87db3bcb0c6aa9d53546f8ec8f1ee610199c",
            "content_sha512": "82698e06ed301d67ce31b19a579738683e3ff0513200b82a86360497b67bf56ea97e0489c6c744fa94db2a3d35fb190858b720254b23a1faceb698293350fa39",
            "directory_permission": "0777",
            "file_permission": "0777",
            "filename": "./ansible/inventory.ini",
            "id": "381ece2ca1ab00c236e3bf06ad2611c5054d46b6",
            "sensitive_content": null,
            "source": null
          },
          "sensitive_attributes": [
            [
              {
                "type": "get_attr",
                "value": "sensitive_content"
              }
            ]
          ],
          "dependencies": [
            "aws_autoscaling_group.backend_asg",
            "aws_autoscaling_group.frontend_asg",
            "aws_db_instance.app_db",
            "aws_db_subnet_group.app_db_subnet_group",
            "aws_launch_template.backend_template",
            "aws_launch_template.frontend_template",
            "aws_lb.backend_alb",
            "aws_lb_target_group.backend_tg",
            "aws_lb_target_group.frontend_tg",
            "aws_security_group.alb_ingress",
            "aws_security_group.backend_alb_sg",
            "aws_security_group.backend_instances_sg",
            "aws_security_group.frontend_instances_sg",
            "aws_security_group.rds_ingress_from_backend",
            "aws_security_group.ssh_allowed",
            "aws_subnet.private",
            "aws_subnet.public",
            "aws_vpc.app_vpc",
            "data.aws_instances.backend_instances",
            "data.aws_instances.frontend_instances",
            "random_id.suffix",
            "time_sleep.wait_for_instances"
          ]
        }
      ]
    },
    {
      "mode": "managed",
      "type": "random_id",
      "name": "suffix",
      "provider": "provider[\"registry.terraform.io/hashicorp/random\"]",
      "instances": [
        {
          "schema_version": 0,
          "attributes": {
            "b64_std": "eNPZIA==",
            "b64_url": "eNPZIA",
            "byte_length": 4,
            "dec": "2027149600",
            "hex": "78d3d920",
            "id": "eNPZIA",
            "keepers": null,
            "prefix": null
          },
          "sensitive_attributes": []
        }
      ]
    },
    {
      "mode": "managed",
      "type": "time_sleep",
      "name": "wait_for_instances",
      "provider": "provider[\"registry.terraform.io/hashicorp/time\"]",
      "instances": [
        {
          "schema_version": 0,
          "attributes": {
            "create_duration": "90s",
            "destroy_duration": null,
            "id": "2025-05-10T16:42:26Z",
            "triggers": null
          },
          "sensitive_attributes": [],
          "dependencies": [
            "aws_autoscaling_group.backend_asg",
            "aws_autoscaling_group.frontend_asg",
            "aws_db_instance.app_db",
            "aws_db_subnet_group.app_db_subnet_group",
            "aws_launch_template.backend_template",
            "aws_launch_template.frontend_template",
            "aws_lb.backend_alb",
            "aws_lb_target_group.backend_tg",
            "aws_lb_target_group.frontend_tg",
            "aws_security_group.alb_ingress",
            "aws_security_group.backend_alb_sg",
            "aws_security_group.backend_instances_sg",
            "aws_security_group.frontend_instances_sg",
            "aws_security_group.rds_ingress_from_backend",
            "aws_security_group.ssh_allowed",
            "aws_subnet.private",
            "aws_subnet.public",
            "aws_vpc.app_vpc",
            "random_id.suffix"
          ]
        }
      ]
    }
  ],
  "check_results": null
}
