{
  "version": 4,
  "terraform_version": "1.11.4",
  "serial": 724,
  "lineage": "b706cb41-0767-ede1-8e2e-74edda223f14",
  "outputs": {
    "backend_alb_dns": {
      "value": "internal-backend-alb-2397b54c-956549290.us-east-1.elb.amazonaws.com",
      "type": "string"
    },
    "backend_instance_private_ips": {
      "value": [
        "10.0.1.58"
      ],
      "type": [
        "list",
        "string"
      ]
    },
    "backend_instance_public_ips": {
      "value": [
        "44.200.120.246"
      ],
      "type": [
        "list",
        "string"
      ]
    },
    "frontend_alb_dns": {
      "value": "frontend-alb-2397b54c-1502494043.us-east-1.elb.amazonaws.com",
      "type": "string"
    },
    "frontend_instance_private_ips": {
      "value": [
        "10.0.0.232"
      ],
      "type": [
        "list",
        "string"
      ]
    },
    "frontend_instance_public_ips": {
      "value": [
        "3.89.136.11"
      ],
      "type": [
        "list",
        "string"
      ]
    },
    "rds_instance_endpoint": {
      "value": "app-db-instance-2397b54c.cyv8uui84774.us-east-1.rds.amazonaws.com:5432",
      "type": "string"
    },
    "rds_instance_port": {
      "value": 5432,
      "type": "number"
    }
  },
  "resources": [
    {
      "mode": "data",
      "type": "aws_instances",
      "name": "backend_instances",
      "provider": "provider[\"registry.terraform.io/hashicorp/aws\"]",
      "instances": [
        {
          "schema_version": 0,
          "attributes": {
            "filter": [
              {
                "name": "instance-state-name",
                "values": [
                  "running"
                ]
              }
            ],
            "id": "us-east-1",
            "ids": [
              "i-0276804167a3b7088"
            ],
            "instance_state_names": null,
            "instance_tags": {
              "aws:autoscaling:groupName": "backend-asg-2397b54c"
            },
            "ipv6_addresses": [],
            "private_ips": [
              "10.0.1.58"
            ],
            "public_ips": [
              "44.200.120.246"
            ],
            "timeouts": null
          },
          "sensitive_attributes": []
        }
      ]
    },
    {
      "mode": "data",
      "type": "aws_instances",
      "name": "frontend_instances",
      "provider": "provider[\"registry.terraform.io/hashicorp/aws\"]",
      "instances": [
        {
          "schema_version": 0,
          "attributes": {
            "filter": [
              {
                "name": "instance-state-name",
                "values": [
                  "running"
                ]
              }
            ],
            "id": "us-east-1",
            "ids": [
              "i-0efbbe02fdfbd9756"
            ],
            "instance_state_names": null,
            "instance_tags": {
              "aws:autoscaling:groupName": "frontend-asg-2397b54c"
            },
            "ipv6_addresses": [],
            "private_ips": [
              "10.0.0.232"
            ],
            "public_ips": [
              "3.89.136.11"
            ],
            "timeouts": null
          },
          "sensitive_attributes": []
        }
      ]
    },
    {
      "mode": "managed",
      "type": "aws_autoscaling_group",
      "name": "backend_asg",
      "provider": "provider[\"registry.terraform.io/hashicorp/aws\"]",
      "instances": [
        {
          "schema_version": 1,
          "attributes": {
            "arn": "arn:aws:autoscaling:us-east-1:380561000375:autoScalingGroup:7d300102-3f09-4d51-b275-88aa8a9b9ec6:autoScalingGroupName/backend-asg-2397b54c",
            "availability_zone_distribution": [
              {
                "capacity_distribution_strategy": "balanced-best-effort"
              }
            ],
            "availability_zones": [
              "us-east-1a",
              "us-east-1b"
            ],
            "capacity_rebalance": false,
            "context": "",
            "default_cooldown": 300,
            "default_instance_warmup": 0,
            "desired_capacity": 1,
            "desired_capacity_type": "",
            "enabled_metrics": null,
            "force_delete": false,
            "force_delete_warm_pool": false,
            "health_check_grace_period": 300,
            "health_check_type": "ELB",
            "id": "backend-asg-2397b54c",
            "ignore_failed_scaling_activities": false,
            "initial_lifecycle_hook": [],
            "instance_maintenance_policy": [],
            "instance_refresh": [],
            "launch_configuration": "",
            "launch_template": [
              {
                "id": "lt-08fe41e780d5064fc",
                "name": "backend-template-2397b54c-20250525182905816000000002",
                "version": "$Latest"
              }
            ],
            "load_balancers": [],
            "max_instance_lifetime": 0,
            "max_size": 1,
            "metrics_granularity": "1Minute",
            "min_elb_capacity": null,
            "min_size": 1,
            "mixed_instances_policy": [],
            "name": "backend-asg-2397b54c",
            "name_prefix": "",
            "placement_group": "",
            "predicted_capacity": 0,
            "protect_from_scale_in": false,
            "service_linked_role_arn": "arn:aws:iam::380561000375:role/aws-service-role/autoscaling.amazonaws.com/AWSServiceRoleForAutoScaling",
            "suspended_processes": null,
            "tag": [
              {
                "key": "ManagedBy",
                "propagate_at_launch": true,
                "value": "Terraform"
              },
              {
                "key": "Name",
                "propagate_at_launch": true,
                "value": "backend-instance-2397b54c"
              },
              {
                "key": "Project",
                "propagate_at_launch": true,
                "value": "Astrolearn"
              },
              {
                "key": "Role",
                "propagate_at_launch": true,
                "value": "Backend"
              }
            ],
            "target_group_arns": [
              "arn:aws:elasticloadbalancing:us-east-1:380561000375:targetgroup/backend-tg-2397b54c/6f4b8a6d1dbfe109"
            ],
            "termination_policies": null,
            "timeouts": null,
            "traffic_source": [
              {
                "identifier": "arn:aws:elasticloadbalancing:us-east-1:380561000375:targetgroup/backend-tg-2397b54c/6f4b8a6d1dbfe109",
                "type": "elbv2"
              }
            ],
            "vpc_zone_identifier": [
              "subnet-012bb41a694b8b86f",
              "subnet-02c63344f536c49bc"
            ],
            "wait_for_capacity_timeout": "10m",
            "wait_for_elb_capacity": null,
            "warm_pool": [],
            "warm_pool_size": 0
          },
          "sensitive_attributes": [],
          "private": "eyJlMmJmYjczMC1lY2FhLTExZTYtOGY4OC0zNDM2M2JjN2M0YzAiOnsiZGVsZXRlIjo2MDAwMDAwMDAwMDAsInVwZGF0ZSI6NjAwMDAwMDAwMDAwfSwic2NoZW1hX3ZlcnNpb24iOiIxIn0=",
          "dependencies": [
            "aws_db_instance.app_db",
            "aws_db_subnet_group.app_db_subnet_group",
            "aws_launch_template.backend_template",
            "aws_lb.backend_alb",
            "aws_lb_target_group.backend_tg",
            "aws_security_group.alb_ingress",
            "aws_security_group.backend_alb_sg",
            "aws_security_group.backend_instances_sg",
            "aws_security_group.frontend_instances_sg",
            "aws_security_group.rds_ingress_from_backend",
            "aws_security_group.ssh_allowed",
            "aws_subnet.private",
            "aws_subnet.public",
            "aws_vpc.app_vpc",
            "random_id.suffix"
          ]
        }
      ]
    },
    {
      "mode": "managed",
      "type": "aws_autoscaling_group",
      "name": "frontend_asg",
      "provider": "provider[\"registry.terraform.io/hashicorp/aws\"]",
      "instances": [
        {
          "schema_version": 1,
          "attributes": {
            "arn": "arn:aws:autoscaling:us-east-1:380561000375:autoScalingGroup:f677a63c-8ee7-4d3f-a4a8-05c5bf50b45e:autoScalingGroupName/frontend-asg-2397b54c",
            "availability_zone_distribution": [
              {
                "capacity_distribution_strategy": "balanced-best-effort"
              }
            ],
            "availability_zones": [
              "us-east-1a",
              "us-east-1b"
            ],
            "capacity_rebalance": false,
            "context": "",
            "default_cooldown": 300,
            "default_instance_warmup": 0,
            "desired_capacity": 1,
            "desired_capacity_type": "",
            "enabled_metrics": null,
            "force_delete": false,
            "force_delete_warm_pool": false,
            "health_check_grace_period": 300,
            "health_check_type": "ELB",
            "id": "frontend-asg-2397b54c",
            "ignore_failed_scaling_activities": false,
            "initial_lifecycle_hook": [],
            "instance_maintenance_policy": [],
            "instance_refresh": [],
            "launch_configuration": "",
            "launch_template": [
              {
                "id": "lt-0453b290ea0193776",
                "name": "frontend-template-2397b54c-20250525182926384300000004",
                "version": "$Latest"
              }
            ],
            "load_balancers": [],
            "max_instance_lifetime": 0,
            "max_size": 1,
            "metrics_granularity": "1Minute",
            "min_elb_capacity": null,
            "min_size": 1,
            "mixed_instances_policy": [],
            "name": "frontend-asg-2397b54c",
            "name_prefix": "",
            "placement_group": "",
            "predicted_capacity": 0,
            "protect_from_scale_in": false,
            "service_linked_role_arn": "arn:aws:iam::380561000375:role/aws-service-role/autoscaling.amazonaws.com/AWSServiceRoleForAutoScaling",
            "suspended_processes": null,
            "tag": [
              {
                "key": "ManagedBy",
                "propagate_at_launch": true,
                "value": "Terraform"
              },
              {
                "key": "Name",
                "propagate_at_launch": true,
                "value": "frontend-instance-2397b54c"
              },
              {
                "key": "Project",
                "propagate_at_launch": true,
                "value": "Astrolearn"
              },
              {
                "key": "Role",
                "propagate_at_launch": true,
                "value": "Frontend"
              }
            ],
            "target_group_arns": [
              "arn:aws:elasticloadbalancing:us-east-1:380561000375:targetgroup/frontend-tg-2397b54c/14238c68bf2c3ded"
            ],
            "termination_policies": null,
            "timeouts": null,
            "traffic_source": [
              {
                "identifier": "arn:aws:elasticloadbalancing:us-east-1:380561000375:targetgroup/frontend-tg-2397b54c/14238c68bf2c3ded",
                "type": "elbv2"
              }
            ],
            "vpc_zone_identifier": [
              "subnet-012bb41a694b8b86f",
              "subnet-02c63344f536c49bc"
            ],
            "wait_for_capacity_timeout": "10m",
            "wait_for_elb_capacity": null,
            "warm_pool": [],
            "warm_pool_size": 0
          },
          "sensitive_attributes": [],
          "private": "eyJlMmJmYjczMC1lY2FhLTExZTYtOGY4OC0zNDM2M2JjN2M0YzAiOnsiZGVsZXRlIjo2MDAwMDAwMDAwMDAsInVwZGF0ZSI6NjAwMDAwMDAwMDAwfSwic2NoZW1hX3ZlcnNpb24iOiIxIn0=",
          "dependencies": [
            "aws_autoscaling_group.backend_asg",
            "aws_db_instance.app_db",
            "aws_db_subnet_group.app_db_subnet_group",
            "aws_launch_template.backend_template",
            "aws_launch_template.frontend_template",
            "aws_lb.backend_alb",
            "aws_lb_target_group.backend_tg",
            "aws_lb_target_group.frontend_tg",
            "aws_security_group.alb_ingress",
            "aws_security_group.backend_alb_sg",
            "aws_security_group.backend_instances_sg",
            "aws_security_group.frontend_instances_sg",
            "aws_security_group.rds_ingress_from_backend",
            "aws_security_group.ssh_allowed",
            "aws_subnet.private",
            "aws_subnet.public",
            "aws_vpc.app_vpc",
            "random_id.suffix"
          ]
        }
      ]
    },
    {
      "mode": "managed",
      "type": "aws_db_instance",
      "name": "app_db",
      "provider": "provider[\"registry.terraform.io/hashicorp/aws\"]",
      "instances": [
        {
          "schema_version": 2,
          "attributes": {
            "address": "app-db-instance-2397b54c.cyv8uui84774.us-east-1.rds.amazonaws.com",
            "allocated_storage": 20,
            "allow_major_version_upgrade": null,
            "apply_immediately": true,
            "arn": "arn:aws:rds:us-east-1:380561000375:db:app-db-instance-2397b54c",
            "auto_minor_version_upgrade": true,
            "availability_zone": "us-east-1a",
            "backup_retention_period": 0,
            "backup_target": "region",
            "backup_window": "03:18-03:48",
            "blue_green_update": [],
            "ca_cert_identifier": "rds-ca-rsa2048-g1",
            "character_set_name": "",
            "copy_tags_to_snapshot": false,
            "custom_iam_instance_profile": "",
            "customer_owned_ip_enabled": false,
            "database_insights_mode": "standard",
            "db_name": "db2",
            "db_subnet_group_name": "app-db-subnet-group-2397b54c",
            "dedicated_log_volume": false,
            "delete_automated_backups": true,
            "deletion_protection": false,
            "domain": "",
            "domain_auth_secret_arn": "",
            "domain_dns_ips": null,
            "domain_fqdn": "",
            "domain_iam_role_name": "",
            "domain_ou": "",
            "enabled_cloudwatch_logs_exports": null,
            "endpoint": "app-db-instance-2397b54c.cyv8uui84774.us-east-1.rds.amazonaws.com:5432",
            "engine": "postgres",
            "engine_lifecycle_support": "open-source-rds-extended-support",
            "engine_version": "17.4",
            "engine_version_actual": "17.4",
            "final_snapshot_identifier": null,
            "hosted_zone_id": "Z2R2ITUGPM61AM",
            "iam_database_authentication_enabled": false,
            "id": "db-Y3YK65FVZOVUBUWGGOV2NFMOGQ",
            "identifier": "app-db-instance-2397b54c",
            "identifier_prefix": "",
            "instance_class": "db.t3.micro",
            "iops": 0,
            "kms_key_id": "",
            "latest_restorable_time": "",
            "license_model": "postgresql-license",
            "listener_endpoint": [],
            "maintenance_window": "tue:04:33-tue:05:03",
            "manage_master_user_password": null,
            "master_user_secret": [],
            "master_user_secret_kms_key_id": null,
            "max_allocated_storage": 0,
            "monitoring_interval": 0,
            "monitoring_role_arn": "",
            "multi_az": false,
            "nchar_character_set_name": "",
            "network_type": "IPV4",
            "option_group_name": "default:postgres-17",
            "parameter_group_name": "default.postgres17",
            "password": "password",
            "password_wo": null,
            "password_wo_version": null,
            "performance_insights_enabled": false,
            "performance_insights_kms_key_id": "",
            "performance_insights_retention_period": 0,
            "port": 5432,
            "publicly_accessible": false,
            "replica_mode": "",
            "replicas": [],
            "replicate_source_db": "",
            "resource_id": "db-Y3YK65FVZOVUBUWGGOV2NFMOGQ",
            "restore_to_point_in_time": [],
            "s3_import": [],
            "skip_final_snapshot": true,
            "snapshot_identifier": null,
            "status": "available",
            "storage_encrypted": false,
            "storage_throughput": 0,
            "storage_type": "gp2",
            "tags": {
              "ManagedBy": "Terraform",
              "Name": "App Database",
              "Project": "Astrolearn"
            },
            "tags_all": {
              "ManagedBy": "Terraform",
              "Name": "App Database",
              "Project": "Astrolearn"
            },
            "timeouts": null,
            "timezone": "",
            "upgrade_storage_config": null,
            "username": "astrolearner",
            "vpc_security_group_ids": [
              "sg-001f708599f791bf3"
            ]
          },
          "sensitive_attributes": [
            [
              {
                "type": "get_attr",
                "value": "password"
              }
            ],
            [
              {
                "type": "get_attr",
                "value": "password_wo"
              }
            ]
          ],
          "private": "eyJlMmJmYjczMC1lY2FhLTExZTYtOGY4OC0zNDM2M2JjN2M0YzAiOnsiY3JlYXRlIjozMDAwMDAwMDAwMDAwLCJkZWxldGUiOjM2MDAwMDAwMDAwMDAsInVwZGF0ZSI6NDgwMDAwMDAwMDAwMH0sInNjaGVtYV92ZXJzaW9uIjoiMiJ9",
          "dependencies": [
            "aws_db_subnet_group.app_db_subnet_group",
            "aws_security_group.alb_ingress",
            "aws_security_group.backend_alb_sg",
            "aws_security_group.backend_instances_sg",
            "aws_security_group.frontend_instances_sg",
            "aws_security_group.rds_ingress_from_backend",
            "aws_subnet.private",
            "aws_vpc.app_vpc",
            "random_id.suffix"
          ]
        }
      ]
    },
    {
      "mode": "managed",
      "type": "aws_db_subnet_group",
      "name": "app_db_subnet_group",
      "provider": "provider[\"registry.terraform.io/hashicorp/aws\"]",
      "instances": [
        {
          "schema_version": 0,
          "attributes": {
            "arn": "arn:aws:rds:us-east-1:380561000375:subgrp:app-db-subnet-group-2397b54c",
            "description": "Subnet group for RDS",
            "id": "app-db-subnet-group-2397b54c",
            "name": "app-db-subnet-group-2397b54c",
            "name_prefix": "",
            "subnet_ids": [
              "subnet-0c4e51cdd947a89ae",
              "subnet-0cf8eb2e97f2e3581"
            ],
            "supported_network_types": [
              "IPV4"
            ],
            "tags": {
              "ManagedBy": "Terraform",
              "Name": "App DB Subnet Group",
              "Project": "Astrolearn"
            },
            "tags_all": {
              "ManagedBy": "Terraform",
              "Name": "App DB Subnet Group",
              "Project": "Astrolearn"
            },
            "vpc_id": "vpc-09ba3aefa1b0aefe0"
          },
          "sensitive_attributes": [],
          "private": "bnVsbA==",
          "dependencies": [
            "aws_subnet.private",
            "aws_vpc.app_vpc",
            "random_id.suffix"
          ]
        }
      ]
    },
    {
      "mode": "managed",
      "type": "aws_internet_gateway",
      "name": "app_igw",
      "provider": "provider[\"registry.terraform.io/hashicorp/aws\"]",
      "instances": [
        {
          "schema_version": 0,
          "attributes": {
            "arn": "arn:aws:ec2:us-east-1:380561000375:internet-gateway/igw-09fcfceb6491423ea",
            "id": "igw-09fcfceb6491423ea",
            "owner_id": "380561000375",
            "tags": {
              "ManagedBy": "Terraform",
              "Name": "app-igw-2397b54c",
              "Project": "Astrolearn"
            },
            "tags_all": {
              "ManagedBy": "Terraform",
              "Name": "app-igw-2397b54c",
              "Project": "Astrolearn"
            },
            "timeouts": null,
            "vpc_id": "vpc-09ba3aefa1b0aefe0"
          },
          "sensitive_attributes": [],
          "private": "eyJlMmJmYjczMC1lY2FhLTExZTYtOGY4OC0zNDM2M2JjN2M0YzAiOnsiY3JlYXRlIjoxMjAwMDAwMDAwMDAwLCJkZWxldGUiOjEyMDAwMDAwMDAwMDAsInVwZGF0ZSI6MTIwMDAwMDAwMDAwMH19",
          "dependencies": [
            "aws_vpc.app_vpc",
            "random_id.suffix"
          ]
        }
      ]
    },
    {
      "mode": "managed",
      "type": "aws_launch_template",
      "name": "backend_template",
      "provider": "provider[\"registry.terraform.io/hashicorp/aws\"]",
      "instances": [
        {
          "schema_version": 0,
          "attributes": {
            "arn": "arn:aws:ec2:us-east-1:380561000375:launch-template/lt-08fe41e780d5064fc",
            "block_device_mappings": [],
            "capacity_reservation_specification": [],
            "cpu_options": [],
            "credit_specification": [],
            "default_version": 1,
            "description": "",
            "disable_api_stop": false,
            "disable_api_termination": false,
            "ebs_optimized": "",
            "elastic_gpu_specifications": [],
            "elastic_inference_accelerator": [],
            "enclave_options": [],
            "hibernation_options": [],
            "iam_instance_profile": [],
            "id": "lt-08fe41e780d5064fc",
            "image_id": "ami-0b86aaed8ef90e45f",
            "instance_initiated_shutdown_behavior": "",
            "instance_market_options": [],
            "instance_requirements": [],
            "instance_type": "t2.micro",
            "kernel_id": "",
            "key_name": "Astrolearn-terraform",
            "latest_version": 1,
            "license_specification": [],
            "maintenance_options": [],
            "metadata_options": [],
            "monitoring": [],
            "name": "backend-template-2397b54c-20250525182905816000000002",
            "name_prefix": "backend-template-2397b54c-",
            "network_interfaces": [
              {
                "associate_carrier_ip_address": "",
                "associate_public_ip_address": "true",
                "connection_tracking_specification": [],
                "delete_on_termination": "true",
                "description": "",
                "device_index": 0,
                "ena_srd_specification": [],
                "interface_type": "",
                "ipv4_address_count": 0,
                "ipv4_addresses": null,
                "ipv4_prefix_count": 0,
                "ipv4_prefixes": null,
                "ipv6_address_count": 0,
                "ipv6_addresses": null,
                "ipv6_prefix_count": 0,
                "ipv6_prefixes": null,
                "network_card_index": 0,
                "network_interface_id": "",
                "primary_ipv6": "",
                "private_ip_address": "",
                "security_groups": [
                  "sg-0919d3529c08f945e",
                  "sg-0f0b4c4eb48697784"
                ],
                "subnet_id": ""
              }
            ],
            "placement": [],
            "private_dns_name_options": [],
            "ram_disk_id": "",
            "security_group_names": null,
            "tag_specifications": [
              {
                "resource_type": "instance",
                "tags": {
                  "ManagedBy": "Terraform",
                  "Name": "backend-instance-2397b54c",
                  "Project": "Astrolearn",
                  "Role": "Backend"
                }
              },
              {
                "resource_type": "volume",
                "tags": {
                  "ManagedBy": "Terraform",
                  "Name": "backend-volume-2397b54c",
                  "Project": "Astrolearn"
                }
              }
            ],
            "tags": {
              "ManagedBy": "Terraform",
              "Name": "Backend Launch Template",
              "Project": "Astrolearn"
            },
            "tags_all": {
              "ManagedBy": "Terraform",
              "Name": "Backend Launch Template",
              "Project": "Astrolearn"
            },
            "update_default_version": null,
            "user_data": "IyEvYmluL2Jhc2gNCnl1bSB1cGRhdGUgLXkNCnl1bSBpbnN0YWxsIC15IGRvY2tlcg0Kc2VydmljZSBkb2NrZXIgc3RhcnQNCnVzZXJtb2QgLWEgLUcgZG9ja2VyIGVjMi11c2VyDQoNCiMgRG9ja2VyIGltYWdlIG5hbWUgZnJvbSBUZXJyYWZvcm0gdmFyaWFibGUNCkJBQ0tFTkRfSU1BR0U9Im9tYXJiZG9jL2FzdHJvbGVhcm4tYmFjazpsYXRlc3QiDQoNCiMgUHVsbCB0aGUgRG9ja2VyIGltYWdlDQpkb2NrZXIgcHVsbCAkQkFDS0VORF9JTUFHRQ0KDQojIFJ1biB0aGUgRG9ja2VyIGNvbnRhaW5lciB3aXRoIGVudmlyb25tZW50IHZhcmlhYmxlcw0KIyBOb3RlOiBUaGUgdGVtcGxhdGUgdmFyaWFibGVzIHJkc19pbnN0YW5jZV9lbmRwb2ludCwgZGJfbmFtZSwgZGJfdXNlcm5hbWUsIGRiX3Bhc3N3b3JkIGFyZSBwYXNzZWQgYnkgVGVycmFmb3JtDQpkb2NrZXIgcnVuIC1kIC1wIDgwODg6ODA4OCBcDQogIC1lIFNQUklOR19EQVRBU09VUkNFX1VSTD0iamRiYzpwb3N0Z3Jlc3FsOi8vYXBwLWRiLWluc3RhbmNlLTIzOTdiNTRjLmN5djh1dWk4NDc3NC51cy1lYXN0LTEucmRzLmFtYXpvbmF3cy5jb206NTQzMi9kYjIiIFwNCiAgLWUgU1BSSU5HX0RBVEFTT1VSQ0VfVVNFUk5BTUU9ImFzdHJvbGVhcm5lciIgXA0KICAtZSBTUFJJTkdfREFUQVNPVVJDRV9QQVNTV09SRD0icGFzc3dvcmQiIFwNCiAgLWUgU0VSVkVSX1BPUlQ9IjgwODgiIFwNCiAgJEJBQ0tFTkRfSU1BR0UNCg==",
            "vpc_security_group_ids": null
          },
          "sensitive_attributes": [
            [
              {
                "type": "get_attr",
                "value": "user_data"
              }
            ]
          ],
          "private": "bnVsbA==",
          "dependencies": [
            "aws_db_instance.app_db",
            "aws_db_subnet_group.app_db_subnet_group",
            "aws_lb.backend_alb",
            "aws_security_group.alb_ingress",
            "aws_security_group.backend_alb_sg",
            "aws_security_group.backend_instances_sg",
            "aws_security_group.frontend_instances_sg",
            "aws_security_group.rds_ingress_from_backend",
            "aws_security_group.ssh_allowed",
            "aws_subnet.private",
            "aws_subnet.public",
            "aws_vpc.app_vpc",
            "random_id.suffix"
          ]
        }
      ]
    },
    {
      "mode": "managed",
      "type": "aws_launch_template",
      "name": "frontend_template",
      "provider": "provider[\"registry.terraform.io/hashicorp/aws\"]",
      "instances": [
        {
          "schema_version": 0,
          "attributes": {
            "arn": "arn:aws:ec2:us-east-1:380561000375:launch-template/lt-0453b290ea0193776",
            "block_device_mappings": [],
            "capacity_reservation_specification": [],
            "cpu_options": [],
            "credit_specification": [],
            "default_version": 1,
            "description": "",
            "disable_api_stop": false,
            "disable_api_termination": false,
            "ebs_optimized": "",
            "elastic_gpu_specifications": [],
            "elastic_inference_accelerator": [],
            "enclave_options": [],
            "hibernation_options": [],
            "iam_instance_profile": [],
            "id": "lt-0453b290ea0193776",
            "image_id": "ami-0b86aaed8ef90e45f",
            "instance_initiated_shutdown_behavior": "",
            "instance_market_options": [],
            "instance_requirements": [],
            "instance_type": "t2.micro",
            "kernel_id": "",
            "key_name": "Astrolearn-terraform",
            "latest_version": 1,
            "license_specification": [],
            "maintenance_options": [],
            "metadata_options": [],
            "monitoring": [],
            "name": "frontend-template-2397b54c-20250525182926384300000004",
            "name_prefix": "frontend-template-2397b54c-",
            "network_interfaces": [
              {
                "associate_carrier_ip_address": "",
                "associate_public_ip_address": "true",
                "connection_tracking_specification": [],
                "delete_on_termination": "true",
                "description": "",
                "device_index": 0,
                "ena_srd_specification": [],
                "interface_type": "",
                "ipv4_address_count": 0,
                "ipv4_addresses": null,
                "ipv4_prefix_count": 0,
                "ipv4_prefixes": null,
                "ipv6_address_count": 0,
                "ipv6_addresses": null,
                "ipv6_prefix_count": 0,
                "ipv6_prefixes": null,
                "network_card_index": 0,
                "network_interface_id": "",
                "primary_ipv6": "",
                "private_ip_address": "",
                "security_groups": [
                  "sg-06646cf9dcbab5ece",
                  "sg-0919d3529c08f945e"
                ],
                "subnet_id": ""
              }
            ],
            "placement": [],
            "private_dns_name_options": [],
            "ram_disk_id": "",
            "security_group_names": null,
            "tag_specifications": [
              {
                "resource_type": "instance",
                "tags": {
                  "ManagedBy": "Terraform",
                  "Name": "frontend-instance-2397b54c",
                  "Project": "Astrolearn",
                  "Role": "Frontend"
                }
              },
              {
                "resource_type": "volume",
                "tags": {
                  "ManagedBy": "Terraform",
                  "Name": "frontend-volume-2397b54c",
                  "Project": "Astrolearn",
                  "Role": "Frontend"
                }
              }
            ],
            "tags": {
              "ManagedBy": "Terraform",
              "Name": "Frontend Launch Template",
              "Project": "Astrolearn"
            },
            "tags_all": {
              "ManagedBy": "Terraform",
              "Name": "Frontend Launch Template",
              "Project": "Astrolearn"
            },
            "update_default_version": null,
            "user_data": "IyEvYmluL2Jhc2gNCnl1bSB1cGRhdGUgLXkNCnl1bSBpbnN0YWxsIC15IGRvY2tlcg0Kc2VydmljZSBkb2NrZXIgc3RhcnQNCnVzZXJtb2QgLWEgLUcgZG9ja2VyIGVjMi11c2VyDQoNCiMgSW5zdGFsbCBEb2NrZXIgQ29tcG9zZQ0KY3VybCAtTCAiaHR0cHM6Ly9naXRodWIuY29tL2RvY2tlci9jb21wb3NlL3JlbGVhc2VzL2xhdGVzdC9kb3dubG9hZC9kb2NrZXItY29tcG9zZS0kKHVuYW1lIC1zKS0kKHVuYW1lIC1tKSIgLW8gL3Vzci9sb2NhbC9iaW4vZG9ja2VyLWNvbXBvc2UNCmNobW9kICt4IC91c3IvbG9jYWwvYmluL2RvY2tlci1jb21wb3NlDQoNCiMgUHVsbCB0aGUgc3BlY2lmaWVkIERvY2tlciBpbWFnZQ0KZG9ja2VyIHB1bGwgb21hcmJkb2MvYXN0cm9sZWFybi1mcm9udDpsYXRlc3QNCg0KIyBTdG9wIGFueSBleGlzdGluZyBjb250YWluZXJzIChpbiBjYXNlIG9mIGluc3RhbmNlIHJldXNlKQ0KZG9ja2VyIHBzIC1xIHwgeGFyZ3MgLXIgZG9ja2VyIHN0b3ANCmRvY2tlciBwcyAtYSAtcSB8IHhhcmdzIC1yIGRvY2tlciBybQ0KDQojIENyZWF0ZSBhIHRlbXBvcmFyeSBkaXJlY3RvcnkgdG8gbW91bnQgaW50byB0aGUgY29udGFpbmVyDQpta2RpciAtcCAvdG1wL2Zyb250ZW5kLWNvbmZpZw0KDQojIENyZWF0ZSB0aGUgcnVudGltZSBjb25maWcuanMgZmlsZSB3aXRoIHRoZSBjb3JyZWN0IGJhY2tlbmQgVVJMDQpjYXQgPiAvdG1wL2Zyb250ZW5kLWNvbmZpZy9jb25maWcuanMgPDwgRU9MDQp3aW5kb3cuUlVOVElNRV9DT05GSUcgPSB7DQogIEFQSV9VUkw6ICdodHRwOi8vaW50ZXJuYWwtYmFja2VuZC1hbGItMjM5N2I1NGMtOTU2NTQ5MjkwLnVzLWVhc3QtMS5lbGIuYW1hem9uYXdzLmNvbTo4MDg4Jw0KfTsNCkVPTA0KDQplY2hvICJDcmVhdGVkIHJ1bnRpbWUgY29uZmlnIHdpdGggYmFja2VuZCBVUkw6IGh0dHA6Ly9pbnRlcm5hbC1iYWNrZW5kLWFsYi0yMzk3YjU0Yy05NTY1NDkyOTAudXMtZWFzdC0xLmVsYi5hbWF6b25hd3MuY29tOjgwODgiDQoNCiMgUnVuIHdpdGggcG9ydCA4MCBtYXBwZWQgdG8gY29udGFpbmVyIHBvcnQgMzAwMCBmb3IgQUxCIGhlYWx0aCBjaGVja3MNCiMgQWxzbyBrZWVwIDMwMDA6MzAwMCBtYXBwaW5nIGZvciBkaXJlY3QgYWNjZXNzIGlmIG5lZWRlZA0KIyBNb3VudCB0aGUgY29uZmlnIGZpbGUgaW50byB0aGUgY29udGFpbmVyJ3MgcHVibGljIGRpcmVjdG9yeQ0KZG9ja2VyIHJ1biAtZCBcDQogIC1wIDgwOjMwMDAgXA0KICAtcCAzMDAwOjMwMDAgXA0KICAtdiAvdG1wL2Zyb250ZW5kLWNvbmZpZy9jb25maWcuanM6L2FwcC9wdWJsaWMvY29uZmlnLmpzIFwNCiAgLWUgTkVYVF9QVUJMSUNfQVBJX1VSTD0iaHR0cDovL2ludGVybmFsLWJhY2tlbmQtYWxiLTIzOTdiNTRjLTk1NjU0OTI5MC51cy1lYXN0LTEuZWxiLmFtYXpvbmF3cy5jb206ODA4OCIgXA0KICAtLXJlc3RhcnQgYWx3YXlzIFwNCiAgb21hcmJkb2MvYXN0cm9sZWFybi1mcm9udDpsYXRlc3QNCg==",
            "vpc_security_group_ids": null
          },
          "sensitive_attributes": [],
          "private": "bnVsbA==",
          "dependencies": [
            "aws_autoscaling_group.backend_asg",
            "aws_db_instance.app_db",
            "aws_db_subnet_group.app_db_subnet_group",
            "aws_launch_template.backend_template",
            "aws_lb.backend_alb",
            "aws_lb_target_group.backend_tg",
            "aws_security_group.alb_ingress",
            "aws_security_group.backend_alb_sg",
            "aws_security_group.backend_instances_sg",
            "aws_security_group.frontend_instances_sg",
            "aws_security_group.rds_ingress_from_backend",
            "aws_security_group.ssh_allowed",
            "aws_subnet.private",
            "aws_subnet.public",
            "aws_vpc.app_vpc",
            "random_id.suffix"
          ]
        }
      ]
    },
    {
      "mode": "managed",
      "type": "aws_lb",
      "name": "backend_alb",
      "provider": "provider[\"registry.terraform.io/hashicorp/aws\"]",
      "instances": [
        {
          "schema_version": 0,
          "attributes": {
            "access_logs": [
              {
                "bucket": "",
                "enabled": false,
                "prefix": ""
              }
            ],
            "arn": "arn:aws:elasticloadbalancing:us-east-1:380561000375:loadbalancer/app/backend-alb-2397b54c/76bfb29e3c66760f",
            "arn_suffix": "app/backend-alb-2397b54c/76bfb29e3c66760f",
            "client_keep_alive": 3600,
            "connection_logs": [
              {
                "bucket": "",
                "enabled": false,
                "prefix": ""
              }
            ],
            "customer_owned_ipv4_pool": "",
            "desync_mitigation_mode": "defensive",
            "dns_name": "internal-backend-alb-2397b54c-956549290.us-east-1.elb.amazonaws.com",
            "dns_record_client_routing_policy": null,
            "drop_invalid_header_fields": false,
            "enable_cross_zone_load_balancing": true,
            "enable_deletion_protection": false,
            "enable_http2": true,
            "enable_tls_version_and_cipher_suite_headers": false,
            "enable_waf_fail_open": false,
            "enable_xff_client_port": false,
            "enable_zonal_shift": false,
            "enforce_security_group_inbound_rules_on_private_link_traffic": "",
            "id": "arn:aws:elasticloadbalancing:us-east-1:380561000375:loadbalancer/app/backend-alb-2397b54c/76bfb29e3c66760f",
            "idle_timeout": 60,
            "internal": true,
            "ip_address_type": "ipv4",
            "ipam_pools": [],
            "load_balancer_type": "application",
            "name": "backend-alb-2397b54c",
            "name_prefix": "",
            "preserve_host_header": false,
            "security_groups": [
              "sg-0c6c0b79b5e306f2d"
            ],
            "subnet_mapping": [
              {
                "allocation_id": "",
                "ipv6_address": "",
                "outpost_id": "",
                "private_ipv4_address": "",
                "subnet_id": "subnet-012bb41a694b8b86f"
              },
              {
                "allocation_id": "",
                "ipv6_address": "",
                "outpost_id": "",
                "private_ipv4_address": "",
                "subnet_id": "subnet-02c63344f536c49bc"
              }
            ],
            "subnets": [
              "subnet-012bb41a694b8b86f",
              "subnet-02c63344f536c49bc"
            ],
            "tags": {
              "ManagedBy": "Terraform",
              "Name": "Backend ALB",
              "Project": "Astrolearn"
            },
            "tags_all": {
              "ManagedBy": "Terraform",
              "Name": "Backend ALB",
              "Project": "Astrolearn"
            },
            "timeouts": null,
            "vpc_id": "vpc-09ba3aefa1b0aefe0",
            "xff_header_processing_mode": "append",
            "zone_id": "Z35SXDOTRQ7X7K"
          },
          "sensitive_attributes": [],
          "private": "eyJlMmJmYjczMC1lY2FhLTExZTYtOGY4OC0zNDM2M2JjN2M0YzAiOnsiY3JlYXRlIjo2MDAwMDAwMDAwMDAsImRlbGV0ZSI6NjAwMDAwMDAwMDAwLCJ1cGRhdGUiOjYwMDAwMDAwMDAwMH19",
          "dependencies": [
            "aws_security_group.alb_ingress",
            "aws_security_group.backend_alb_sg",
            "aws_security_group.frontend_instances_sg",
            "aws_subnet.public",
            "aws_vpc.app_vpc",
            "random_id.suffix"
          ]
        }
      ]
    },
    {
      "mode": "managed",
      "type": "aws_lb",
      "name": "frontend_alb",
      "provider": "provider[\"registry.terraform.io/hashicorp/aws\"]",
      "instances": [
        {
          "schema_version": 0,
          "attributes": {
            "access_logs": [
              {
                "bucket": "",
                "enabled": false,
                "prefix": ""
              }
            ],
            "arn": "arn:aws:elasticloadbalancing:us-east-1:380561000375:loadbalancer/app/frontend-alb-2397b54c/8eb56522849f59be",
            "arn_suffix": "app/frontend-alb-2397b54c/8eb56522849f59be",
            "client_keep_alive": 3600,
            "connection_logs": [
              {
                "bucket": "",
                "enabled": false,
                "prefix": ""
              }
            ],
            "customer_owned_ipv4_pool": "",
            "desync_mitigation_mode": "defensive",
            "dns_name": "frontend-alb-2397b54c-1502494043.us-east-1.elb.amazonaws.com",
            "dns_record_client_routing_policy": null,
            "drop_invalid_header_fields": false,
            "enable_cross_zone_load_balancing": true,
            "enable_deletion_protection": false,
            "enable_http2": true,
            "enable_tls_version_and_cipher_suite_headers": false,
            "enable_waf_fail_open": false,
            "enable_xff_client_port": false,
            "enable_zonal_shift": false,
            "enforce_security_group_inbound_rules_on_private_link_traffic": "",
            "id": "arn:aws:elasticloadbalancing:us-east-1:380561000375:loadbalancer/app/frontend-alb-2397b54c/8eb56522849f59be",
            "idle_timeout": 60,
            "internal": false,
            "ip_address_type": "ipv4",
            "ipam_pools": [],
            "load_balancer_type": "application",
            "name": "frontend-alb-2397b54c",
            "name_prefix": "",
            "preserve_host_header": false,
            "security_groups": [
              "sg-04c7ce0c2b3c1db72"
            ],
            "subnet_mapping": [
              {
                "allocation_id": "",
                "ipv6_address": "",
                "outpost_id": "",
                "private_ipv4_address": "",
                "subnet_id": "subnet-012bb41a694b8b86f"
              },
              {
                "allocation_id": "",
                "ipv6_address": "",
                "outpost_id": "",
                "private_ipv4_address": "",
                "subnet_id": "subnet-02c63344f536c49bc"
              }
            ],
            "subnets": [
              "subnet-012bb41a694b8b86f",
              "subnet-02c63344f536c49bc"
            ],
            "tags": {
              "ManagedBy": "Terraform",
              "Name": "Frontend ALB",
              "Project": "Astrolearn"
            },
            "tags_all": {
              "ManagedBy": "Terraform",
              "Name": "Frontend ALB",
              "Project": "Astrolearn"
            },
            "timeouts": null,
            "vpc_id": "vpc-09ba3aefa1b0aefe0",
            "xff_header_processing_mode": "append",
            "zone_id": "Z35SXDOTRQ7X7K"
          },
          "sensitive_attributes": [],
          "private": "eyJlMmJmYjczMC1lY2FhLTExZTYtOGY4OC0zNDM2M2JjN2M0YzAiOnsiY3JlYXRlIjo2MDAwMDAwMDAwMDAsImRlbGV0ZSI6NjAwMDAwMDAwMDAwLCJ1cGRhdGUiOjYwMDAwMDAwMDAwMH19",
          "dependencies": [
            "aws_security_group.alb_ingress",
            "aws_subnet.public",
            "aws_vpc.app_vpc",
            "random_id.suffix"
          ]
        }
      ]
    },
    {
      "mode": "managed",
      "type": "aws_lb_listener",
      "name": "backend_http_listener",
      "provider": "provider[\"registry.terraform.io/hashicorp/aws\"]",
      "instances": [
        {
          "schema_version": 0,
          "attributes": {
            "alpn_policy": null,
            "arn": "arn:aws:elasticloadbalancing:us-east-1:380561000375:listener/app/backend-alb-2397b54c/76bfb29e3c66760f/31fdfff4fa741316",
            "certificate_arn": null,
            "default_action": [
              {
                "authenticate_cognito": [],
                "authenticate_oidc": [],
                "fixed_response": [],
                "forward": [],
                "order": 1,
                "redirect": [],
                "target_group_arn": "arn:aws:elasticloadbalancing:us-east-1:380561000375:targetgroup/backend-tg-2397b54c/6f4b8a6d1dbfe109",
                "type": "forward"
              }
            ],
            "id": "arn:aws:elasticloadbalancing:us-east-1:380561000375:listener/app/backend-alb-2397b54c/76bfb29e3c66760f/31fdfff4fa741316",
            "load_balancer_arn": "arn:aws:elasticloadbalancing:us-east-1:380561000375:loadbalancer/app/backend-alb-2397b54c/76bfb29e3c66760f",
            "mutual_authentication": [],
            "port": 8088,
            "protocol": "HTTP",
            "routing_http_request_x_amzn_mtls_clientcert_header_name": null,
            "routing_http_request_x_amzn_mtls_clientcert_issuer_header_name": null,
            "routing_http_request_x_amzn_mtls_clientcert_leaf_header_name": null,
            "routing_http_request_x_amzn_mtls_clientcert_serial_number_header_name": null,
            "routing_http_request_x_amzn_mtls_clientcert_subject_header_name": null,
            "routing_http_request_x_amzn_mtls_clientcert_validity_header_name": null,
            "routing_http_request_x_amzn_tls_cipher_suite_header_name": null,
            "routing_http_request_x_amzn_tls_version_header_name": null,
            "routing_http_response_access_control_allow_credentials_header_value": "",
            "routing_http_response_access_control_allow_headers_header_value": "",
            "routing_http_response_access_control_allow_methods_header_value": "",
            "routing_http_response_access_control_allow_origin_header_value": "",
            "routing_http_response_access_control_expose_headers_header_value": "",
            "routing_http_response_access_control_max_age_header_value": "",
            "routing_http_response_content_security_policy_header_value": "",
            "routing_http_response_server_enabled": false,
            "routing_http_response_strict_transport_security_header_value": "",
            "routing_http_response_x_content_type_options_header_value": "",
            "routing_http_response_x_frame_options_header_value": "",
            "ssl_policy": "",
            "tags": null,
            "tags_all": {},
            "tcp_idle_timeout_seconds": null,
            "timeouts": null
          },
          "sensitive_attributes": [],
          "private": "eyJlMmJmYjczMC1lY2FhLTExZTYtOGY4OC0zNDM2M2JjN2M0YzAiOnsiY3JlYXRlIjozMDAwMDAwMDAwMDAsInVwZGF0ZSI6MzAwMDAwMDAwMDAwfX0=",
          "dependencies": [
            "aws_lb.backend_alb",
            "aws_lb_target_group.backend_tg",
            "aws_security_group.alb_ingress",
            "aws_security_group.backend_alb_sg",
            "aws_security_group.frontend_instances_sg",
            "aws_subnet.public",
            "aws_vpc.app_vpc",
            "random_id.suffix"
          ]
        }
      ]
    },
    {
      "mode": "managed",
      "type": "aws_lb_listener",
      "name": "frontend_http_listener",
      "provider": "provider[\"registry.terraform.io/hashicorp/aws\"]",
      "instances": [
        {
          "schema_version": 0,
          "attributes": {
            "alpn_policy": null,
            "arn": "arn:aws:elasticloadbalancing:us-east-1:380561000375:listener/app/frontend-alb-2397b54c/8eb56522849f59be/f1933314436be942",
            "certificate_arn": null,
            "default_action": [
              {
                "authenticate_cognito": [],
                "authenticate_oidc": [],
                "fixed_response": [],
                "forward": [],
                "order": 1,
                "redirect": [],
                "target_group_arn": "arn:aws:elasticloadbalancing:us-east-1:380561000375:targetgroup/frontend-tg-2397b54c/14238c68bf2c3ded",
                "type": "forward"
              }
            ],
            "id": "arn:aws:elasticloadbalancing:us-east-1:380561000375:listener/app/frontend-alb-2397b54c/8eb56522849f59be/f1933314436be942",
            "load_balancer_arn": "arn:aws:elasticloadbalancing:us-east-1:380561000375:loadbalancer/app/frontend-alb-2397b54c/8eb56522849f59be",
            "mutual_authentication": [],
            "port": 80,
            "protocol": "HTTP",
            "routing_http_request_x_amzn_mtls_clientcert_header_name": null,
            "routing_http_request_x_amzn_mtls_clientcert_issuer_header_name": null,
            "routing_http_request_x_amzn_mtls_clientcert_leaf_header_name": null,
            "routing_http_request_x_amzn_mtls_clientcert_serial_number_header_name": null,
            "routing_http_request_x_amzn_mtls_clientcert_subject_header_name": null,
            "routing_http_request_x_amzn_mtls_clientcert_validity_header_name": null,
            "routing_http_request_x_amzn_tls_cipher_suite_header_name": null,
            "routing_http_request_x_amzn_tls_version_header_name": null,
            "routing_http_response_access_control_allow_credentials_header_value": "",
            "routing_http_response_access_control_allow_headers_header_value": "",
            "routing_http_response_access_control_allow_methods_header_value": "",
            "routing_http_response_access_control_allow_origin_header_value": "",
            "routing_http_response_access_control_expose_headers_header_value": "",
            "routing_http_response_access_control_max_age_header_value": "",
            "routing_http_response_content_security_policy_header_value": "",
            "routing_http_response_server_enabled": false,
            "routing_http_response_strict_transport_security_header_value": "",
            "routing_http_response_x_content_type_options_header_value": "",
            "routing_http_response_x_frame_options_header_value": "",
            "ssl_policy": "",
            "tags": null,
            "tags_all": {},
            "tcp_idle_timeout_seconds": null,
            "timeouts": null
          },
          "sensitive_attributes": [],
          "private": "eyJlMmJmYjczMC1lY2FhLTExZTYtOGY4OC0zNDM2M2JjN2M0YzAiOnsiY3JlYXRlIjozMDAwMDAwMDAwMDAsInVwZGF0ZSI6MzAwMDAwMDAwMDAwfX0=",
          "dependencies": [
            "aws_lb.frontend_alb",
            "aws_lb_target_group.frontend_tg",
            "aws_security_group.alb_ingress",
            "aws_subnet.public",
            "aws_vpc.app_vpc",
            "random_id.suffix"
          ]
        }
      ]
    },
    {
      "mode": "managed",
      "type": "aws_lb_target_group",
      "name": "backend_tg",
      "provider": "provider[\"registry.terraform.io/hashicorp/aws\"]",
      "instances": [
        {
          "schema_version": 0,
          "attributes": {
            "arn": "arn:aws:elasticloadbalancing:us-east-1:380561000375:targetgroup/backend-tg-2397b54c/6f4b8a6d1dbfe109",
            "arn_suffix": "targetgroup/backend-tg-2397b54c/6f4b8a6d1dbfe109",
            "connection_termination": null,
            "deregistration_delay": "300",
            "health_check": [
              {
                "enabled": true,
                "healthy_threshold": 2,
                "interval": 30,
                "matcher": "200",
                "path": "/actuator/health",
                "port": "traffic-port",
                "protocol": "HTTP",
                "timeout": 3,
                "unhealthy_threshold": 2
              }
            ],
            "id": "arn:aws:elasticloadbalancing:us-east-1:380561000375:targetgroup/backend-tg-2397b54c/6f4b8a6d1dbfe109",
            "ip_address_type": "ipv4",
            "lambda_multi_value_headers_enabled": false,
            "load_balancer_arns": [],
            "load_balancing_algorithm_type": "round_robin",
            "load_balancing_anomaly_mitigation": "off",
            "load_balancing_cross_zone_enabled": "use_load_balancer_configuration",
            "name": "backend-tg-2397b54c",
            "name_prefix": "",
            "port": 8088,
            "preserve_client_ip": null,
            "protocol": "HTTP",
            "protocol_version": "HTTP1",
            "proxy_protocol_v2": false,
            "slow_start": 0,
            "stickiness": [
              {
                "cookie_duration": 86400,
                "cookie_name": "",
                "enabled": false,
                "type": "lb_cookie"
              }
            ],
            "tags": {
              "ManagedBy": "Terraform",
              "Name": "Backend Target Group",
              "Project": "Astrolearn"
            },
            "tags_all": {
              "ManagedBy": "Terraform",
              "Name": "Backend Target Group",
              "Project": "Astrolearn"
            },
            "target_failover": [
              {
                "on_deregistration": null,
                "on_unhealthy": null
              }
            ],
            "target_group_health": [
              {
                "dns_failover": [
                  {
                    "minimum_healthy_targets_count": "1",
                    "minimum_healthy_targets_percentage": "off"
                  }
                ],
                "unhealthy_state_routing": [
                  {
                    "minimum_healthy_targets_count": 1,
                    "minimum_healthy_targets_percentage": "off"
                  }
                ]
              }
            ],
            "target_health_state": [
              {
                "enable_unhealthy_connection_termination": null,
                "unhealthy_draining_interval": null
              }
            ],
            "target_type": "instance",
            "vpc_id": "vpc-09ba3aefa1b0aefe0"
          },
          "sensitive_attributes": [],
          "private": "bnVsbA==",
          "dependencies": [
            "aws_vpc.app_vpc",
            "random_id.suffix"
          ]
        }
      ]
    },
    {
      "mode": "managed",
      "type": "aws_lb_target_group",
      "name": "frontend_tg",
      "provider": "provider[\"registry.terraform.io/hashicorp/aws\"]",
      "instances": [
        {
          "schema_version": 0,
          "attributes": {
            "arn": "arn:aws:elasticloadbalancing:us-east-1:380561000375:targetgroup/frontend-tg-2397b54c/14238c68bf2c3ded",
            "arn_suffix": "targetgroup/frontend-tg-2397b54c/14238c68bf2c3ded",
            "connection_termination": null,
            "deregistration_delay": "300",
            "health_check": [
              {
                "enabled": true,
                "healthy_threshold": 2,
                "interval": 30,
                "matcher": "200",
                "path": "/",
                "port": "traffic-port",
                "protocol": "HTTP",
                "timeout": 3,
                "unhealthy_threshold": 2
              }
            ],
            "id": "arn:aws:elasticloadbalancing:us-east-1:380561000375:targetgroup/frontend-tg-2397b54c/14238c68bf2c3ded",
            "ip_address_type": "ipv4",
            "lambda_multi_value_headers_enabled": false,
            "load_balancer_arns": [],
            "load_balancing_algorithm_type": "round_robin",
            "load_balancing_anomaly_mitigation": "off",
            "load_balancing_cross_zone_enabled": "use_load_balancer_configuration",
            "name": "frontend-tg-2397b54c",
            "name_prefix": "",
            "port": 3000,
            "preserve_client_ip": null,
            "protocol": "HTTP",
            "protocol_version": "HTTP1",
            "proxy_protocol_v2": false,
            "slow_start": 0,
            "stickiness": [
              {
                "cookie_duration": 86400,
                "cookie_name": "",
                "enabled": false,
                "type": "lb_cookie"
              }
            ],
            "tags": {
              "ManagedBy": "Terraform",
              "Name": "Frontend Target Group",
              "Project": "Astrolearn"
            },
            "tags_all": {
              "ManagedBy": "Terraform",
              "Name": "Frontend Target Group",
              "Project": "Astrolearn"
            },
            "target_failover": [
              {
                "on_deregistration": null,
                "on_unhealthy": null
              }
            ],
            "target_group_health": [
              {
                "dns_failover": [
                  {
                    "minimum_healthy_targets_count": "1",
                    "minimum_healthy_targets_percentage": "off"
                  }
                ],
                "unhealthy_state_routing": [
                  {
                    "minimum_healthy_targets_count": 1,
                    "minimum_healthy_targets_percentage": "off"
                  }
                ]
              }
            ],
            "target_health_state": [
              {
                "enable_unhealthy_connection_termination": null,
                "unhealthy_draining_interval": null
              }
            ],
            "target_type": "instance",
            "vpc_id": "vpc-09ba3aefa1b0aefe0"
          },
          "sensitive_attributes": [],
          "private": "bnVsbA==",
          "dependencies": [
            "aws_vpc.app_vpc",
            "random_id.suffix"
          ]
        }
      ]
    },
    {
      "mode": "managed",
      "type": "aws_route_table",
      "name": "public",
      "provider": "provider[\"registry.terraform.io/hashicorp/aws\"]",
      "instances": [
        {
          "schema_version": 0,
          "attributes": {
            "arn": "arn:aws:ec2:us-east-1:380561000375:route-table/rtb-04eb2da9ad3cb8f5f",
            "id": "rtb-04eb2da9ad3cb8f5f",
            "owner_id": "380561000375",
            "propagating_vgws": [],
            "route": [
              {
                "carrier_gateway_id": "",
                "cidr_block": "0.0.0.0/0",
                "core_network_arn": "",
                "destination_prefix_list_id": "",
                "egress_only_gateway_id": "",
                "gateway_id": "igw-09fcfceb6491423ea",
                "ipv6_cidr_block": "",
                "local_gateway_id": "",
                "nat_gateway_id": "",
                "network_interface_id": "",
                "transit_gateway_id": "",
                "vpc_endpoint_id": "",
                "vpc_peering_connection_id": ""
              }
            ],
            "tags": {
              "ManagedBy": "Terraform",
              "Name": "public-route-table-2397b54c",
              "Project": "Astrolearn"
            },
            "tags_all": {
              "ManagedBy": "Terraform",
              "Name": "public-route-table-2397b54c",
              "Project": "Astrolearn"
            },
            "timeouts": null,
            "vpc_id": "vpc-09ba3aefa1b0aefe0"
          },
          "sensitive_attributes": [],
          "private": "eyJlMmJmYjczMC1lY2FhLTExZTYtOGY4OC0zNDM2M2JjN2M0YzAiOnsiY3JlYXRlIjozMDAwMDAwMDAwMDAsImRlbGV0ZSI6MzAwMDAwMDAwMDAwLCJ1cGRhdGUiOjEyMDAwMDAwMDAwMH19",
          "dependencies": [
            "aws_internet_gateway.app_igw",
            "aws_vpc.app_vpc",
            "random_id.suffix"
          ]
        }
      ]
    },
    {
      "mode": "managed",
      "type": "aws_route_table_association",
      "name": "public",
      "provider": "provider[\"registry.terraform.io/hashicorp/aws\"]",
      "instances": [
        {
          "index_key": 0,
          "schema_version": 0,
          "attributes": {
            "gateway_id": "",
            "id": "rtbassoc-0625172b475124fdd",
            "route_table_id": "rtb-04eb2da9ad3cb8f5f",
            "subnet_id": "subnet-012bb41a694b8b86f",
            "timeouts": null
          },
          "sensitive_attributes": [],
          "private": "eyJlMmJmYjczMC1lY2FhLTExZTYtOGY4OC0zNDM2M2JjN2M0YzAiOnsiY3JlYXRlIjozMDAwMDAwMDAwMDAsImRlbGV0ZSI6MzAwMDAwMDAwMDAwLCJ1cGRhdGUiOjEyMDAwMDAwMDAwMH19",
          "dependencies": [
            "aws_internet_gateway.app_igw",
            "aws_route_table.public",
            "aws_subnet.public",
            "aws_vpc.app_vpc",
            "random_id.suffix"
          ]
        },
        {
          "index_key": 1,
          "schema_version": 0,
          "attributes": {
            "gateway_id": "",
            "id": "rtbassoc-02c79aa5b5797c157",
            "route_table_id": "rtb-04eb2da9ad3cb8f5f",
            "subnet_id": "subnet-02c63344f536c49bc",
            "timeouts": null
          },
          "sensitive_attributes": [],
          "private": "eyJlMmJmYjczMC1lY2FhLTExZTYtOGY4OC0zNDM2M2JjN2M0YzAiOnsiY3JlYXRlIjozMDAwMDAwMDAwMDAsImRlbGV0ZSI6MzAwMDAwMDAwMDAwLCJ1cGRhdGUiOjEyMDAwMDAwMDAwMH19",
          "dependencies": [
            "aws_internet_gateway.app_igw",
            "aws_route_table.public",
            "aws_subnet.public",
            "aws_vpc.app_vpc",
            "random_id.suffix"
          ]
        }
      ]
    },
    {
      "mode": "managed",
      "type": "aws_security_group",
      "name": "alb_ingress",
      "provider": "provider[\"registry.terraform.io/hashicorp/aws\"]",
      "instances": [
        {
          "schema_version": 1,
          "attributes": {
            "arn": "arn:aws:ec2:us-east-1:380561000375:security-group/sg-04c7ce0c2b3c1db72",
            "description": "Allow HTTP/HTTPS access to ALBs",
            "egress": [
              {
                "cidr_blocks": [
                  "0.0.0.0/0"
                ],
                "description": "",
                "from_port": 0,
                "ipv6_cidr_blocks": [],
                "prefix_list_ids": [],
                "protocol": "-1",
                "security_groups": [],
                "self": false,
                "to_port": 0
              }
            ],
            "id": "sg-04c7ce0c2b3c1db72",
            "ingress": [
              {
                "cidr_blocks": [
                  "0.0.0.0/0"
                ],
                "description": "",
                "from_port": 80,
                "ipv6_cidr_blocks": [],
                "prefix_list_ids": [],
                "protocol": "tcp",
                "security_groups": [],
                "self": false,
                "to_port": 80
              }
            ],
            "name": "alb-ingress-2397b54c",
            "name_prefix": "",
            "owner_id": "380561000375",
            "revoke_rules_on_delete": false,
            "tags": {
              "ManagedBy": "Terraform",
              "Name": "ALB Ingress",
              "Project": "Astrolearn"
            },
            "tags_all": {
              "ManagedBy": "Terraform",
              "Name": "ALB Ingress",
              "Project": "Astrolearn"
            },
            "timeouts": null,
            "vpc_id": "vpc-09ba3aefa1b0aefe0"
          },
          "sensitive_attributes": [],
          "private": "eyJlMmJmYjczMC1lY2FhLTExZTYtOGY4OC0zNDM2M2JjN2M0YzAiOnsiY3JlYXRlIjo2MDAwMDAwMDAwMDAsImRlbGV0ZSI6OTAwMDAwMDAwMDAwfSwic2NoZW1hX3ZlcnNpb24iOiIxIn0=",
          "dependencies": [
            "aws_vpc.app_vpc",
            "random_id.suffix"
          ]
        }
      ]
    },
    {
      "mode": "managed",
      "type": "aws_security_group",
      "name": "app_ingress_from_alb",
      "provider": "provider[\"registry.terraform.io/hashicorp/aws\"]",
      "instances": [
        {
          "schema_version": 1,
          "attributes": {
            "arn": "arn:aws:ec2:us-east-1:380561000375:security-group/sg-0a1cfb8d962836a5f",
            "description": "Allow traffic to app ports from ALBs",
            "egress": [
              {
                "cidr_blocks": [
                  "0.0.0.0/0"
                ],
                "description": "",
                "from_port": 0,
                "ipv6_cidr_blocks": [],
                "prefix_list_ids": [],
                "protocol": "-1",
                "security_groups": [],
                "self": false,
                "to_port": 0
              }
            ],
            "id": "sg-0a1cfb8d962836a5f",
            "ingress": [],
            "name": "app-ingress-from-alb-2397b54c",
            "name_prefix": "",
            "owner_id": "380561000375",
            "revoke_rules_on_delete": false,
            "tags": {
              "ManagedBy": "Terraform",
              "Name": "App Ingress from ALB",
              "Project": "Astrolearn"
            },
            "tags_all": {
              "ManagedBy": "Terraform",
              "Name": "App Ingress from ALB",
              "Project": "Astrolearn"
            },
            "timeouts": null,
            "vpc_id": "vpc-09ba3aefa1b0aefe0"
          },
          "sensitive_attributes": [],
          "private": "eyJlMmJmYjczMC1lY2FhLTExZTYtOGY4OC0zNDM2M2JjN2M0YzAiOnsiY3JlYXRlIjo2MDAwMDAwMDAwMDAsImRlbGV0ZSI6OTAwMDAwMDAwMDAwfSwic2NoZW1hX3ZlcnNpb24iOiIxIn0=",
          "dependencies": [
            "aws_vpc.app_vpc",
            "random_id.suffix"
          ]
        }
      ]
    },
    {
      "mode": "managed",
      "type": "aws_security_group",
      "name": "backend_alb_sg",
      "provider": "provider[\"registry.terraform.io/hashicorp/aws\"]",
      "instances": [
        {
          "schema_version": 1,
          "attributes": {
            "arn": "arn:aws:ec2:us-east-1:380561000375:security-group/sg-0c6c0b79b5e306f2d",
            "description": "Allow traffic to Backend ALB from Frontend Instances",
            "egress": [
              {
                "cidr_blocks": [
                  "0.0.0.0/0"
                ],
                "description": "Allow all outbound traffic if necessary (e.g. health checks to instances)",
                "from_port": 0,
                "ipv6_cidr_blocks": [],
                "prefix_list_ids": [],
                "protocol": "-1",
                "security_groups": [],
                "self": false,
                "to_port": 0
              }
            ],
            "id": "sg-0c6c0b79b5e306f2d",
            "ingress": [
              {
                "cidr_blocks": [],
                "description": "Backend App Port from Frontend Instances",
                "from_port": 8088,
                "ipv6_cidr_blocks": [],
                "prefix_list_ids": [],
                "protocol": "tcp",
                "security_groups": [
                  "sg-06646cf9dcbab5ece"
                ],
                "self": false,
                "to_port": 8088
              }
            ],
            "name": "backend-alb-sg-2397b54c",
            "name_prefix": "",
            "owner_id": "380561000375",
            "revoke_rules_on_delete": false,
            "tags": {
              "ManagedBy": "Terraform",
              "Name": "Backend ALB SG",
              "Project": "Astrolearn"
            },
            "tags_all": {
              "ManagedBy": "Terraform",
              "Name": "Backend ALB SG",
              "Project": "Astrolearn"
            },
            "timeouts": null,
            "vpc_id": "vpc-09ba3aefa1b0aefe0"
          },
          "sensitive_attributes": [],
          "private": "eyJlMmJmYjczMC1lY2FhLTExZTYtOGY4OC0zNDM2M2JjN2M0YzAiOnsiY3JlYXRlIjo2MDAwMDAwMDAwMDAsImRlbGV0ZSI6OTAwMDAwMDAwMDAwfSwic2NoZW1hX3ZlcnNpb24iOiIxIn0=",
          "dependencies": [
            "aws_security_group.alb_ingress",
            "aws_security_group.frontend_instances_sg",
            "aws_vpc.app_vpc",
            "random_id.suffix"
          ]
        }
      ]
    },
    {
      "mode": "managed",
      "type": "aws_security_group",
      "name": "backend_instances_sg",
      "provider": "provider[\"registry.terraform.io/hashicorp/aws\"]",
      "instances": [
        {
          "schema_version": 1,
          "attributes": {
            "arn": "arn:aws:ec2:us-east-1:380561000375:security-group/sg-0f0b4c4eb48697784",
            "description": "Allow traffic to Backend instances from Backend ALB and allow outbound to RDS",
            "egress": [
              {
                "cidr_blocks": [
                  "0.0.0.0/0"
                ],
                "description": "Allow all outbound traffic for OS updates etc.",
                "from_port": 0,
                "ipv6_cidr_blocks": [],
                "prefix_list_ids": [],
                "protocol": "-1",
                "security_groups": [],
                "self": false,
                "to_port": 0
              }
            ],
            "id": "sg-0f0b4c4eb48697784",
            "ingress": [
              {
                "cidr_blocks": [],
                "description": "Backend App Port from Backend ALB",
                "from_port": 8088,
                "ipv6_cidr_blocks": [],
                "prefix_list_ids": [],
                "protocol": "tcp",
                "security_groups": [
                  "sg-0c6c0b79b5e306f2d"
                ],
                "self": false,
                "to_port": 8088
              }
            ],
            "name": "backend-instances-sg-2397b54c",
            "name_prefix": "",
            "owner_id": "380561000375",
            "revoke_rules_on_delete": false,
            "tags": {
              "ManagedBy": "Terraform",
              "Name": "Backend Instances SG",
              "Project": "Astrolearn"
            },
            "tags_all": {
              "ManagedBy": "Terraform",
              "Name": "Backend Instances SG",
              "Project": "Astrolearn"
            },
            "timeouts": null,
            "vpc_id": "vpc-09ba3aefa1b0aefe0"
          },
          "sensitive_attributes": [],
          "private": "eyJlMmJmYjczMC1lY2FhLTExZTYtOGY4OC0zNDM2M2JjN2M0YzAiOnsiY3JlYXRlIjo2MDAwMDAwMDAwMDAsImRlbGV0ZSI6OTAwMDAwMDAwMDAwfSwic2NoZW1hX3ZlcnNpb24iOiIxIn0=",
          "dependencies": [
            "aws_security_group.alb_ingress",
            "aws_security_group.backend_alb_sg",
            "aws_security_group.frontend_instances_sg",
            "aws_vpc.app_vpc",
            "random_id.suffix"
          ]
        }
      ]
    },
    {
      "mode": "managed",
      "type": "aws_security_group",
      "name": "frontend_instances_sg",
      "provider": "provider[\"registry.terraform.io/hashicorp/aws\"]",
      "instances": [
        {
          "schema_version": 1,
          "attributes": {
            "arn": "arn:aws:ec2:us-east-1:380561000375:security-group/sg-06646cf9dcbab5ece",
            "description": "Allow traffic to Frontend instances from Frontend ALB and allow outbound to Backend ALB",
            "egress": [
              {
                "cidr_blocks": [
                  "0.0.0.0/0"
                ],
                "description": "Allow all outbound traffic for OS updates etc.",
                "from_port": 0,
                "ipv6_cidr_blocks": [],
                "prefix_list_ids": [],
                "protocol": "-1",
                "security_groups": [],
                "self": false,
                "to_port": 0
              }
            ],
            "id": "sg-06646cf9dcbab5ece",
            "ingress": [
              {
                "cidr_blocks": [],
                "description": "Frontend App Port from Frontend ALB",
                "from_port": 3000,
                "ipv6_cidr_blocks": [],
                "prefix_list_ids": [],
                "protocol": "tcp",
                "security_groups": [
                  "sg-04c7ce0c2b3c1db72"
                ],
                "self": false,
                "to_port": 3000
              }
            ],
            "name": "frontend-instances-sg-2397b54c",
            "name_prefix": "",
            "owner_id": "380561000375",
            "revoke_rules_on_delete": false,
            "tags": {
              "ManagedBy": "Terraform",
              "Name": "Frontend Instances SG",
              "Project": "Astrolearn"
            },
            "tags_all": {
              "ManagedBy": "Terraform",
              "Name": "Frontend Instances SG",
              "Project": "Astrolearn"
            },
            "timeouts": null,
            "vpc_id": "vpc-09ba3aefa1b0aefe0"
          },
          "sensitive_attributes": [],
          "private": "eyJlMmJmYjczMC1lY2FhLTExZTYtOGY4OC0zNDM2M2JjN2M0YzAiOnsiY3JlYXRlIjo2MDAwMDAwMDAwMDAsImRlbGV0ZSI6OTAwMDAwMDAwMDAwfSwic2NoZW1hX3ZlcnNpb24iOiIxIn0=",
          "dependencies": [
            "aws_security_group.alb_ingress",
            "aws_vpc.app_vpc",
            "random_id.suffix"
          ]
        }
      ]
    },
    {
      "mode": "managed",
      "type": "aws_security_group",
      "name": "rds_ingress_from_backend",
      "provider": "provider[\"registry.terraform.io/hashicorp/aws\"]",
      "instances": [
        {
          "schema_version": 1,
          "attributes": {
            "arn": "arn:aws:ec2:us-east-1:380561000375:security-group/sg-001f708599f791bf3",
            "description": "Allow DB traffic from Backend EC2s",
            "egress": [
              {
                "cidr_blocks": [
                  "0.0.0.0/0"
                ],
                "description": "",
                "from_port": 0,
                "ipv6_cidr_blocks": [],
                "prefix_list_ids": [],
                "protocol": "-1",
                "security_groups": [],
                "self": false,
                "to_port": 0
              }
            ],
            "id": "sg-001f708599f791bf3",
            "ingress": [
              {
                "cidr_blocks": [],
                "description": "",
                "from_port": 5432,
                "ipv6_cidr_blocks": [],
                "prefix_list_ids": [],
                "protocol": "tcp",
                "security_groups": [
                  "sg-0f0b4c4eb48697784"
                ],
                "self": false,
                "to_port": 5432
              }
            ],
            "name": "rds-ingress-from-backend-2397b54c",
            "name_prefix": "",
            "owner_id": "380561000375",
            "revoke_rules_on_delete": false,
            "tags": {
              "ManagedBy": "Terraform",
              "Name": "RDS Ingress from Backend",
              "Project": "Astrolearn"
            },
            "tags_all": {
              "ManagedBy": "Terraform",
              "Name": "RDS Ingress from Backend",
              "Project": "Astrolearn"
            },
            "timeouts": null,
            "vpc_id": "vpc-09ba3aefa1b0aefe0"
          },
          "sensitive_attributes": [],
          "private": "eyJlMmJmYjczMC1lY2FhLTExZTYtOGY4OC0zNDM2M2JjN2M0YzAiOnsiY3JlYXRlIjo2MDAwMDAwMDAwMDAsImRlbGV0ZSI6OTAwMDAwMDAwMDAwfSwic2NoZW1hX3ZlcnNpb24iOiIxIn0=",
          "dependencies": [
            "aws_security_group.alb_ingress",
            "aws_security_group.backend_alb_sg",
            "aws_security_group.backend_instances_sg",
            "aws_security_group.frontend_instances_sg",
            "aws_vpc.app_vpc",
            "random_id.suffix"
          ]
        }
      ]
    },
    {
      "mode": "managed",
      "type": "aws_security_group",
      "name": "ssh_allowed",
      "provider": "provider[\"registry.terraform.io/hashicorp/aws\"]",
      "instances": [
        {
          "schema_version": 1,
          "attributes": {
            "arn": "arn:aws:ec2:us-east-1:380561000375:security-group/sg-0919d3529c08f945e",
            "description": "Allow SSH access",
            "egress": [
              {
                "cidr_blocks": [
                  "0.0.0.0/0"
                ],
                "description": "",
                "from_port": 0,
                "ipv6_cidr_blocks": [],
                "prefix_list_ids": [],
                "protocol": "-1",
                "security_groups": [],
                "self": false,
                "to_port": 0
              }
            ],
            "id": "sg-0919d3529c08f945e",
            "ingress": [
              {
                "cidr_blocks": [
                  "0.0.0.0/0"
                ],
                "description": "",
                "from_port": 22,
                "ipv6_cidr_blocks": [],
                "prefix_list_ids": [],
                "protocol": "tcp",
                "security_groups": [],
                "self": false,
                "to_port": 22
              }
            ],
            "name": "ssh-access-2397b54c",
            "name_prefix": "",
            "owner_id": "380561000375",
            "revoke_rules_on_delete": false,
            "tags": {
              "ManagedBy": "Terraform",
              "Name": "Allow SSH Access",
              "Project": "Astrolearn"
            },
            "tags_all": {
              "ManagedBy": "Terraform",
              "Name": "Allow SSH Access",
              "Project": "Astrolearn"
            },
            "timeouts": null,
            "vpc_id": "vpc-09ba3aefa1b0aefe0"
          },
          "sensitive_attributes": [],
          "private": "eyJlMmJmYjczMC1lY2FhLTExZTYtOGY4OC0zNDM2M2JjN2M0YzAiOnsiY3JlYXRlIjo2MDAwMDAwMDAwMDAsImRlbGV0ZSI6OTAwMDAwMDAwMDAwfSwic2NoZW1hX3ZlcnNpb24iOiIxIn0=",
          "dependencies": [
            "aws_vpc.app_vpc",
            "random_id.suffix"
          ]
        }
      ]
    },
    {
      "mode": "managed",
      "type": "aws_security_group_rule",
      "name": "backend_alb_to_backend_instances_egress",
      "provider": "provider[\"registry.terraform.io/hashicorp/aws\"]",
      "instances": [
        {
          "schema_version": 2,
          "attributes": {
            "cidr_blocks": null,
            "description": "Egress from Backend ALB to Backend instances",
            "from_port": 8088,
            "id": "sgrule-801803684",
            "ipv6_cidr_blocks": null,
            "prefix_list_ids": null,
            "protocol": "tcp",
            "security_group_id": "sg-0c6c0b79b5e306f2d",
            "security_group_rule_id": "sgr-0bd5b1c43618b5f80",
            "self": false,
            "source_security_group_id": "sg-0f0b4c4eb48697784",
            "timeouts": null,
            "to_port": 8088,
            "type": "egress"
          },
          "sensitive_attributes": [],
          "private": "eyJlMmJmYjczMC1lY2FhLTExZTYtOGY4OC0zNDM2M2JjN2M0YzAiOnsiY3JlYXRlIjozMDAwMDAwMDAwMDB9LCJzY2hlbWFfdmVyc2lvbiI6IjIifQ==",
          "dependencies": [
            "aws_security_group.alb_ingress",
            "aws_security_group.backend_alb_sg",
            "aws_security_group.backend_instances_sg",
            "aws_security_group.frontend_instances_sg",
            "aws_vpc.app_vpc",
            "random_id.suffix"
          ]
        }
      ]
    },
    {
      "mode": "managed",
      "type": "aws_security_group_rule",
      "name": "backend_instances_to_rds_egress",
      "provider": "provider[\"registry.terraform.io/hashicorp/aws\"]",
      "instances": [
        {
          "schema_version": 2,
          "attributes": {
            "cidr_blocks": null,
            "description": "Egress from Backend instances to RDS",
            "from_port": 5432,
            "id": "sgrule-1160114312",
            "ipv6_cidr_blocks": null,
            "prefix_list_ids": null,
            "protocol": "tcp",
            "security_group_id": "sg-0f0b4c4eb48697784",
            "security_group_rule_id": "sgr-063d4aa6d7e93ad7d",
            "self": false,
            "source_security_group_id": "sg-001f708599f791bf3",
            "timeouts": null,
            "to_port": 5432,
            "type": "egress"
          },
          "sensitive_attributes": [],
          "private": "eyJlMmJmYjczMC1lY2FhLTExZTYtOGY4OC0zNDM2M2JjN2M0YzAiOnsiY3JlYXRlIjozMDAwMDAwMDAwMDB9LCJzY2hlbWFfdmVyc2lvbiI6IjIifQ==",
          "dependencies": [
            "aws_security_group.alb_ingress",
            "aws_security_group.backend_alb_sg",
            "aws_security_group.backend_instances_sg",
            "aws_security_group.frontend_instances_sg",
            "aws_security_group.rds_ingress_from_backend",
            "aws_vpc.app_vpc",
            "random_id.suffix"
          ]
        }
      ]
    },
    {
      "mode": "managed",
      "type": "aws_security_group_rule",
      "name": "frontend_to_backend_alb_egress",
      "provider": "provider[\"registry.terraform.io/hashicorp/aws\"]",
      "instances": [
        {
          "schema_version": 2,
          "attributes": {
            "cidr_blocks": null,
            "description": "Egress from Frontend instances to Backend ALB",
            "from_port": 8088,
            "id": "sgrule-4199896969",
            "ipv6_cidr_blocks": null,
            "prefix_list_ids": null,
            "protocol": "tcp",
            "security_group_id": "sg-06646cf9dcbab5ece",
            "security_group_rule_id": "sgr-0127ffababdb7deeb",
            "self": false,
            "source_security_group_id": "sg-0c6c0b79b5e306f2d",
            "timeouts": null,
            "to_port": 8088,
            "type": "egress"
          },
          "sensitive_attributes": [],
          "private": "eyJlMmJmYjczMC1lY2FhLTExZTYtOGY4OC0zNDM2M2JjN2M0YzAiOnsiY3JlYXRlIjozMDAwMDAwMDAwMDB9LCJzY2hlbWFfdmVyc2lvbiI6IjIifQ==",
          "dependencies": [
            "aws_security_group.alb_ingress",
            "aws_security_group.backend_alb_sg",
            "aws_security_group.frontend_instances_sg",
            "aws_vpc.app_vpc",
            "random_id.suffix"
          ]
        }
      ]
    },
    {
      "mode": "managed",
      "type": "aws_subnet",
      "name": "private",
      "provider": "provider[\"registry.terraform.io/hashicorp/aws\"]",
      "instances": [
        {
          "index_key": 0,
          "schema_version": 1,
          "attributes": {
            "arn": "arn:aws:ec2:us-east-1:380561000375:subnet/subnet-0c4e51cdd947a89ae",
            "assign_ipv6_address_on_creation": false,
            "availability_zone": "us-east-1a",
            "availability_zone_id": "use1-az6",
            "cidr_block": "10.0.2.0/24",
            "customer_owned_ipv4_pool": "",
            "enable_dns64": false,
            "enable_lni_at_device_index": 0,
            "enable_resource_name_dns_a_record_on_launch": false,
            "enable_resource_name_dns_aaaa_record_on_launch": false,
            "id": "subnet-0c4e51cdd947a89ae",
            "ipv6_cidr_block": "",
            "ipv6_cidr_block_association_id": "",
            "ipv6_native": false,
            "map_customer_owned_ip_on_launch": false,
            "map_public_ip_on_launch": false,
            "outpost_arn": "",
            "owner_id": "380561000375",
            "private_dns_hostname_type_on_launch": "ip-name",
            "tags": {
              "ManagedBy": "Terraform",
              "Name": "private-subnet-us-east-1a-2397b54c",
              "Project": "Astrolearn"
            },
            "tags_all": {
              "ManagedBy": "Terraform",
              "Name": "private-subnet-us-east-1a-2397b54c",
              "Project": "Astrolearn"
            },
            "timeouts": null,
            "vpc_id": "vpc-09ba3aefa1b0aefe0"
          },
          "sensitive_attributes": [],
          "private": "eyJlMmJmYjczMC1lY2FhLTExZTYtOGY4OC0zNDM2M2JjN2M0YzAiOnsiY3JlYXRlIjo2MDAwMDAwMDAwMDAsImRlbGV0ZSI6MTIwMDAwMDAwMDAwMH0sInNjaGVtYV92ZXJzaW9uIjoiMSJ9",
          "dependencies": [
            "aws_vpc.app_vpc",
            "random_id.suffix"
          ]
        },
        {
          "index_key": 1,
          "schema_version": 1,
          "attributes": {
            "arn": "arn:aws:ec2:us-east-1:380561000375:subnet/subnet-0cf8eb2e97f2e3581",
            "assign_ipv6_address_on_creation": false,
            "availability_zone": "us-east-1b",
            "availability_zone_id": "use1-az1",
            "cidr_block": "10.0.3.0/24",
            "customer_owned_ipv4_pool": "",
            "enable_dns64": false,
            "enable_lni_at_device_index": 0,
            "enable_resource_name_dns_a_record_on_launch": false,
            "enable_resource_name_dns_aaaa_record_on_launch": false,
            "id": "subnet-0cf8eb2e97f2e3581",
            "ipv6_cidr_block": "",
            "ipv6_cidr_block_association_id": "",
            "ipv6_native": false,
            "map_customer_owned_ip_on_launch": false,
            "map_public_ip_on_launch": false,
            "outpost_arn": "",
            "owner_id": "380561000375",
            "private_dns_hostname_type_on_launch": "ip-name",
            "tags": {
              "ManagedBy": "Terraform",
              "Name": "private-subnet-us-east-1b-2397b54c",
              "Project": "Astrolearn"
            },
            "tags_all": {
              "ManagedBy": "Terraform",
              "Name": "private-subnet-us-east-1b-2397b54c",
              "Project": "Astrolearn"
            },
            "timeouts": null,
            "vpc_id": "vpc-09ba3aefa1b0aefe0"
          },
          "sensitive_attributes": [],
          "private": "eyJlMmJmYjczMC1lY2FhLTExZTYtOGY4OC0zNDM2M2JjN2M0YzAiOnsiY3JlYXRlIjo2MDAwMDAwMDAwMDAsImRlbGV0ZSI6MTIwMDAwMDAwMDAwMH0sInNjaGVtYV92ZXJzaW9uIjoiMSJ9",
          "dependencies": [
            "aws_vpc.app_vpc",
            "random_id.suffix"
          ]
        }
      ]
    },
    {
      "mode": "managed",
      "type": "aws_subnet",
      "name": "public",
      "provider": "provider[\"registry.terraform.io/hashicorp/aws\"]",
      "instances": [
        {
          "index_key": 0,
          "schema_version": 1,
          "attributes": {
            "arn": "arn:aws:ec2:us-east-1:380561000375:subnet/subnet-012bb41a694b8b86f",
            "assign_ipv6_address_on_creation": false,
            "availability_zone": "us-east-1a",
            "availability_zone_id": "use1-az6",
            "cidr_block": "10.0.0.0/24",
            "customer_owned_ipv4_pool": "",
            "enable_dns64": false,
            "enable_lni_at_device_index": 0,
            "enable_resource_name_dns_a_record_on_launch": false,
            "enable_resource_name_dns_aaaa_record_on_launch": false,
            "id": "subnet-012bb41a694b8b86f",
            "ipv6_cidr_block": "",
            "ipv6_cidr_block_association_id": "",
            "ipv6_native": false,
            "map_customer_owned_ip_on_launch": false,
            "map_public_ip_on_launch": true,
            "outpost_arn": "",
            "owner_id": "380561000375",
            "private_dns_hostname_type_on_launch": "ip-name",
            "tags": {
              "ManagedBy": "Terraform",
              "Name": "public-subnet-us-east-1a-2397b54c",
              "Project": "Astrolearn"
            },
            "tags_all": {
              "ManagedBy": "Terraform",
              "Name": "public-subnet-us-east-1a-2397b54c",
              "Project": "Astrolearn"
            },
            "timeouts": null,
            "vpc_id": "vpc-09ba3aefa1b0aefe0"
          },
          "sensitive_attributes": [],
          "private": "eyJlMmJmYjczMC1lY2FhLTExZTYtOGY4OC0zNDM2M2JjN2M0YzAiOnsiY3JlYXRlIjo2MDAwMDAwMDAwMDAsImRlbGV0ZSI6MTIwMDAwMDAwMDAwMH0sInNjaGVtYV92ZXJzaW9uIjoiMSJ9",
          "dependencies": [
            "aws_vpc.app_vpc",
            "random_id.suffix"
          ]
        },
        {
          "index_key": 1,
          "schema_version": 1,
          "attributes": {
            "arn": "arn:aws:ec2:us-east-1:380561000375:subnet/subnet-02c63344f536c49bc",
            "assign_ipv6_address_on_creation": false,
            "availability_zone": "us-east-1b",
            "availability_zone_id": "use1-az1",
            "cidr_block": "10.0.1.0/24",
            "customer_owned_ipv4_pool": "",
            "enable_dns64": false,
            "enable_lni_at_device_index": 0,
            "enable_resource_name_dns_a_record_on_launch": false,
            "enable_resource_name_dns_aaaa_record_on_launch": false,
            "id": "subnet-02c63344f536c49bc",
            "ipv6_cidr_block": "",
            "ipv6_cidr_block_association_id": "",
            "ipv6_native": false,
            "map_customer_owned_ip_on_launch": false,
            "map_public_ip_on_launch": true,
            "outpost_arn": "",
            "owner_id": "380561000375",
            "private_dns_hostname_type_on_launch": "ip-name",
            "tags": {
              "ManagedBy": "Terraform",
              "Name": "public-subnet-us-east-1b-2397b54c",
              "Project": "Astrolearn"
            },
            "tags_all": {
              "ManagedBy": "Terraform",
              "Name": "public-subnet-us-east-1b-2397b54c",
              "Project": "Astrolearn"
            },
            "timeouts": null,
            "vpc_id": "vpc-09ba3aefa1b0aefe0"
          },
          "sensitive_attributes": [],
          "private": "eyJlMmJmYjczMC1lY2FhLTExZTYtOGY4OC0zNDM2M2JjN2M0YzAiOnsiY3JlYXRlIjo2MDAwMDAwMDAwMDAsImRlbGV0ZSI6MTIwMDAwMDAwMDAwMH0sInNjaGVtYV92ZXJzaW9uIjoiMSJ9",
          "dependencies": [
            "aws_vpc.app_vpc",
            "random_id.suffix"
          ]
        }
      ]
    },
    {
      "mode": "managed",
      "type": "aws_vpc",
      "name": "app_vpc",
      "provider": "provider[\"registry.terraform.io/hashicorp/aws\"]",
      "instances": [
        {
          "schema_version": 1,
          "attributes": {
            "arn": "arn:aws:ec2:us-east-1:380561000375:vpc/vpc-09ba3aefa1b0aefe0",
            "assign_generated_ipv6_cidr_block": false,
            "cidr_block": "10.0.0.0/16",
            "default_network_acl_id": "acl-0920b3ade7b41a180",
            "default_route_table_id": "rtb-0b7d0e35cb24a08f9",
            "default_security_group_id": "sg-0160fc92e8f3896de",
            "dhcp_options_id": "dopt-0d48b1e2f8d89a91b",
            "enable_dns_hostnames": true,
            "enable_dns_support": true,
            "enable_network_address_usage_metrics": false,
            "id": "vpc-09ba3aefa1b0aefe0",
            "instance_tenancy": "default",
            "ipv4_ipam_pool_id": null,
            "ipv4_netmask_length": null,
            "ipv6_association_id": "",
            "ipv6_cidr_block": "",
            "ipv6_cidr_block_network_border_group": "",
            "ipv6_ipam_pool_id": "",
            "ipv6_netmask_length": 0,
            "main_route_table_id": "rtb-0b7d0e35cb24a08f9",
            "owner_id": "380561000375",
            "tags": {
              "ManagedBy": "Terraform",
              "Name": "app-vpc-2397b54c",
              "Project": "Astrolearn"
            },
            "tags_all": {
              "ManagedBy": "Terraform",
              "Name": "app-vpc-2397b54c",
              "Project": "Astrolearn"
            }
          },
          "sensitive_attributes": [],
          "private": "eyJzY2hlbWFfdmVyc2lvbiI6IjEifQ==",
          "dependencies": [
            "random_id.suffix"
          ]
        }
      ]
    },
    {
      "mode": "managed",
      "type": "local_file",
      "name": "ansible_inventory",
      "provider": "provider[\"registry.terraform.io/hashicorp/local\"]",
      "instances": [
        {
          "schema_version": 0,
          "attributes": {
            "content": "[frontend]\r\n10.0.0.232 ansible_host=3.89.136.11 ansible_user=ec2-user\r\n\r\n[backend]\r\n10.0.1.58 ansible_host=44.200.120.246 ansible_user=ec2-user\r\n\r\n[all:vars]\r\nansible_ssh_private_key_file=./ansible/ssh_key.pem\r\nansible_ssh_common_args='-o StrictHostKeyChecking=no'\r\n",
            "content_base64": null,
            "content_base64sha256": "+617eScoExQYLlNU7DB1mC776/WLEtpLs+qYAUTPkb8=",
            "content_base64sha512": "lLMoat2BNg+eNpmikxPp3nMaJ1IF0zIT40e4e3qjIOBILiZ7ZxnSTxU3tDL7wQgImwwYP14qc00P542IenT/6A==",
            "content_md5": "5f4787bc1aa4c8d2bf7325397ed2a13e",
            "content_sha1": "123e3459fd4efe22d9fe5a71fa5fb2a6e660db56",
            "content_sha256": "fbad7b7927281314182e5354ec3075982efbebf58b12da4bb3ea980144cf91bf",
            "content_sha512": "94b3286add81360f9e3699a29313e9de731a275205d33213e347b87b7aa320e0482e267b6719d24f1537b432fbc108089b0c183f5e2a734d0fe78d887a74ffe8",
            "directory_permission": "0777",
            "file_permission": "0777",
            "filename": "./ansible/inventory.ini",
            "id": "123e3459fd4efe22d9fe5a71fa5fb2a6e660db56",
            "sensitive_content": null,
            "source": null
          },
          "sensitive_attributes": [
            [
              {
                "type": "get_attr",
                "value": "sensitive_content"
              }
            ]
          ],
          "dependencies": [
            "aws_autoscaling_group.backend_asg",
            "aws_autoscaling_group.frontend_asg",
            "aws_db_instance.app_db",
            "aws_db_subnet_group.app_db_subnet_group",
            "aws_launch_template.backend_template",
            "aws_launch_template.frontend_template",
            "aws_lb.backend_alb",
            "aws_lb_target_group.backend_tg",
            "aws_lb_target_group.frontend_tg",
            "aws_security_group.alb_ingress",
            "aws_security_group.backend_alb_sg",
            "aws_security_group.backend_instances_sg",
            "aws_security_group.frontend_instances_sg",
            "aws_security_group.rds_ingress_from_backend",
            "aws_security_group.ssh_allowed",
            "aws_subnet.private",
            "aws_subnet.public",
            "aws_vpc.app_vpc",
            "data.aws_instances.backend_instances",
            "data.aws_instances.frontend_instances",
            "random_id.suffix",
            "time_sleep.wait_for_instances"
          ]
        }
      ]
    },
    {
      "mode": "managed",
      "type": "random_id",
      "name": "suffix",
      "provider": "provider[\"registry.terraform.io/hashicorp/random\"]",
      "instances": [
        {
          "schema_version": 0,
          "attributes": {
            "b64_std": "I5e1TA==",
            "b64_url": "I5e1TA",
            "byte_length": 4,
            "dec": "597144908",
            "hex": "2397b54c",
            "id": "I5e1TA",
            "keepers": null,
            "prefix": null
          },
          "sensitive_attributes": []
        }
      ]
    },
    {
      "mode": "managed",
      "type": "time_sleep",
      "name": "wait_for_instances",
      "provider": "provider[\"registry.terraform.io/hashicorp/time\"]",
      "instances": [
        {
          "schema_version": 0,
          "attributes": {
            "create_duration": "90s",
            "destroy_duration": null,
            "id": "2025-05-25T18:31:22Z",
            "triggers": null
          },
          "sensitive_attributes": [],
          "dependencies": [
            "aws_autoscaling_group.backend_asg",
            "aws_autoscaling_group.frontend_asg",
            "aws_db_instance.app_db",
            "aws_db_subnet_group.app_db_subnet_group",
            "aws_launch_template.backend_template",
            "aws_launch_template.frontend_template",
            "aws_lb.backend_alb",
            "aws_lb_target_group.backend_tg",
            "aws_lb_target_group.frontend_tg",
            "aws_security_group.alb_ingress",
            "aws_security_group.backend_alb_sg",
            "aws_security_group.backend_instances_sg",
            "aws_security_group.frontend_instances_sg",
            "aws_security_group.rds_ingress_from_backend",
            "aws_security_group.ssh_allowed",
            "aws_subnet.private",
            "aws_subnet.public",
            "aws_vpc.app_vpc",
            "random_id.suffix"
          ]
        }
      ]
    }
  ],
  "check_results": null
}
