{
  "version": 4,
  "terraform_version": "1.11.4",
  "serial": 273,
  "lineage": "b706cb41-0767-ede1-8e2e-74edda223f14",
  "outputs": {
    "backend_alb_dns": {
      "value": "internal-backend-alb-4acd2592-1603687757.us-east-1.elb.amazonaws.com",
      "type": "string"
    },
    "backend_instance_private_ips": {
      "value": [
        "10.0.0.235"
      ],
      "type": [
        "list",
        "string"
      ]
    },
    "backend_instance_public_ips": {
      "value": [
        "52.205.110.146"
      ],
      "type": [
        "list",
        "string"
      ]
    },
    "frontend_alb_dns": {
      "value": "frontend-alb-4acd2592-1392501339.us-east-1.elb.amazonaws.com",
      "type": "string"
    },
    "frontend_instance_private_ips": {
      "value": [
        "10.0.0.188"
      ],
      "type": [
        "list",
        "string"
      ]
    },
    "frontend_instance_public_ips": {
      "value": [
        "18.212.122.162"
      ],
      "type": [
        "list",
        "string"
      ]
    }
  },
  "resources": [
    {
      "mode": "data",
      "type": "aws_instances",
      "name": "backend_instances",
      "provider": "provider[\"registry.terraform.io/hashicorp/aws\"]",
      "instances": [
        {
          "schema_version": 0,
          "attributes": {
            "filter": [
              {
                "name": "instance-state-name",
                "values": [
                  "running"
                ]
              }
            ],
            "id": "us-east-1",
            "ids": [
              "i-00faee18e911d846b"
            ],
            "instance_state_names": null,
            "instance_tags": {
              "aws:autoscaling:groupName": "backend-asg-4acd2592"
            },
            "ipv6_addresses": [],
            "private_ips": [
              "10.0.0.235"
            ],
            "public_ips": [
              "52.205.110.146"
            ],
            "timeouts": null
          },
          "sensitive_attributes": []
        }
      ]
    },
    {
      "mode": "data",
      "type": "aws_instances",
      "name": "frontend_instances",
      "provider": "provider[\"registry.terraform.io/hashicorp/aws\"]",
      "instances": [
        {
          "schema_version": 0,
          "attributes": {
            "filter": [
              {
                "name": "instance-state-name",
                "values": [
                  "running"
                ]
              }
            ],
            "id": "us-east-1",
            "ids": [
              "i-07e973184d3cf69a9"
            ],
            "instance_state_names": null,
            "instance_tags": {
              "aws:autoscaling:groupName": "frontend-asg-4acd2592"
            },
            "ipv6_addresses": [],
            "private_ips": [
              "10.0.0.188"
            ],
            "public_ips": [
              "18.212.122.162"
            ],
            "timeouts": null
          },
          "sensitive_attributes": []
        }
      ]
    },
    {
      "mode": "managed",
      "type": "aws_autoscaling_group",
      "name": "backend_asg",
      "provider": "provider[\"registry.terraform.io/hashicorp/aws\"]",
      "instances": [
        {
          "schema_version": 1,
          "attributes": {
            "arn": "arn:aws:autoscaling:us-east-1:380561000375:autoScalingGroup:0a437f19-e2d1-4b5d-9fb6-4287babb0c65:autoScalingGroupName/backend-asg-4acd2592",
            "availability_zone_distribution": [
              {
                "capacity_distribution_strategy": "balanced-best-effort"
              }
            ],
            "availability_zones": [
              "us-east-1a",
              "us-east-1b"
            ],
            "capacity_rebalance": false,
            "context": "",
            "default_cooldown": 300,
            "default_instance_warmup": 0,
            "desired_capacity": 1,
            "desired_capacity_type": "",
            "enabled_metrics": null,
            "force_delete": false,
            "force_delete_warm_pool": false,
            "health_check_grace_period": 300,
            "health_check_type": "ELB",
            "id": "backend-asg-4acd2592",
            "ignore_failed_scaling_activities": false,
            "initial_lifecycle_hook": [],
            "instance_maintenance_policy": [],
            "instance_refresh": [],
            "launch_configuration": "",
            "launch_template": [
              {
                "id": "lt-0f00a8a9e3626c288",
                "name": "backend-template-4acd2592-20250506135151774900000002",
                "version": "$Latest"
              }
            ],
            "load_balancers": [],
            "max_instance_lifetime": 0,
            "max_size": 1,
            "metrics_granularity": "1Minute",
            "min_elb_capacity": null,
            "min_size": 1,
            "mixed_instances_policy": [],
            "name": "backend-asg-4acd2592",
            "name_prefix": "",
            "placement_group": "",
            "predicted_capacity": 0,
            "protect_from_scale_in": false,
            "service_linked_role_arn": "arn:aws:iam::380561000375:role/aws-service-role/autoscaling.amazonaws.com/AWSServiceRoleForAutoScaling",
            "suspended_processes": null,
            "tag": [
              {
                "key": "ManagedBy",
                "propagate_at_launch": true,
                "value": "Terraform"
              },
              {
                "key": "Name",
                "propagate_at_launch": true,
                "value": "backend-instance-4acd2592"
              },
              {
                "key": "Project",
                "propagate_at_launch": true,
                "value": "Astrolearn"
              },
              {
                "key": "Role",
                "propagate_at_launch": true,
                "value": "Backend"
              }
            ],
            "target_group_arns": [
              "arn:aws:elasticloadbalancing:us-east-1:380561000375:targetgroup/backend-tg-4acd2592/54a0eb2a15e6623a"
            ],
            "termination_policies": null,
            "timeouts": null,
            "traffic_source": [
              {
                "identifier": "arn:aws:elasticloadbalancing:us-east-1:380561000375:targetgroup/backend-tg-4acd2592/54a0eb2a15e6623a",
                "type": "elbv2"
              }
            ],
            "vpc_zone_identifier": [
              "subnet-01fc87d375a7e0459",
              "subnet-0f4bc7d736d5c470e"
            ],
            "wait_for_capacity_timeout": "10m",
            "wait_for_elb_capacity": null,
            "warm_pool": [],
            "warm_pool_size": 0
          },
          "sensitive_attributes": [],
          "private": "eyJlMmJmYjczMC1lY2FhLTExZTYtOGY4OC0zNDM2M2JjN2M0YzAiOnsiZGVsZXRlIjo2MDAwMDAwMDAwMDAsInVwZGF0ZSI6NjAwMDAwMDAwMDAwfSwic2NoZW1hX3ZlcnNpb24iOiIxIn0=",
          "dependencies": [
            "aws_launch_template.backend_template",
            "aws_lb_target_group.backend_tg",
            "aws_security_group.alb_ingress",
            "aws_security_group.app_ingress_from_alb",
            "aws_security_group.ssh_allowed",
            "aws_subnet.public",
            "aws_vpc.app_vpc",
            "random_id.suffix"
          ]
        }
      ]
    },
    {
      "mode": "managed",
      "type": "aws_autoscaling_group",
      "name": "frontend_asg",
      "provider": "provider[\"registry.terraform.io/hashicorp/aws\"]",
      "instances": [
        {
          "schema_version": 1,
          "attributes": {
            "arn": "arn:aws:autoscaling:us-east-1:380561000375:autoScalingGroup:ae792800-64b3-4683-a06a-d463cd711b95:autoScalingGroupName/frontend-asg-4acd2592",
            "availability_zone_distribution": [
              {
                "capacity_distribution_strategy": "balanced-best-effort"
              }
            ],
            "availability_zones": [
              "us-east-1a",
              "us-east-1b"
            ],
            "capacity_rebalance": false,
            "context": "",
            "default_cooldown": 300,
            "default_instance_warmup": 0,
            "desired_capacity": 1,
            "desired_capacity_type": "",
            "enabled_metrics": null,
            "force_delete": false,
            "force_delete_warm_pool": false,
            "health_check_grace_period": 300,
            "health_check_type": "ELB",
            "id": "frontend-asg-4acd2592",
            "ignore_failed_scaling_activities": false,
            "initial_lifecycle_hook": [],
            "instance_maintenance_policy": [],
            "instance_refresh": [],
            "launch_configuration": "",
            "launch_template": [
              {
                "id": "lt-0d47c4c5a7ff7e6e9",
                "name": "frontend-template-4acd2592-20250506135151774900000004",
                "version": "$Latest"
              }
            ],
            "load_balancers": [],
            "max_instance_lifetime": 0,
            "max_size": 1,
            "metrics_granularity": "1Minute",
            "min_elb_capacity": null,
            "min_size": 1,
            "mixed_instances_policy": [],
            "name": "frontend-asg-4acd2592",
            "name_prefix": "",
            "placement_group": "",
            "predicted_capacity": 0,
            "protect_from_scale_in": false,
            "service_linked_role_arn": "arn:aws:iam::380561000375:role/aws-service-role/autoscaling.amazonaws.com/AWSServiceRoleForAutoScaling",
            "suspended_processes": null,
            "tag": [
              {
                "key": "ManagedBy",
                "propagate_at_launch": true,
                "value": "Terraform"
              },
              {
                "key": "Name",
                "propagate_at_launch": true,
                "value": "frontend-instance-4acd2592"
              },
              {
                "key": "Project",
                "propagate_at_launch": true,
                "value": "Astrolearn"
              },
              {
                "key": "Role",
                "propagate_at_launch": true,
                "value": "Frontend"
              }
            ],
            "target_group_arns": [
              "arn:aws:elasticloadbalancing:us-east-1:380561000375:targetgroup/frontend-tg-4acd2592/24f9a830e108455e"
            ],
            "termination_policies": null,
            "timeouts": null,
            "traffic_source": [
              {
                "identifier": "arn:aws:elasticloadbalancing:us-east-1:380561000375:targetgroup/frontend-tg-4acd2592/24f9a830e108455e",
                "type": "elbv2"
              }
            ],
            "vpc_zone_identifier": [
              "subnet-01fc87d375a7e0459",
              "subnet-0f4bc7d736d5c470e"
            ],
            "wait_for_capacity_timeout": "10m",
            "wait_for_elb_capacity": null,
            "warm_pool": [],
            "warm_pool_size": 0
          },
          "sensitive_attributes": [],
          "private": "eyJlMmJmYjczMC1lY2FhLTExZTYtOGY4OC0zNDM2M2JjN2M0YzAiOnsiZGVsZXRlIjo2MDAwMDAwMDAwMDAsInVwZGF0ZSI6NjAwMDAwMDAwMDAwfSwic2NoZW1hX3ZlcnNpb24iOiIxIn0=",
          "dependencies": [
            "aws_launch_template.frontend_template",
            "aws_lb_target_group.frontend_tg",
            "aws_security_group.alb_ingress",
            "aws_security_group.app_ingress_from_alb",
            "aws_security_group.ssh_allowed",
            "aws_subnet.public",
            "aws_vpc.app_vpc",
            "random_id.suffix"
          ]
        }
      ]
    },
    {
      "mode": "managed",
      "type": "aws_db_instance",
      "name": "app_db",
      "provider": "provider[\"registry.terraform.io/hashicorp/aws\"]",
      "instances": [
        {
          "schema_version": 2,
          "attributes": {
            "address": "app-db-instance-4acd2592.cyv8uui84774.us-east-1.rds.amazonaws.com",
            "allocated_storage": 20,
            "allow_major_version_upgrade": null,
            "apply_immediately": true,
            "arn": "arn:aws:rds:us-east-1:380561000375:db:app-db-instance-4acd2592",
            "auto_minor_version_upgrade": true,
            "availability_zone": "us-east-1b",
            "backup_retention_period": 0,
            "backup_target": "region",
            "backup_window": "08:07-08:37",
            "blue_green_update": [],
            "ca_cert_identifier": "rds-ca-rsa2048-g1",
            "character_set_name": "",
            "copy_tags_to_snapshot": false,
            "custom_iam_instance_profile": "",
            "customer_owned_ip_enabled": false,
            "database_insights_mode": "standard",
            "db_name": "db2",
            "db_subnet_group_name": "app-db-subnet-group-4acd2592",
            "dedicated_log_volume": false,
            "delete_automated_backups": true,
            "deletion_protection": false,
            "domain": "",
            "domain_auth_secret_arn": "",
            "domain_dns_ips": null,
            "domain_fqdn": "",
            "domain_iam_role_name": "",
            "domain_ou": "",
            "enabled_cloudwatch_logs_exports": null,
            "endpoint": "app-db-instance-4acd2592.cyv8uui84774.us-east-1.rds.amazonaws.com:5432",
            "engine": "postgres",
            "engine_lifecycle_support": "open-source-rds-extended-support",
            "engine_version": "17.4",
            "engine_version_actual": "17.4",
            "final_snapshot_identifier": null,
            "hosted_zone_id": "Z2R2ITUGPM61AM",
            "iam_database_authentication_enabled": false,
            "id": "db-BXVRGUS4YKGK73EQVXE3XY33O4",
            "identifier": "app-db-instance-4acd2592",
            "identifier_prefix": "",
            "instance_class": "db.t3.micro",
            "iops": 0,
            "kms_key_id": "",
            "latest_restorable_time": "",
            "license_model": "postgresql-license",
            "listener_endpoint": [],
            "maintenance_window": "tue:06:48-tue:07:18",
            "manage_master_user_password": null,
            "master_user_secret": [],
            "master_user_secret_kms_key_id": null,
            "max_allocated_storage": 0,
            "monitoring_interval": 0,
            "monitoring_role_arn": "",
            "multi_az": false,
            "nchar_character_set_name": "",
            "network_type": "IPV4",
            "option_group_name": "default:postgres-17",
            "parameter_group_name": "default.postgres17",
            "password": "password",
            "password_wo": null,
            "password_wo_version": null,
            "performance_insights_enabled": false,
            "performance_insights_kms_key_id": "",
            "performance_insights_retention_period": 0,
            "port": 5432,
            "publicly_accessible": false,
            "replica_mode": "",
            "replicas": [],
            "replicate_source_db": "",
            "resource_id": "db-BXVRGUS4YKGK73EQVXE3XY33O4",
            "restore_to_point_in_time": [],
            "s3_import": [],
            "skip_final_snapshot": true,
            "snapshot_identifier": null,
            "status": "available",
            "storage_encrypted": false,
            "storage_throughput": 0,
            "storage_type": "gp2",
            "tags": {
              "ManagedBy": "Terraform",
              "Name": "App Database",
              "Project": "Astrolearn"
            },
            "tags_all": {
              "ManagedBy": "Terraform",
              "Name": "App Database",
              "Project": "Astrolearn"
            },
            "timeouts": null,
            "timezone": "",
            "upgrade_storage_config": null,
            "username": "astrolearner",
            "vpc_security_group_ids": [
              "sg-07c1012552e3ff21d"
            ]
          },
          "sensitive_attributes": [
            [
              {
                "type": "get_attr",
                "value": "password"
              }
            ],
            [
              {
                "type": "get_attr",
                "value": "password_wo"
              }
            ]
          ],
          "private": "eyJlMmJmYjczMC1lY2FhLTExZTYtOGY4OC0zNDM2M2JjN2M0YzAiOnsiY3JlYXRlIjozMDAwMDAwMDAwMDAwLCJkZWxldGUiOjM2MDAwMDAwMDAwMDAsInVwZGF0ZSI6NDgwMDAwMDAwMDAwMH0sInNjaGVtYV92ZXJzaW9uIjoiMiJ9",
          "dependencies": [
            "aws_db_subnet_group.app_db_subnet_group",
            "aws_security_group.alb_ingress",
            "aws_security_group.app_ingress_from_alb",
            "aws_security_group.rds_ingress_from_backend",
            "aws_subnet.private",
            "aws_vpc.app_vpc",
            "random_id.suffix"
          ]
        }
      ]
    },
    {
      "mode": "managed",
      "type": "aws_db_subnet_group",
      "name": "app_db_subnet_group",
      "provider": "provider[\"registry.terraform.io/hashicorp/aws\"]",
      "instances": [
        {
          "schema_version": 0,
          "attributes": {
            "arn": "arn:aws:rds:us-east-1:380561000375:subgrp:app-db-subnet-group-4acd2592",
            "description": "Subnet group for RDS",
            "id": "app-db-subnet-group-4acd2592",
            "name": "app-db-subnet-group-4acd2592",
            "name_prefix": "",
            "subnet_ids": [
              "subnet-047d4514b44e639d3",
              "subnet-0848e19dff4a98d00"
            ],
            "supported_network_types": [
              "IPV4"
            ],
            "tags": {
              "ManagedBy": "Terraform",
              "Name": "App DB Subnet Group",
              "Project": "Astrolearn"
            },
            "tags_all": {
              "ManagedBy": "Terraform",
              "Name": "App DB Subnet Group",
              "Project": "Astrolearn"
            },
            "vpc_id": "vpc-0a80aa913064f4e7f"
          },
          "sensitive_attributes": [],
          "private": "bnVsbA==",
          "dependencies": [
            "aws_subnet.private",
            "aws_vpc.app_vpc",
            "random_id.suffix"
          ]
        }
      ]
    },
    {
      "mode": "managed",
      "type": "aws_internet_gateway",
      "name": "app_igw",
      "provider": "provider[\"registry.terraform.io/hashicorp/aws\"]",
      "instances": [
        {
          "schema_version": 0,
          "attributes": {
            "arn": "arn:aws:ec2:us-east-1:380561000375:internet-gateway/igw-0ed880b802503b6fa",
            "id": "igw-0ed880b802503b6fa",
            "owner_id": "380561000375",
            "tags": {
              "ManagedBy": "Terraform",
              "Name": "app-igw-4acd2592",
              "Project": "Astrolearn"
            },
            "tags_all": {
              "ManagedBy": "Terraform",
              "Name": "app-igw-4acd2592",
              "Project": "Astrolearn"
            },
            "timeouts": null,
            "vpc_id": "vpc-0a80aa913064f4e7f"
          },
          "sensitive_attributes": [],
          "private": "eyJlMmJmYjczMC1lY2FhLTExZTYtOGY4OC0zNDM2M2JjN2M0YzAiOnsiY3JlYXRlIjoxMjAwMDAwMDAwMDAwLCJkZWxldGUiOjEyMDAwMDAwMDAwMDAsInVwZGF0ZSI6MTIwMDAwMDAwMDAwMH19",
          "dependencies": [
            "aws_vpc.app_vpc",
            "random_id.suffix"
          ]
        }
      ]
    },
    {
      "mode": "managed",
      "type": "aws_launch_template",
      "name": "backend_template",
      "provider": "provider[\"registry.terraform.io/hashicorp/aws\"]",
      "instances": [
        {
          "schema_version": 0,
          "attributes": {
            "arn": "arn:aws:ec2:us-east-1:380561000375:launch-template/lt-0f00a8a9e3626c288",
            "block_device_mappings": [],
            "capacity_reservation_specification": [],
            "cpu_options": [],
            "credit_specification": [],
            "default_version": 1,
            "description": "",
            "disable_api_stop": false,
            "disable_api_termination": false,
            "ebs_optimized": "",
            "elastic_gpu_specifications": [],
            "elastic_inference_accelerator": [],
            "enclave_options": [],
            "hibernation_options": [],
            "iam_instance_profile": [],
            "id": "lt-0f00a8a9e3626c288",
            "image_id": "ami-0b86aaed8ef90e45f",
            "instance_initiated_shutdown_behavior": "",
            "instance_market_options": [],
            "instance_requirements": [],
            "instance_type": "t2.micro",
            "kernel_id": "",
            "key_name": "Astrolearn-terraform",
            "latest_version": 1,
            "license_specification": [],
            "maintenance_options": [],
            "metadata_options": [],
            "monitoring": [],
            "name": "backend-template-4acd2592-20250506135151774900000002",
            "name_prefix": "backend-template-4acd2592-",
            "network_interfaces": [
              {
                "associate_carrier_ip_address": "",
                "associate_public_ip_address": "true",
                "connection_tracking_specification": [],
                "delete_on_termination": "true",
                "description": "",
                "device_index": 0,
                "ena_srd_specification": [],
                "interface_type": "",
                "ipv4_address_count": 0,
                "ipv4_addresses": null,
                "ipv4_prefix_count": 0,
                "ipv4_prefixes": null,
                "ipv6_address_count": 0,
                "ipv6_addresses": null,
                "ipv6_prefix_count": 0,
                "ipv6_prefixes": null,
                "network_card_index": 0,
                "network_interface_id": "",
                "primary_ipv6": "",
                "private_ip_address": "",
                "security_groups": [
                  "sg-0557368627e7cd78d",
                  "sg-0f5bf637a9b512052"
                ],
                "subnet_id": ""
              }
            ],
            "placement": [],
            "private_dns_name_options": [],
            "ram_disk_id": "",
            "security_group_names": null,
            "tag_specifications": [
              {
                "resource_type": "instance",
                "tags": {
                  "ManagedBy": "Terraform",
                  "Name": "backend-instance-4acd2592",
                  "Project": "Astrolearn",
                  "Role": "Backend"
                }
              },
              {
                "resource_type": "volume",
                "tags": {
                  "ManagedBy": "Terraform",
                  "Name": "backend-volume-4acd2592",
                  "Project": "Astrolearn"
                }
              }
            ],
            "tags": {
              "ManagedBy": "Terraform",
              "Name": "Backend Launch Template",
              "Project": "Astrolearn"
            },
            "tags_all": {
              "ManagedBy": "Terraform",
              "Name": "Backend Launch Template",
              "Project": "Astrolearn"
            },
            "update_default_version": null,
            "user_data": "IyEvYmluL2Jhc2gKeXVtIHVwZGF0ZSAteQp5dW0gaW5zdGFsbCAteSBkb2NrZXIKc2VydmljZSBkb2NrZXIgc3RhcnQKdXNlcm1vZCAtYSAtRyBkb2NrZXIgZWMyLXVzZXIKCiMgSW5zdGFsbCBEb2NrZXIgQ29tcG9zZQpjdXJsIC1MICJodHRwczovL2dpdGh1Yi5jb20vZG9ja2VyL2NvbXBvc2UvcmVsZWFzZXMvbGF0ZXN0L2Rvd25sb2FkL2RvY2tlci1jb21wb3NlLSQodW5hbWUgLXMpLSQodW5hbWUgLW0pIiAtbyAvdXNyL2xvY2FsL2Jpbi9kb2NrZXItY29tcG9zZQpjaG1vZCAreCAvdXNyL2xvY2FsL2Jpbi9kb2NrZXItY29tcG9zZQoKIyBDcmVhdGUgYXBwIGRpcmVjdG9yeQpta2RpciAtcCAvYXBwCmNkIC9hcHAKCiMgQ3JlYXRlIGEgc2ltcGxlIHRlc3QgQVBJCmNhdCA+IGFwcC5weSA8PCAnRU9GJwpmcm9tIGZsYXNrIGltcG9ydCBGbGFzaywganNvbmlmeQoKYXBwID0gRmxhc2soX19uYW1lX18pCgpAYXBwLnJvdXRlKCcvaGVhbHRoJykKZGVmIGhlYWx0aF9jaGVjaygpOgogICAgcmV0dXJuIGpzb25pZnkoeyJzdGF0dXMiOiAiaGVhbHRoeSJ9KQoKQGFwcC5yb3V0ZSgnLycpCmRlZiBoZWxsbygpOgogICAgcmV0dXJuIGpzb25pZnkoeyJtZXNzYWdlIjogIkJhY2tlbmQgaXMgd29ya2luZyEifSkKCmlmIF9fbmFtZV9fID09ICdfX21haW5fXyc6CiAgICBhcHAucnVuKGhvc3Q9JzAuMC4wLjAnLCBwb3J0PTgwODgpCkVPRgoKIyBDcmVhdGUgcmVxdWlyZW1lbnRzLnR4dApjYXQgPiByZXF1aXJlbWVudHMudHh0IDw8ICdFT0YnCmZsYXNrPT0yLjAuMQpFT0YKCiMgQ3JlYXRlIERvY2tlcmZpbGUKY2F0ID4gRG9ja2VyZmlsZSA8PCAnRU9GJwpGUk9NIHB5dGhvbjozLjktc2xpbQpXT1JLRElSIC9hcHAKQ09QWSByZXF1aXJlbWVudHMudHh0IC4KUlVOIHBpcCBpbnN0YWxsIC1yIHJlcXVpcmVtZW50cy50eHQKQ09QWSBhcHAucHkgLgpFWFBPU0UgODA4OApDTUQgWyJweXRob24iLCAiYXBwLnB5Il0KRU9GCgojIEJ1aWxkIGFuZCBydW4gdGhlIERvY2tlciBjb250YWluZXIKZG9ja2VyIGJ1aWxkIC10IGJhY2tlbmQtYXBwIC4KZG9ja2VyIHJ1biAtZCAtcCA4MDg4OjgwODggYmFja2VuZC1hcHAg",
            "vpc_security_group_ids": null
          },
          "sensitive_attributes": [],
          "private": "bnVsbA==",
          "dependencies": [
            "aws_security_group.alb_ingress",
            "aws_security_group.app_ingress_from_alb",
            "aws_security_group.ssh_allowed",
            "aws_vpc.app_vpc",
            "random_id.suffix"
          ]
        }
      ]
    },
    {
      "mode": "managed",
      "type": "aws_launch_template",
      "name": "frontend_template",
      "provider": "provider[\"registry.terraform.io/hashicorp/aws\"]",
      "instances": [
        {
          "schema_version": 0,
          "attributes": {
            "arn": "arn:aws:ec2:us-east-1:380561000375:launch-template/lt-0d47c4c5a7ff7e6e9",
            "block_device_mappings": [],
            "capacity_reservation_specification": [],
            "cpu_options": [],
            "credit_specification": [],
            "default_version": 1,
            "description": "",
            "disable_api_stop": false,
            "disable_api_termination": false,
            "ebs_optimized": "",
            "elastic_gpu_specifications": [],
            "elastic_inference_accelerator": [],
            "enclave_options": [],
            "hibernation_options": [],
            "iam_instance_profile": [],
            "id": "lt-0d47c4c5a7ff7e6e9",
            "image_id": "ami-0b86aaed8ef90e45f",
            "instance_initiated_shutdown_behavior": "",
            "instance_market_options": [],
            "instance_requirements": [],
            "instance_type": "t2.micro",
            "kernel_id": "",
            "key_name": "Astrolearn-terraform",
            "latest_version": 1,
            "license_specification": [],
            "maintenance_options": [],
            "metadata_options": [],
            "monitoring": [],
            "name": "frontend-template-4acd2592-20250506135151774900000004",
            "name_prefix": "frontend-template-4acd2592-",
            "network_interfaces": [
              {
                "associate_carrier_ip_address": "",
                "associate_public_ip_address": "true",
                "connection_tracking_specification": [],
                "delete_on_termination": "true",
                "description": "",
                "device_index": 0,
                "ena_srd_specification": [],
                "interface_type": "",
                "ipv4_address_count": 0,
                "ipv4_addresses": null,
                "ipv4_prefix_count": 0,
                "ipv4_prefixes": null,
                "ipv6_address_count": 0,
                "ipv6_addresses": null,
                "ipv6_prefix_count": 0,
                "ipv6_prefixes": null,
                "network_card_index": 0,
                "network_interface_id": "",
                "primary_ipv6": "",
                "private_ip_address": "",
                "security_groups": [
                  "sg-0557368627e7cd78d",
                  "sg-0f5bf637a9b512052"
                ],
                "subnet_id": ""
              }
            ],
            "placement": [],
            "private_dns_name_options": [],
            "ram_disk_id": "",
            "security_group_names": null,
            "tag_specifications": [
              {
                "resource_type": "instance",
                "tags": {
                  "ManagedBy": "Terraform",
                  "Name": "frontend-instance-4acd2592",
                  "Project": "Astrolearn",
                  "Role": "Frontend"
                }
              },
              {
                "resource_type": "volume",
                "tags": {
                  "ManagedBy": "Terraform",
                  "Name": "frontend-volume-4acd2592",
                  "Project": "Astrolearn",
                  "Role": "Frontend"
                }
              }
            ],
            "tags": {
              "ManagedBy": "Terraform",
              "Name": "Frontend Launch Template",
              "Project": "Astrolearn"
            },
            "tags_all": {
              "ManagedBy": "Terraform",
              "Name": "Frontend Launch Template",
              "Project": "Astrolearn"
            },
            "update_default_version": null,
            "user_data": "IyEvYmluL2Jhc2gKeXVtIHVwZGF0ZSAteQp5dW0gaW5zdGFsbCAteSBkb2NrZXIKc2VydmljZSBkb2NrZXIgc3RhcnQKdXNlcm1vZCAtYSAtRyBkb2NrZXIgZWMyLXVzZXIKCiMgSW5zdGFsbCBEb2NrZXIgQ29tcG9zZQpjdXJsIC1MICJodHRwczovL2dpdGh1Yi5jb20vZG9ja2VyL2NvbXBvc2UvcmVsZWFzZXMvbGF0ZXN0L2Rvd25sb2FkL2RvY2tlci1jb21wb3NlLSQodW5hbWUgLXMpLSQodW5hbWUgLW0pIiAtbyAvdXNyL2xvY2FsL2Jpbi9kb2NrZXItY29tcG9zZQpjaG1vZCAreCAvdXNyL2xvY2FsL2Jpbi9kb2NrZXItY29tcG9zZQoKIyBQdWxsIGFuZCBydW4gdGhlIHNwZWNpZmllZCBEb2NrZXIgaW1hZ2UKZG9ja2VyIHB1bGwgb21hcmJkb2MvYXN0cm9sZWFybi1mcm9udDpsYXRlc3QKZG9ja2VyIHJ1biAtZCAtcCA4MDozMDAwIG9tYXJiZG9jL2FzdHJvbGVhcm4tZnJvbnQ6bGF0ZXN0Cg==",
            "vpc_security_group_ids": null
          },
          "sensitive_attributes": [],
          "private": "bnVsbA==",
          "dependencies": [
            "aws_security_group.alb_ingress",
            "aws_security_group.app_ingress_from_alb",
            "aws_security_group.ssh_allowed",
            "aws_vpc.app_vpc",
            "random_id.suffix"
          ]
        }
      ]
    },
    {
      "mode": "managed",
      "type": "aws_lb",
      "name": "backend_alb",
      "provider": "provider[\"registry.terraform.io/hashicorp/aws\"]",
      "instances": [
        {
          "schema_version": 0,
          "attributes": {
            "access_logs": [
              {
                "bucket": "",
                "enabled": false,
                "prefix": ""
              }
            ],
            "arn": "arn:aws:elasticloadbalancing:us-east-1:380561000375:loadbalancer/app/backend-alb-4acd2592/ebd578af1abd5f78",
            "arn_suffix": "app/backend-alb-4acd2592/ebd578af1abd5f78",
            "client_keep_alive": 3600,
            "connection_logs": [
              {
                "bucket": "",
                "enabled": false,
                "prefix": ""
              }
            ],
            "customer_owned_ipv4_pool": "",
            "desync_mitigation_mode": "defensive",
            "dns_name": "internal-backend-alb-4acd2592-1603687757.us-east-1.elb.amazonaws.com",
            "dns_record_client_routing_policy": null,
            "drop_invalid_header_fields": false,
            "enable_cross_zone_load_balancing": true,
            "enable_deletion_protection": false,
            "enable_http2": true,
            "enable_tls_version_and_cipher_suite_headers": false,
            "enable_waf_fail_open": false,
            "enable_xff_client_port": false,
            "enable_zonal_shift": false,
            "enforce_security_group_inbound_rules_on_private_link_traffic": "",
            "id": "arn:aws:elasticloadbalancing:us-east-1:380561000375:loadbalancer/app/backend-alb-4acd2592/ebd578af1abd5f78",
            "idle_timeout": 60,
            "internal": true,
            "ip_address_type": "ipv4",
            "ipam_pools": [],
            "load_balancer_type": "application",
            "name": "backend-alb-4acd2592",
            "name_prefix": "",
            "preserve_host_header": false,
            "security_groups": [
              "sg-0929e0aeb4993d34f"
            ],
            "subnet_mapping": [
              {
                "allocation_id": "",
                "ipv6_address": "",
                "outpost_id": "",
                "private_ipv4_address": "",
                "subnet_id": "subnet-01fc87d375a7e0459"
              },
              {
                "allocation_id": "",
                "ipv6_address": "",
                "outpost_id": "",
                "private_ipv4_address": "",
                "subnet_id": "subnet-0f4bc7d736d5c470e"
              }
            ],
            "subnets": [
              "subnet-01fc87d375a7e0459",
              "subnet-0f4bc7d736d5c470e"
            ],
            "tags": {
              "ManagedBy": "Terraform",
              "Name": "Backend ALB",
              "Project": "Astrolearn"
            },
            "tags_all": {
              "ManagedBy": "Terraform",
              "Name": "Backend ALB",
              "Project": "Astrolearn"
            },
            "timeouts": null,
            "vpc_id": "vpc-0a80aa913064f4e7f",
            "xff_header_processing_mode": "append",
            "zone_id": "Z35SXDOTRQ7X7K"
          },
          "sensitive_attributes": [],
          "private": "eyJlMmJmYjczMC1lY2FhLTExZTYtOGY4OC0zNDM2M2JjN2M0YzAiOnsiY3JlYXRlIjo2MDAwMDAwMDAwMDAsImRlbGV0ZSI6NjAwMDAwMDAwMDAwLCJ1cGRhdGUiOjYwMDAwMDAwMDAwMH19",
          "dependencies": [
            "aws_subnet.public",
            "aws_vpc.app_vpc",
            "random_id.suffix"
          ]
        }
      ]
    },
    {
      "mode": "managed",
      "type": "aws_lb",
      "name": "frontend_alb",
      "provider": "provider[\"registry.terraform.io/hashicorp/aws\"]",
      "instances": [
        {
          "schema_version": 0,
          "attributes": {
            "access_logs": [
              {
                "bucket": "",
                "enabled": false,
                "prefix": ""
              }
            ],
            "arn": "arn:aws:elasticloadbalancing:us-east-1:380561000375:loadbalancer/app/frontend-alb-4acd2592/44a5f54819cc12a0",
            "arn_suffix": "app/frontend-alb-4acd2592/44a5f54819cc12a0",
            "client_keep_alive": 3600,
            "connection_logs": [
              {
                "bucket": "",
                "enabled": false,
                "prefix": ""
              }
            ],
            "customer_owned_ipv4_pool": "",
            "desync_mitigation_mode": "defensive",
            "dns_name": "frontend-alb-4acd2592-1392501339.us-east-1.elb.amazonaws.com",
            "dns_record_client_routing_policy": null,
            "drop_invalid_header_fields": false,
            "enable_cross_zone_load_balancing": true,
            "enable_deletion_protection": false,
            "enable_http2": true,
            "enable_tls_version_and_cipher_suite_headers": false,
            "enable_waf_fail_open": false,
            "enable_xff_client_port": false,
            "enable_zonal_shift": false,
            "enforce_security_group_inbound_rules_on_private_link_traffic": "",
            "id": "arn:aws:elasticloadbalancing:us-east-1:380561000375:loadbalancer/app/frontend-alb-4acd2592/44a5f54819cc12a0",
            "idle_timeout": 60,
            "internal": false,
            "ip_address_type": "ipv4",
            "ipam_pools": [],
            "load_balancer_type": "application",
            "name": "frontend-alb-4acd2592",
            "name_prefix": "",
            "preserve_host_header": false,
            "security_groups": [
              "sg-0c0f2a6b662c16632"
            ],
            "subnet_mapping": [
              {
                "allocation_id": "",
                "ipv6_address": "",
                "outpost_id": "",
                "private_ipv4_address": "",
                "subnet_id": "subnet-01fc87d375a7e0459"
              },
              {
                "allocation_id": "",
                "ipv6_address": "",
                "outpost_id": "",
                "private_ipv4_address": "",
                "subnet_id": "subnet-0f4bc7d736d5c470e"
              }
            ],
            "subnets": [
              "subnet-01fc87d375a7e0459",
              "subnet-0f4bc7d736d5c470e"
            ],
            "tags": {
              "ManagedBy": "Terraform",
              "Name": "Frontend ALB",
              "Project": "Astrolearn"
            },
            "tags_all": {
              "ManagedBy": "Terraform",
              "Name": "Frontend ALB",
              "Project": "Astrolearn"
            },
            "timeouts": null,
            "vpc_id": "vpc-0a80aa913064f4e7f",
            "xff_header_processing_mode": "append",
            "zone_id": "Z35SXDOTRQ7X7K"
          },
          "sensitive_attributes": [],
          "private": "eyJlMmJmYjczMC1lY2FhLTExZTYtOGY4OC0zNDM2M2JjN2M0YzAiOnsiY3JlYXRlIjo2MDAwMDAwMDAwMDAsImRlbGV0ZSI6NjAwMDAwMDAwMDAwLCJ1cGRhdGUiOjYwMDAwMDAwMDAwMH19",
          "dependencies": [
            "aws_security_group.alb_ingress",
            "aws_subnet.public",
            "aws_vpc.app_vpc",
            "random_id.suffix"
          ]
        }
      ]
    },
    {
      "mode": "managed",
      "type": "aws_lb_listener",
      "name": "backend_http_listener",
      "provider": "provider[\"registry.terraform.io/hashicorp/aws\"]",
      "instances": [
        {
          "schema_version": 0,
          "attributes": {
            "alpn_policy": null,
            "arn": "arn:aws:elasticloadbalancing:us-east-1:380561000375:listener/app/backend-alb-4acd2592/ebd578af1abd5f78/72ed707db10c36b8",
            "certificate_arn": null,
            "default_action": [
              {
                "authenticate_cognito": [],
                "authenticate_oidc": [],
                "fixed_response": [],
                "forward": [],
                "order": 1,
                "redirect": [],
                "target_group_arn": "arn:aws:elasticloadbalancing:us-east-1:380561000375:targetgroup/backend-tg-4acd2592/54a0eb2a15e6623a",
                "type": "forward"
              }
            ],
            "id": "arn:aws:elasticloadbalancing:us-east-1:380561000375:listener/app/backend-alb-4acd2592/ebd578af1abd5f78/72ed707db10c36b8",
            "load_balancer_arn": "arn:aws:elasticloadbalancing:us-east-1:380561000375:loadbalancer/app/backend-alb-4acd2592/ebd578af1abd5f78",
            "mutual_authentication": [],
            "port": 8088,
            "protocol": "HTTP",
            "routing_http_request_x_amzn_mtls_clientcert_header_name": null,
            "routing_http_request_x_amzn_mtls_clientcert_issuer_header_name": null,
            "routing_http_request_x_amzn_mtls_clientcert_leaf_header_name": null,
            "routing_http_request_x_amzn_mtls_clientcert_serial_number_header_name": null,
            "routing_http_request_x_amzn_mtls_clientcert_subject_header_name": null,
            "routing_http_request_x_amzn_mtls_clientcert_validity_header_name": null,
            "routing_http_request_x_amzn_tls_cipher_suite_header_name": null,
            "routing_http_request_x_amzn_tls_version_header_name": null,
            "routing_http_response_access_control_allow_credentials_header_value": "",
            "routing_http_response_access_control_allow_headers_header_value": "",
            "routing_http_response_access_control_allow_methods_header_value": "",
            "routing_http_response_access_control_allow_origin_header_value": "",
            "routing_http_response_access_control_expose_headers_header_value": "",
            "routing_http_response_access_control_max_age_header_value": "",
            "routing_http_response_content_security_policy_header_value": "",
            "routing_http_response_server_enabled": false,
            "routing_http_response_strict_transport_security_header_value": "",
            "routing_http_response_x_content_type_options_header_value": "",
            "routing_http_response_x_frame_options_header_value": "",
            "ssl_policy": "",
            "tags": null,
            "tags_all": {},
            "tcp_idle_timeout_seconds": null,
            "timeouts": null
          },
          "sensitive_attributes": [],
          "private": "eyJlMmJmYjczMC1lY2FhLTExZTYtOGY4OC0zNDM2M2JjN2M0YzAiOnsiY3JlYXRlIjozMDAwMDAwMDAwMDAsInVwZGF0ZSI6MzAwMDAwMDAwMDAwfX0=",
          "dependencies": [
            "aws_lb.backend_alb",
            "aws_lb_target_group.backend_tg",
            "aws_subnet.public",
            "aws_vpc.app_vpc",
            "random_id.suffix"
          ]
        }
      ]
    },
    {
      "mode": "managed",
      "type": "aws_lb_listener",
      "name": "frontend_http_listener",
      "provider": "provider[\"registry.terraform.io/hashicorp/aws\"]",
      "instances": [
        {
          "schema_version": 0,
          "attributes": {
            "alpn_policy": null,
            "arn": "arn:aws:elasticloadbalancing:us-east-1:380561000375:listener/app/frontend-alb-4acd2592/44a5f54819cc12a0/5e545f85214a8fb6",
            "certificate_arn": null,
            "default_action": [
              {
                "authenticate_cognito": [],
                "authenticate_oidc": [],
                "fixed_response": [],
                "forward": [],
                "order": 1,
                "redirect": [],
                "target_group_arn": "arn:aws:elasticloadbalancing:us-east-1:380561000375:targetgroup/frontend-tg-4acd2592/24f9a830e108455e",
                "type": "forward"
              }
            ],
            "id": "arn:aws:elasticloadbalancing:us-east-1:380561000375:listener/app/frontend-alb-4acd2592/44a5f54819cc12a0/5e545f85214a8fb6",
            "load_balancer_arn": "arn:aws:elasticloadbalancing:us-east-1:380561000375:loadbalancer/app/frontend-alb-4acd2592/44a5f54819cc12a0",
            "mutual_authentication": [],
            "port": 80,
            "protocol": "HTTP",
            "routing_http_request_x_amzn_mtls_clientcert_header_name": null,
            "routing_http_request_x_amzn_mtls_clientcert_issuer_header_name": null,
            "routing_http_request_x_amzn_mtls_clientcert_leaf_header_name": null,
            "routing_http_request_x_amzn_mtls_clientcert_serial_number_header_name": null,
            "routing_http_request_x_amzn_mtls_clientcert_subject_header_name": null,
            "routing_http_request_x_amzn_mtls_clientcert_validity_header_name": null,
            "routing_http_request_x_amzn_tls_cipher_suite_header_name": null,
            "routing_http_request_x_amzn_tls_version_header_name": null,
            "routing_http_response_access_control_allow_credentials_header_value": "",
            "routing_http_response_access_control_allow_headers_header_value": "",
            "routing_http_response_access_control_allow_methods_header_value": "",
            "routing_http_response_access_control_allow_origin_header_value": "",
            "routing_http_response_access_control_expose_headers_header_value": "",
            "routing_http_response_access_control_max_age_header_value": "",
            "routing_http_response_content_security_policy_header_value": "",
            "routing_http_response_server_enabled": false,
            "routing_http_response_strict_transport_security_header_value": "",
            "routing_http_response_x_content_type_options_header_value": "",
            "routing_http_response_x_frame_options_header_value": "",
            "ssl_policy": "",
            "tags": null,
            "tags_all": {},
            "tcp_idle_timeout_seconds": null,
            "timeouts": null
          },
          "sensitive_attributes": [],
          "private": "eyJlMmJmYjczMC1lY2FhLTExZTYtOGY4OC0zNDM2M2JjN2M0YzAiOnsiY3JlYXRlIjozMDAwMDAwMDAwMDAsInVwZGF0ZSI6MzAwMDAwMDAwMDAwfX0=",
          "dependencies": [
            "aws_lb.frontend_alb",
            "aws_lb_target_group.frontend_tg",
            "aws_security_group.alb_ingress",
            "aws_subnet.public",
            "aws_vpc.app_vpc",
            "random_id.suffix"
          ]
        }
      ]
    },
    {
      "mode": "managed",
      "type": "aws_lb_target_group",
      "name": "backend_tg",
      "provider": "provider[\"registry.terraform.io/hashicorp/aws\"]",
      "instances": [
        {
          "schema_version": 0,
          "attributes": {
            "arn": "arn:aws:elasticloadbalancing:us-east-1:380561000375:targetgroup/backend-tg-4acd2592/54a0eb2a15e6623a",
            "arn_suffix": "targetgroup/backend-tg-4acd2592/54a0eb2a15e6623a",
            "connection_termination": null,
            "deregistration_delay": "300",
            "health_check": [
              {
                "enabled": true,
                "healthy_threshold": 2,
                "interval": 30,
                "matcher": "200",
                "path": "/health",
                "port": "traffic-port",
                "protocol": "HTTP",
                "timeout": 3,
                "unhealthy_threshold": 2
              }
            ],
            "id": "arn:aws:elasticloadbalancing:us-east-1:380561000375:targetgroup/backend-tg-4acd2592/54a0eb2a15e6623a",
            "ip_address_type": "ipv4",
            "lambda_multi_value_headers_enabled": false,
            "load_balancer_arns": [],
            "load_balancing_algorithm_type": "round_robin",
            "load_balancing_anomaly_mitigation": "off",
            "load_balancing_cross_zone_enabled": "use_load_balancer_configuration",
            "name": "backend-tg-4acd2592",
            "name_prefix": "",
            "port": 8088,
            "preserve_client_ip": null,
            "protocol": "HTTP",
            "protocol_version": "HTTP1",
            "proxy_protocol_v2": false,
            "slow_start": 0,
            "stickiness": [
              {
                "cookie_duration": 86400,
                "cookie_name": "",
                "enabled": false,
                "type": "lb_cookie"
              }
            ],
            "tags": {
              "ManagedBy": "Terraform",
              "Name": "Backend Target Group",
              "Project": "Astrolearn"
            },
            "tags_all": {
              "ManagedBy": "Terraform",
              "Name": "Backend Target Group",
              "Project": "Astrolearn"
            },
            "target_failover": [
              {
                "on_deregistration": null,
                "on_unhealthy": null
              }
            ],
            "target_group_health": [
              {
                "dns_failover": [
                  {
                    "minimum_healthy_targets_count": "1",
                    "minimum_healthy_targets_percentage": "off"
                  }
                ],
                "unhealthy_state_routing": [
                  {
                    "minimum_healthy_targets_count": 1,
                    "minimum_healthy_targets_percentage": "off"
                  }
                ]
              }
            ],
            "target_health_state": [
              {
                "enable_unhealthy_connection_termination": null,
                "unhealthy_draining_interval": null
              }
            ],
            "target_type": "instance",
            "vpc_id": "vpc-0a80aa913064f4e7f"
          },
          "sensitive_attributes": [],
          "private": "bnVsbA==",
          "dependencies": [
            "aws_vpc.app_vpc",
            "random_id.suffix"
          ]
        }
      ]
    },
    {
      "mode": "managed",
      "type": "aws_lb_target_group",
      "name": "frontend_tg",
      "provider": "provider[\"registry.terraform.io/hashicorp/aws\"]",
      "instances": [
        {
          "schema_version": 0,
          "attributes": {
            "arn": "arn:aws:elasticloadbalancing:us-east-1:380561000375:targetgroup/frontend-tg-4acd2592/24f9a830e108455e",
            "arn_suffix": "targetgroup/frontend-tg-4acd2592/24f9a830e108455e",
            "connection_termination": null,
            "deregistration_delay": "300",
            "health_check": [
              {
                "enabled": true,
                "healthy_threshold": 2,
                "interval": 30,
                "matcher": "200",
                "path": "/",
                "port": "traffic-port",
                "protocol": "HTTP",
                "timeout": 3,
                "unhealthy_threshold": 2
              }
            ],
            "id": "arn:aws:elasticloadbalancing:us-east-1:380561000375:targetgroup/frontend-tg-4acd2592/24f9a830e108455e",
            "ip_address_type": "ipv4",
            "lambda_multi_value_headers_enabled": false,
            "load_balancer_arns": [],
            "load_balancing_algorithm_type": "round_robin",
            "load_balancing_anomaly_mitigation": "off",
            "load_balancing_cross_zone_enabled": "use_load_balancer_configuration",
            "name": "frontend-tg-4acd2592",
            "name_prefix": "",
            "port": 80,
            "preserve_client_ip": null,
            "protocol": "HTTP",
            "protocol_version": "HTTP1",
            "proxy_protocol_v2": false,
            "slow_start": 0,
            "stickiness": [
              {
                "cookie_duration": 86400,
                "cookie_name": "",
                "enabled": false,
                "type": "lb_cookie"
              }
            ],
            "tags": {
              "ManagedBy": "Terraform",
              "Name": "Frontend Target Group",
              "Project": "Astrolearn"
            },
            "tags_all": {
              "ManagedBy": "Terraform",
              "Name": "Frontend Target Group",
              "Project": "Astrolearn"
            },
            "target_failover": [
              {
                "on_deregistration": null,
                "on_unhealthy": null
              }
            ],
            "target_group_health": [
              {
                "dns_failover": [
                  {
                    "minimum_healthy_targets_count": "1",
                    "minimum_healthy_targets_percentage": "off"
                  }
                ],
                "unhealthy_state_routing": [
                  {
                    "minimum_healthy_targets_count": 1,
                    "minimum_healthy_targets_percentage": "off"
                  }
                ]
              }
            ],
            "target_health_state": [
              {
                "enable_unhealthy_connection_termination": null,
                "unhealthy_draining_interval": null
              }
            ],
            "target_type": "instance",
            "vpc_id": "vpc-0a80aa913064f4e7f"
          },
          "sensitive_attributes": [],
          "private": "bnVsbA==",
          "dependencies": [
            "aws_vpc.app_vpc",
            "random_id.suffix"
          ]
        }
      ]
    },
    {
      "mode": "managed",
      "type": "aws_route_table",
      "name": "public",
      "provider": "provider[\"registry.terraform.io/hashicorp/aws\"]",
      "instances": [
        {
          "schema_version": 0,
          "attributes": {
            "arn": "arn:aws:ec2:us-east-1:380561000375:route-table/rtb-02c9b90ff4b1aaa50",
            "id": "rtb-02c9b90ff4b1aaa50",
            "owner_id": "380561000375",
            "propagating_vgws": [],
            "route": [
              {
                "carrier_gateway_id": "",
                "cidr_block": "0.0.0.0/0",
                "core_network_arn": "",
                "destination_prefix_list_id": "",
                "egress_only_gateway_id": "",
                "gateway_id": "igw-0ed880b802503b6fa",
                "ipv6_cidr_block": "",
                "local_gateway_id": "",
                "nat_gateway_id": "",
                "network_interface_id": "",
                "transit_gateway_id": "",
                "vpc_endpoint_id": "",
                "vpc_peering_connection_id": ""
              }
            ],
            "tags": {
              "ManagedBy": "Terraform",
              "Name": "public-route-table-4acd2592",
              "Project": "Astrolearn"
            },
            "tags_all": {
              "ManagedBy": "Terraform",
              "Name": "public-route-table-4acd2592",
              "Project": "Astrolearn"
            },
            "timeouts": null,
            "vpc_id": "vpc-0a80aa913064f4e7f"
          },
          "sensitive_attributes": [],
          "private": "eyJlMmJmYjczMC1lY2FhLTExZTYtOGY4OC0zNDM2M2JjN2M0YzAiOnsiY3JlYXRlIjozMDAwMDAwMDAwMDAsImRlbGV0ZSI6MzAwMDAwMDAwMDAwLCJ1cGRhdGUiOjEyMDAwMDAwMDAwMH19",
          "dependencies": [
            "aws_internet_gateway.app_igw",
            "aws_vpc.app_vpc",
            "random_id.suffix"
          ]
        }
      ]
    },
    {
      "mode": "managed",
      "type": "aws_route_table_association",
      "name": "public",
      "provider": "provider[\"registry.terraform.io/hashicorp/aws\"]",
      "instances": [
        {
          "index_key": 0,
          "schema_version": 0,
          "attributes": {
            "gateway_id": "",
            "id": "rtbassoc-0ec755934c12a9a9f",
            "route_table_id": "rtb-02c9b90ff4b1aaa50",
            "subnet_id": "subnet-01fc87d375a7e0459",
            "timeouts": null
          },
          "sensitive_attributes": [],
          "private": "eyJlMmJmYjczMC1lY2FhLTExZTYtOGY4OC0zNDM2M2JjN2M0YzAiOnsiY3JlYXRlIjozMDAwMDAwMDAwMDAsImRlbGV0ZSI6MzAwMDAwMDAwMDAwLCJ1cGRhdGUiOjEyMDAwMDAwMDAwMH19",
          "dependencies": [
            "aws_internet_gateway.app_igw",
            "aws_route_table.public",
            "aws_subnet.public",
            "aws_vpc.app_vpc",
            "random_id.suffix"
          ]
        },
        {
          "index_key": 1,
          "schema_version": 0,
          "attributes": {
            "gateway_id": "",
            "id": "rtbassoc-021563a911a558411",
            "route_table_id": "rtb-02c9b90ff4b1aaa50",
            "subnet_id": "subnet-0f4bc7d736d5c470e",
            "timeouts": null
          },
          "sensitive_attributes": [],
          "private": "eyJlMmJmYjczMC1lY2FhLTExZTYtOGY4OC0zNDM2M2JjN2M0YzAiOnsiY3JlYXRlIjozMDAwMDAwMDAwMDAsImRlbGV0ZSI6MzAwMDAwMDAwMDAwLCJ1cGRhdGUiOjEyMDAwMDAwMDAwMH19",
          "dependencies": [
            "aws_internet_gateway.app_igw",
            "aws_route_table.public",
            "aws_subnet.public",
            "aws_vpc.app_vpc",
            "random_id.suffix"
          ]
        }
      ]
    },
    {
      "mode": "managed",
      "type": "aws_security_group",
      "name": "alb_ingress",
      "provider": "provider[\"registry.terraform.io/hashicorp/aws\"]",
      "instances": [
        {
          "schema_version": 1,
          "attributes": {
            "arn": "arn:aws:ec2:us-east-1:380561000375:security-group/sg-0c0f2a6b662c16632",
            "description": "Allow HTTP/HTTPS access to ALBs",
            "egress": [
              {
                "cidr_blocks": [
                  "0.0.0.0/0"
                ],
                "description": "",
                "from_port": 0,
                "ipv6_cidr_blocks": [],
                "prefix_list_ids": [],
                "protocol": "-1",
                "security_groups": [],
                "self": false,
                "to_port": 0
              }
            ],
            "id": "sg-0c0f2a6b662c16632",
            "ingress": [
              {
                "cidr_blocks": [
                  "0.0.0.0/0"
                ],
                "description": "",
                "from_port": 80,
                "ipv6_cidr_blocks": [],
                "prefix_list_ids": [],
                "protocol": "tcp",
                "security_groups": [],
                "self": false,
                "to_port": 80
              }
            ],
            "name": "alb-ingress-4acd2592",
            "name_prefix": "",
            "owner_id": "380561000375",
            "revoke_rules_on_delete": false,
            "tags": {
              "ManagedBy": "Terraform",
              "Name": "ALB Ingress",
              "Project": "Astrolearn"
            },
            "tags_all": {
              "ManagedBy": "Terraform",
              "Name": "ALB Ingress",
              "Project": "Astrolearn"
            },
            "timeouts": null,
            "vpc_id": "vpc-0a80aa913064f4e7f"
          },
          "sensitive_attributes": [],
          "private": "eyJlMmJmYjczMC1lY2FhLTExZTYtOGY4OC0zNDM2M2JjN2M0YzAiOnsiY3JlYXRlIjo2MDAwMDAwMDAwMDAsImRlbGV0ZSI6OTAwMDAwMDAwMDAwfSwic2NoZW1hX3ZlcnNpb24iOiIxIn0=",
          "dependencies": [
            "aws_vpc.app_vpc",
            "random_id.suffix"
          ]
        }
      ]
    },
    {
      "mode": "managed",
      "type": "aws_security_group",
      "name": "app_ingress_from_alb",
      "provider": "provider[\"registry.terraform.io/hashicorp/aws\"]",
      "instances": [
        {
          "schema_version": 1,
          "attributes": {
            "arn": "arn:aws:ec2:us-east-1:380561000375:security-group/sg-0557368627e7cd78d",
            "description": "Allow traffic to app ports from ALBs",
            "egress": [
              {
                "cidr_blocks": [
                  "0.0.0.0/0"
                ],
                "description": "",
                "from_port": 0,
                "ipv6_cidr_blocks": [],
                "prefix_list_ids": [],
                "protocol": "-1",
                "security_groups": [],
                "self": false,
                "to_port": 0
              }
            ],
            "id": "sg-0557368627e7cd78d",
            "ingress": [
              {
                "cidr_blocks": [
                  "0.0.0.0/0"
                ],
                "description": "",
                "from_port": 3000,
                "ipv6_cidr_blocks": [],
                "prefix_list_ids": [],
                "protocol": "tcp",
                "security_groups": [],
                "self": false,
                "to_port": 3000
              },
              {
                "cidr_blocks": [
                  "0.0.0.0/0"
                ],
                "description": "",
                "from_port": 80,
                "ipv6_cidr_blocks": [],
                "prefix_list_ids": [],
                "protocol": "tcp",
                "security_groups": [],
                "self": false,
                "to_port": 80
              },
              {
                "cidr_blocks": [],
                "description": "",
                "from_port": 8088,
                "ipv6_cidr_blocks": [],
                "prefix_list_ids": [],
                "protocol": "tcp",
                "security_groups": [
                  "sg-0c0f2a6b662c16632"
                ],
                "self": false,
                "to_port": 8088
              },
              {
                "cidr_blocks": [],
                "description": "",
                "from_port": 80,
                "ipv6_cidr_blocks": [],
                "prefix_list_ids": [],
                "protocol": "tcp",
                "security_groups": [
                  "sg-0c0f2a6b662c16632"
                ],
                "self": false,
                "to_port": 80
              }
            ],
            "name": "app-ingress-from-alb-4acd2592",
            "name_prefix": "",
            "owner_id": "380561000375",
            "revoke_rules_on_delete": false,
            "tags": {
              "ManagedBy": "Terraform",
              "Name": "App Ingress from ALB",
              "Project": "Astrolearn"
            },
            "tags_all": {
              "ManagedBy": "Terraform",
              "Name": "App Ingress from ALB",
              "Project": "Astrolearn"
            },
            "timeouts": null,
            "vpc_id": "vpc-0a80aa913064f4e7f"
          },
          "sensitive_attributes": [],
          "private": "eyJlMmJmYjczMC1lY2FhLTExZTYtOGY4OC0zNDM2M2JjN2M0YzAiOnsiY3JlYXRlIjo2MDAwMDAwMDAwMDAsImRlbGV0ZSI6OTAwMDAwMDAwMDAwfSwic2NoZW1hX3ZlcnNpb24iOiIxIn0=",
          "dependencies": [
            "aws_security_group.alb_ingress",
            "aws_vpc.app_vpc",
            "random_id.suffix"
          ]
        }
      ]
    },
    {
      "mode": "managed",
      "type": "aws_security_group",
      "name": "rds_ingress_from_backend",
      "provider": "provider[\"registry.terraform.io/hashicorp/aws\"]",
      "instances": [
        {
          "schema_version": 1,
          "attributes": {
            "arn": "arn:aws:ec2:us-east-1:380561000375:security-group/sg-07c1012552e3ff21d",
            "description": "Allow DB traffic from Backend EC2s",
            "egress": [
              {
                "cidr_blocks": [
                  "0.0.0.0/0"
                ],
                "description": "",
                "from_port": 0,
                "ipv6_cidr_blocks": [],
                "prefix_list_ids": [],
                "protocol": "-1",
                "security_groups": [],
                "self": false,
                "to_port": 0
              }
            ],
            "id": "sg-07c1012552e3ff21d",
            "ingress": [
              {
                "cidr_blocks": [],
                "description": "",
                "from_port": 5432,
                "ipv6_cidr_blocks": [],
                "prefix_list_ids": [],
                "protocol": "tcp",
                "security_groups": [
                  "sg-0557368627e7cd78d"
                ],
                "self": false,
                "to_port": 5432
              }
            ],
            "name": "rds-ingress-from-backend-4acd2592",
            "name_prefix": "",
            "owner_id": "380561000375",
            "revoke_rules_on_delete": false,
            "tags": {
              "ManagedBy": "Terraform",
              "Name": "RDS Ingress from Backend",
              "Project": "Astrolearn"
            },
            "tags_all": {
              "ManagedBy": "Terraform",
              "Name": "RDS Ingress from Backend",
              "Project": "Astrolearn"
            },
            "timeouts": null,
            "vpc_id": "vpc-0a80aa913064f4e7f"
          },
          "sensitive_attributes": [],
          "private": "eyJlMmJmYjczMC1lY2FhLTExZTYtOGY4OC0zNDM2M2JjN2M0YzAiOnsiY3JlYXRlIjo2MDAwMDAwMDAwMDAsImRlbGV0ZSI6OTAwMDAwMDAwMDAwfSwic2NoZW1hX3ZlcnNpb24iOiIxIn0=",
          "dependencies": [
            "aws_security_group.alb_ingress",
            "aws_security_group.app_ingress_from_alb",
            "aws_vpc.app_vpc",
            "random_id.suffix"
          ]
        }
      ]
    },
    {
      "mode": "managed",
      "type": "aws_security_group",
      "name": "ssh_allowed",
      "provider": "provider[\"registry.terraform.io/hashicorp/aws\"]",
      "instances": [
        {
          "schema_version": 1,
          "attributes": {
            "arn": "arn:aws:ec2:us-east-1:380561000375:security-group/sg-0f5bf637a9b512052",
            "description": "Allow SSH access",
            "egress": [
              {
                "cidr_blocks": [
                  "0.0.0.0/0"
                ],
                "description": "",
                "from_port": 0,
                "ipv6_cidr_blocks": [],
                "prefix_list_ids": [],
                "protocol": "-1",
                "security_groups": [],
                "self": false,
                "to_port": 0
              }
            ],
            "id": "sg-0f5bf637a9b512052",
            "ingress": [
              {
                "cidr_blocks": [
                  "0.0.0.0/0"
                ],
                "description": "",
                "from_port": 22,
                "ipv6_cidr_blocks": [],
                "prefix_list_ids": [],
                "protocol": "tcp",
                "security_groups": [],
                "self": false,
                "to_port": 22
              }
            ],
            "name": "ssh-access-4acd2592",
            "name_prefix": "",
            "owner_id": "380561000375",
            "revoke_rules_on_delete": false,
            "tags": {
              "ManagedBy": "Terraform",
              "Name": "Allow SSH Access",
              "Project": "Astrolearn"
            },
            "tags_all": {
              "ManagedBy": "Terraform",
              "Name": "Allow SSH Access",
              "Project": "Astrolearn"
            },
            "timeouts": null,
            "vpc_id": "vpc-0a80aa913064f4e7f"
          },
          "sensitive_attributes": [],
          "private": "eyJlMmJmYjczMC1lY2FhLTExZTYtOGY4OC0zNDM2M2JjN2M0YzAiOnsiY3JlYXRlIjo2MDAwMDAwMDAwMDAsImRlbGV0ZSI6OTAwMDAwMDAwMDAwfSwic2NoZW1hX3ZlcnNpb24iOiIxIn0=",
          "dependencies": [
            "aws_vpc.app_vpc",
            "random_id.suffix"
          ]
        }
      ]
    },
    {
      "mode": "managed",
      "type": "aws_subnet",
      "name": "private",
      "provider": "provider[\"registry.terraform.io/hashicorp/aws\"]",
      "instances": [
        {
          "index_key": 0,
          "schema_version": 1,
          "attributes": {
            "arn": "arn:aws:ec2:us-east-1:380561000375:subnet/subnet-047d4514b44e639d3",
            "assign_ipv6_address_on_creation": false,
            "availability_zone": "us-east-1a",
            "availability_zone_id": "use1-az6",
            "cidr_block": "10.0.2.0/24",
            "customer_owned_ipv4_pool": "",
            "enable_dns64": false,
            "enable_lni_at_device_index": 0,
            "enable_resource_name_dns_a_record_on_launch": false,
            "enable_resource_name_dns_aaaa_record_on_launch": false,
            "id": "subnet-047d4514b44e639d3",
            "ipv6_cidr_block": "",
            "ipv6_cidr_block_association_id": "",
            "ipv6_native": false,
            "map_customer_owned_ip_on_launch": false,
            "map_public_ip_on_launch": false,
            "outpost_arn": "",
            "owner_id": "380561000375",
            "private_dns_hostname_type_on_launch": "ip-name",
            "tags": {
              "ManagedBy": "Terraform",
              "Name": "private-subnet-us-east-1a-4acd2592",
              "Project": "Astrolearn"
            },
            "tags_all": {
              "ManagedBy": "Terraform",
              "Name": "private-subnet-us-east-1a-4acd2592",
              "Project": "Astrolearn"
            },
            "timeouts": null,
            "vpc_id": "vpc-0a80aa913064f4e7f"
          },
          "sensitive_attributes": [],
          "private": "eyJlMmJmYjczMC1lY2FhLTExZTYtOGY4OC0zNDM2M2JjN2M0YzAiOnsiY3JlYXRlIjo2MDAwMDAwMDAwMDAsImRlbGV0ZSI6MTIwMDAwMDAwMDAwMH0sInNjaGVtYV92ZXJzaW9uIjoiMSJ9",
          "dependencies": [
            "aws_vpc.app_vpc",
            "random_id.suffix"
          ]
        },
        {
          "index_key": 1,
          "schema_version": 1,
          "attributes": {
            "arn": "arn:aws:ec2:us-east-1:380561000375:subnet/subnet-0848e19dff4a98d00",
            "assign_ipv6_address_on_creation": false,
            "availability_zone": "us-east-1b",
            "availability_zone_id": "use1-az1",
            "cidr_block": "10.0.3.0/24",
            "customer_owned_ipv4_pool": "",
            "enable_dns64": false,
            "enable_lni_at_device_index": 0,
            "enable_resource_name_dns_a_record_on_launch": false,
            "enable_resource_name_dns_aaaa_record_on_launch": false,
            "id": "subnet-0848e19dff4a98d00",
            "ipv6_cidr_block": "",
            "ipv6_cidr_block_association_id": "",
            "ipv6_native": false,
            "map_customer_owned_ip_on_launch": false,
            "map_public_ip_on_launch": false,
            "outpost_arn": "",
            "owner_id": "380561000375",
            "private_dns_hostname_type_on_launch": "ip-name",
            "tags": {
              "ManagedBy": "Terraform",
              "Name": "private-subnet-us-east-1b-4acd2592",
              "Project": "Astrolearn"
            },
            "tags_all": {
              "ManagedBy": "Terraform",
              "Name": "private-subnet-us-east-1b-4acd2592",
              "Project": "Astrolearn"
            },
            "timeouts": null,
            "vpc_id": "vpc-0a80aa913064f4e7f"
          },
          "sensitive_attributes": [],
          "private": "eyJlMmJmYjczMC1lY2FhLTExZTYtOGY4OC0zNDM2M2JjN2M0YzAiOnsiY3JlYXRlIjo2MDAwMDAwMDAwMDAsImRlbGV0ZSI6MTIwMDAwMDAwMDAwMH0sInNjaGVtYV92ZXJzaW9uIjoiMSJ9",
          "dependencies": [
            "aws_vpc.app_vpc",
            "random_id.suffix"
          ]
        }
      ]
    },
    {
      "mode": "managed",
      "type": "aws_subnet",
      "name": "public",
      "provider": "provider[\"registry.terraform.io/hashicorp/aws\"]",
      "instances": [
        {
          "index_key": 0,
          "schema_version": 1,
          "attributes": {
            "arn": "arn:aws:ec2:us-east-1:380561000375:subnet/subnet-01fc87d375a7e0459",
            "assign_ipv6_address_on_creation": false,
            "availability_zone": "us-east-1a",
            "availability_zone_id": "use1-az6",
            "cidr_block": "10.0.0.0/24",
            "customer_owned_ipv4_pool": "",
            "enable_dns64": false,
            "enable_lni_at_device_index": 0,
            "enable_resource_name_dns_a_record_on_launch": false,
            "enable_resource_name_dns_aaaa_record_on_launch": false,
            "id": "subnet-01fc87d375a7e0459",
            "ipv6_cidr_block": "",
            "ipv6_cidr_block_association_id": "",
            "ipv6_native": false,
            "map_customer_owned_ip_on_launch": false,
            "map_public_ip_on_launch": true,
            "outpost_arn": "",
            "owner_id": "380561000375",
            "private_dns_hostname_type_on_launch": "ip-name",
            "tags": {
              "ManagedBy": "Terraform",
              "Name": "public-subnet-us-east-1a-4acd2592",
              "Project": "Astrolearn"
            },
            "tags_all": {
              "ManagedBy": "Terraform",
              "Name": "public-subnet-us-east-1a-4acd2592",
              "Project": "Astrolearn"
            },
            "timeouts": null,
            "vpc_id": "vpc-0a80aa913064f4e7f"
          },
          "sensitive_attributes": [],
          "private": "eyJlMmJmYjczMC1lY2FhLTExZTYtOGY4OC0zNDM2M2JjN2M0YzAiOnsiY3JlYXRlIjo2MDAwMDAwMDAwMDAsImRlbGV0ZSI6MTIwMDAwMDAwMDAwMH0sInNjaGVtYV92ZXJzaW9uIjoiMSJ9",
          "dependencies": [
            "aws_vpc.app_vpc",
            "random_id.suffix"
          ]
        },
        {
          "index_key": 1,
          "schema_version": 1,
          "attributes": {
            "arn": "arn:aws:ec2:us-east-1:380561000375:subnet/subnet-0f4bc7d736d5c470e",
            "assign_ipv6_address_on_creation": false,
            "availability_zone": "us-east-1b",
            "availability_zone_id": "use1-az1",
            "cidr_block": "10.0.1.0/24",
            "customer_owned_ipv4_pool": "",
            "enable_dns64": false,
            "enable_lni_at_device_index": 0,
            "enable_resource_name_dns_a_record_on_launch": false,
            "enable_resource_name_dns_aaaa_record_on_launch": false,
            "id": "subnet-0f4bc7d736d5c470e",
            "ipv6_cidr_block": "",
            "ipv6_cidr_block_association_id": "",
            "ipv6_native": false,
            "map_customer_owned_ip_on_launch": false,
            "map_public_ip_on_launch": true,
            "outpost_arn": "",
            "owner_id": "380561000375",
            "private_dns_hostname_type_on_launch": "ip-name",
            "tags": {
              "ManagedBy": "Terraform",
              "Name": "public-subnet-us-east-1b-4acd2592",
              "Project": "Astrolearn"
            },
            "tags_all": {
              "ManagedBy": "Terraform",
              "Name": "public-subnet-us-east-1b-4acd2592",
              "Project": "Astrolearn"
            },
            "timeouts": null,
            "vpc_id": "vpc-0a80aa913064f4e7f"
          },
          "sensitive_attributes": [],
          "private": "eyJlMmJmYjczMC1lY2FhLTExZTYtOGY4OC0zNDM2M2JjN2M0YzAiOnsiY3JlYXRlIjo2MDAwMDAwMDAwMDAsImRlbGV0ZSI6MTIwMDAwMDAwMDAwMH0sInNjaGVtYV92ZXJzaW9uIjoiMSJ9",
          "dependencies": [
            "aws_vpc.app_vpc",
            "random_id.suffix"
          ]
        }
      ]
    },
    {
      "mode": "managed",
      "type": "aws_vpc",
      "name": "app_vpc",
      "provider": "provider[\"registry.terraform.io/hashicorp/aws\"]",
      "instances": [
        {
          "schema_version": 1,
          "attributes": {
            "arn": "arn:aws:ec2:us-east-1:380561000375:vpc/vpc-0a80aa913064f4e7f",
            "assign_generated_ipv6_cidr_block": false,
            "cidr_block": "10.0.0.0/16",
            "default_network_acl_id": "acl-0031e65fc23079415",
            "default_route_table_id": "rtb-0cd3dd45e647707d2",
            "default_security_group_id": "sg-0929e0aeb4993d34f",
            "dhcp_options_id": "dopt-0d48b1e2f8d89a91b",
            "enable_dns_hostnames": true,
            "enable_dns_support": true,
            "enable_network_address_usage_metrics": false,
            "id": "vpc-0a80aa913064f4e7f",
            "instance_tenancy": "default",
            "ipv4_ipam_pool_id": null,
            "ipv4_netmask_length": null,
            "ipv6_association_id": "",
            "ipv6_cidr_block": "",
            "ipv6_cidr_block_network_border_group": "",
            "ipv6_ipam_pool_id": "",
            "ipv6_netmask_length": 0,
            "main_route_table_id": "rtb-0cd3dd45e647707d2",
            "owner_id": "380561000375",
            "tags": {
              "ManagedBy": "Terraform",
              "Name": "app-vpc-4acd2592",
              "Project": "Astrolearn"
            },
            "tags_all": {
              "ManagedBy": "Terraform",
              "Name": "app-vpc-4acd2592",
              "Project": "Astrolearn"
            }
          },
          "sensitive_attributes": [],
          "private": "eyJzY2hlbWFfdmVyc2lvbiI6IjEifQ==",
          "dependencies": [
            "random_id.suffix"
          ]
        }
      ]
    },
    {
      "mode": "managed",
      "type": "local_file",
      "name": "ansible_inventory",
      "provider": "provider[\"registry.terraform.io/hashicorp/local\"]",
      "instances": [
        {
          "schema_version": 0,
          "attributes": {
            "content": "[frontend]\r\n10.0.0.188 ansible_host=18.212.122.162 ansible_user=ec2-user\r\n\r\n[backend]\r\n10.0.0.235 ansible_host=52.205.110.146 ansible_user=ec2-user\r\n\r\n[all:vars]\r\nansible_ssh_private_key_file=./ansible/ssh_key.pem\r\nansible_ssh_common_args='-o StrictHostKeyChecking=no'\r\n",
            "content_base64": null,
            "content_base64sha256": "IPwHlASlXAhp3+QQvt2lwy/I11A0E7UogjqxWbeTO6c=",
            "content_base64sha512": "24Wrd3IR7KasXGT/kusv8oVKJcQvmh9b5YMZAz1vWL1ZC6s2akXBtGuMOGf1DOVPgL/F+Hxf/1u6tvabrkRa7g==",
            "content_md5": "cd2613310d77d2bef9a361fa63690467",
            "content_sha1": "1633b835e6057846167cbf62f0e22954fd1ed1bb",
            "content_sha256": "20fc079404a55c0869dfe410bedda5c32fc8d7503413b528823ab159b7933ba7",
            "content_sha512": "db85ab777211eca6ac5c64ff92eb2ff2854a25c42f9a1f5be58319033d6f58bd590bab366a45c1b46b8c3867f50ce54f80bfc5f87c5fff5bbab6f69bae445aee",
            "directory_permission": "0777",
            "file_permission": "0777",
            "filename": "./ansible/inventory.ini",
            "id": "1633b835e6057846167cbf62f0e22954fd1ed1bb",
            "sensitive_content": null,
            "source": null
          },
          "sensitive_attributes": [
            [
              {
                "type": "get_attr",
                "value": "sensitive_content"
              }
            ]
          ],
          "dependencies": [
            "aws_autoscaling_group.backend_asg",
            "aws_autoscaling_group.frontend_asg",
            "aws_launch_template.backend_template",
            "aws_launch_template.frontend_template",
            "aws_lb_target_group.backend_tg",
            "aws_lb_target_group.frontend_tg",
            "aws_security_group.alb_ingress",
            "aws_security_group.app_ingress_from_alb",
            "aws_security_group.ssh_allowed",
            "aws_subnet.public",
            "aws_vpc.app_vpc",
            "data.aws_instances.backend_instances",
            "data.aws_instances.frontend_instances",
            "random_id.suffix",
            "time_sleep.wait_for_instances"
          ]
        }
      ]
    },
    {
      "mode": "managed",
      "type": "random_id",
      "name": "suffix",
      "provider": "provider[\"registry.terraform.io/hashicorp/random\"]",
      "instances": [
        {
          "schema_version": 0,
          "attributes": {
            "b64_std": "Ss0lkg==",
            "b64_url": "Ss0lkg",
            "byte_length": 4,
            "dec": "1254958482",
            "hex": "4acd2592",
            "id": "Ss0lkg",
            "keepers": null,
            "prefix": null
          },
          "sensitive_attributes": []
        }
      ]
    },
    {
      "mode": "managed",
      "type": "time_sleep",
      "name": "wait_for_instances",
      "provider": "provider[\"registry.terraform.io/hashicorp/time\"]",
      "instances": [
        {
          "schema_version": 0,
          "attributes": {
            "create_duration": "90s",
            "destroy_duration": null,
            "id": "2025-05-06T13:53:49Z",
            "triggers": null
          },
          "sensitive_attributes": [],
          "dependencies": [
            "aws_autoscaling_group.backend_asg",
            "aws_autoscaling_group.frontend_asg",
            "aws_launch_template.backend_template",
            "aws_launch_template.frontend_template",
            "aws_lb_target_group.backend_tg",
            "aws_lb_target_group.frontend_tg",
            "aws_security_group.alb_ingress",
            "aws_security_group.app_ingress_from_alb",
            "aws_security_group.ssh_allowed",
            "aws_subnet.public",
            "aws_vpc.app_vpc",
            "random_id.suffix"
          ]
        }
      ]
    }
  ],
  "check_results": null
}
