{
  "version": 4,
  "terraform_version": "1.11.4",
  "serial": 328,
  "lineage": "b706cb41-0767-ede1-8e2e-74edda223f14",
  "outputs": {},
  "resources": [
    {
      "mode": "managed",
      "type": "aws_vpc",
      "name": "app_vpc",
      "provider": "provider[\"registry.terraform.io/hashicorp/aws\"]",
      "instances": [
        {
          "schema_version": 1,
          "attributes": {
            "arn": "arn:aws:ec2:us-east-1:380561000375:vpc/vpc-0a3e443200854357f",
            "assign_generated_ipv6_cidr_block": false,
            "cidr_block": "10.0.0.0/16",
            "default_network_acl_id": "acl-089da8e93f79ca06a",
            "default_route_table_id": "rtb-0c0f9d9c1b5f57744",
            "default_security_group_id": "sg-062a6e0c5c2840a36",
            "dhcp_options_id": "dopt-0d48b1e2f8d89a91b",
            "enable_dns_hostnames": true,
            "enable_dns_support": true,
            "enable_network_address_usage_metrics": false,
            "id": "vpc-0a3e443200854357f",
            "instance_tenancy": "default",
            "ipv4_ipam_pool_id": null,
            "ipv4_netmask_length": null,
            "ipv6_association_id": "",
            "ipv6_cidr_block": "",
            "ipv6_cidr_block_network_border_group": "",
            "ipv6_ipam_pool_id": "",
            "ipv6_netmask_length": 0,
            "main_route_table_id": "rtb-0c0f9d9c1b5f57744",
            "owner_id": "380561000375",
            "tags": {
              "ManagedBy": "Terraform",
              "Name": "app-vpc-fd4e20e7",
              "Project": "Astrolearn"
            },
            "tags_all": {
              "ManagedBy": "Terraform",
              "Name": "app-vpc-fd4e20e7",
              "Project": "Astrolearn"
            }
          },
          "sensitive_attributes": [],
          "private": "eyJzY2hlbWFfdmVyc2lvbiI6IjEifQ==",
          "dependencies": [
            "random_id.suffix"
          ]
        }
      ]
    },
    {
      "mode": "managed",
      "type": "random_id",
      "name": "suffix",
      "provider": "provider[\"registry.terraform.io/hashicorp/random\"]",
      "instances": [
        {
          "schema_version": 0,
          "attributes": {
            "b64_std": "/U4g5w==",
            "b64_url": "_U4g5w",
            "byte_length": 4,
            "dec": "4249755879",
            "hex": "fd4e20e7",
            "id": "_U4g5w",
            "keepers": null,
            "prefix": null
          },
          "sensitive_attributes": []
        }
      ]
    }
  ],
  "check_results": null
}
